// !$*UTF8*$!
{
	archiveVersion = 1;
	classes = {
	};
	objectVersion = 50;
	objects = {

/* Begin PBXBuildFile section */
		1B5747B02334965600F8C9A7 /* AppDelegate.swift in Sources */ = {isa = PBXBuildFile; fileRef = 1B5747AF2334965600F8C9A7 /* AppDelegate.swift */; };
		1B5747B22334965600F8C9A7 /* POIsTableViewController.swift in Sources */ = {isa = PBXBuildFile; fileRef = 1B5747B12334965600F8C9A7 /* POIsTableViewController.swift */; };
		1B5747B52334965600F8C9A7 /* Main.storyboard in Resources */ = {isa = PBXBuildFile; fileRef = 1B5747B32334965600F8C9A7 /* Main.storyboard */; };
		1B5747B72334965700F8C9A7 /* Assets.xcassets in Resources */ = {isa = PBXBuildFile; fileRef = 1B5747B62334965700F8C9A7 /* Assets.xcassets */; };
		1B5747BA2334965700F8C9A7 /* LaunchScreen.storyboard in Resources */ = {isa = PBXBuildFile; fileRef = 1B5747B82334965700F8C9A7 /* LaunchScreen.storyboard */; };
		1BB92BCE2387828600C6A309 /* AddPOIViewController.swift in Sources */ = {isa = PBXBuildFile; fileRef = 1BB92BCD2387828600C6A309 /* AddPOIViewController.swift */; };
		1BB92BD0238782A100C6A309 /* POIDetailViewController.swift in Sources */ = {isa = PBXBuildFile; fileRef = 1BB92BCF238782A100C6A309 /* POIDetailViewController.swift */; };
		1BB92BD3238783C400C6A309 /* POI.swift in Sources */ = {isa = PBXBuildFile; fileRef = 1BB92BD2238783C400C6A309 /* POI.swift */; };
		1BB92BD62387850900C6A309 /* POITableViewCell.swift in Sources */ = {isa = PBXBuildFile; fileRef = 1BB92BD52387850900C6A309 /* POITableViewCell.swift */; };
/* End PBXBuildFile section */

/* Begin PBXFileReference section */
		1B5747AC2334965600F8C9A7 /* GrailDiaryPart1.app */ = {isa = PBXFileReference; explicitFileType = wrapper.application; includeInIndex = 0; path = GrailDiaryPart1.app; sourceTree = BUILT_PRODUCTS_DIR; };
		1B5747AF2334965600F8C9A7 /* AppDelegate.swift */ = {isa = PBXFileReference; lastKnownFileType = sourcecode.swift; path = AppDelegate.swift; sourceTree = "<group>"; };
		1B5747B12334965600F8C9A7 /* POIsTableViewController.swift */ = {isa = PBXFileReference; lastKnownFileType = sourcecode.swift; path = POIsTableViewController.swift; sourceTree = "<group>"; };
		1B5747B42334965600F8C9A7 /* Base */ = {isa = PBXFileReference; lastKnownFileType = file.storyboard; name = Base; path = Base.lproj/Main.storyboard; sourceTree = "<group>"; };
		1B5747B62334965700F8C9A7 /* Assets.xcassets */ = {isa = PBXFileReference; lastKnownFileType = folder.assetcatalog; path = Assets.xcassets; sourceTree = "<group>"; };
		1B5747B92334965700F8C9A7 /* Base */ = {isa = PBXFileReference; lastKnownFileType = file.storyboard; name = Base; path = Base.lproj/LaunchScreen.storyboard; sourceTree = "<group>"; };
		1B5747BB2334965700F8C9A7 /* Info.plist */ = {isa = PBXFileReference; lastKnownFileType = text.plist.xml; path = Info.plist; sourceTree = "<group>"; };
		1BB92BCD2387828600C6A309 /* AddPOIViewController.swift */ = {isa = PBXFileReference; lastKnownFileType = sourcecode.swift; path = AddPOIViewController.swift; sourceTree = "<group>"; };
		1BB92BCF238782A100C6A309 /* POIDetailViewController.swift */ = {isa = PBXFileReference; lastKnownFileType = sourcecode.swift; path = POIDetailViewController.swift; sourceTree = "<group>"; };
		1BB92BD2238783C400C6A309 /* POI.swift */ = {isa = PBXFileReference; lastKnownFileType = sourcecode.swift; path = POI.swift; sourceTree = "<group>"; };
		1BB92BD52387850900C6A309 /* POITableViewCell.swift */ = {isa = PBXFileReference; lastKnownFileType = sourcecode.swift; path = POITableViewCell.swift; sourceTree = "<group>"; };
/* End PBXFileReference section */

/* Begin PBXFrameworksBuildPhase section */
		1B5747A92334965600F8C9A7 /* Frameworks */ = {
			isa = PBXFrameworksBuildPhase;
			buildActionMask = 2147483647;
			files = (
			);
			runOnlyForDeploymentPostprocessing = 0;
		};
/* End PBXFrameworksBuildPhase section */

/* Begin PBXGroup section */
		1B5747A32334965600F8C9A7 = {
			isa = PBXGroup;
			children = (
				1B5747AE2334965600F8C9A7 /* GrailDiaryPart1 */,
				1B5747AD2334965600F8C9A7 /* Products */,
			);
			sourceTree = "<group>";
		};
		1B5747AD2334965600F8C9A7 /* Products */ = {
			isa = PBXGroup;
			children = (
				1B5747AC2334965600F8C9A7 /* GrailDiaryPart1.app */,
			);
			name = Products;
			sourceTree = "<group>";
		};
		1B5747AE2334965600F8C9A7 /* GrailDiaryPart1 */ = {
			isa = PBXGroup;
			children = (
				1BB92BD4238784E500C6A309 /* Views */,
				1BB92BD1238783A000C6A309 /* Models */,
				1BB92BCA238780CC00C6A309 /* ViewControllers */,
				1BB92BCB2387811800C6A309 /* Storyboards */,
				1BB92BCC2387813D00C6A309 /* Resources */,
				1B5747BB2334965700F8C9A7 /* Info.plist */,
			);
			path = GrailDiaryPart1;
			sourceTree = "<group>";
		};
		1BB92BCA238780CC00C6A309 /* ViewControllers */ = {
			isa = PBXGroup;
			children = (
				1B5747B12334965600F8C9A7 /* POIsTableViewController.swift */,
				1BB92BCD2387828600C6A309 /* AddPOIViewController.swift */,
				1BB92BCF238782A100C6A309 /* POIDetailViewController.swift */,
			);
			path = ViewControllers;
			sourceTree = "<group>";
		};
		1BB92BCB2387811800C6A309 /* Storyboards */ = {
			isa = PBXGroup;
			children = (
				1B5747B32334965600F8C9A7 /* Main.storyboard */,
				1B5747B82334965700F8C9A7 /* LaunchScreen.storyboard */,
			);
			path = Storyboards;
			sourceTree = "<group>";
		};
		1BB92BCC2387813D00C6A309 /* Resources */ = {
			isa = PBXGroup;
			children = (
				1B5747B62334965700F8C9A7 /* Assets.xcassets */,
				1B5747AF2334965600F8C9A7 /* AppDelegate.swift */,
			);
			path = Resources;
			sourceTree = "<group>";
		};
		1BB92BD1238783A000C6A309 /* Models */ = {
			isa = PBXGroup;
			children = (
				1BB92BD2238783C400C6A309 /* POI.swift */,
			);
			path = Models;
			sourceTree = "<group>";
		};
		1BB92BD4238784E500C6A309 /* Views */ = {
			isa = PBXGroup;
			children = (
				1BB92BD52387850900C6A309 /* POITableViewCell.swift */,
			);
			path = Views;
			sourceTree = "<group>";
		};
/* End PBXGroup section */

/* Begin PBXNativeTarget section */
		1B5747AB2334965600F8C9A7 /* GrailDiaryPart1 */ = {
			isa = PBXNativeTarget;
			buildConfigurationList = 1B5747BE2334965700F8C9A7 /* Build configuration list for PBXNativeTarget "GrailDiaryPart1" */;
			buildPhases = (
				1B5747A82334965600F8C9A7 /* Sources */,
				1B5747A92334965600F8C9A7 /* Frameworks */,
				1B5747AA2334965600F8C9A7 /* Resources */,
			);
			buildRules = (
			);
			dependencies = (
			);
			name = GrailDiaryPart1;
			productName = GrailDiaryPart1;
			productReference = 1B5747AC2334965600F8C9A7 /* GrailDiaryPart1.app */;
			productType = "com.apple.product-type.application";
		};
/* End PBXNativeTarget section */

/* Begin PBXProject section */
		1B5747A42334965600F8C9A7 /* Project object */ = {
			isa = PBXProject;
			attributes = {
				LastSwiftUpdateCheck = 1030;
				LastUpgradeCheck = 1030;
				ORGANIZATIONNAME = "Chris Price";
				TargetAttributes = {
					1B5747AB2334965600F8C9A7 = {
						CreatedOnToolsVersion = 10.3;
					};
				};
			};
			buildConfigurationList = 1B5747A72334965600F8C9A7 /* Build configuration list for PBXProject "GrailDiaryPart1" */;
			compatibilityVersion = "Xcode 9.3";
			developmentRegion = en;
			hasScannedForEncodings = 0;
			knownRegions = (
				en,
				Base,
			);
			mainGroup = 1B5747A32334965600F8C9A7;
			productRefGroup = 1B5747AD2334965600F8C9A7 /* Products */;
			projectDirPath = "";
			projectRoot = "";
			targets = (
				1B5747AB2334965600F8C9A7 /* GrailDiaryPart1 */,
			);
		};
/* End PBXProject section */

/* Begin PBXResourcesBuildPhase section */
		1B5747AA2334965600F8C9A7 /* Resources */ = {
			isa = PBXResourcesBuildPhase;
			buildActionMask = 2147483647;
			files = (
				1B5747BA2334965700F8C9A7 /* LaunchScreen.storyboard in Resources */,
				1B5747B72334965700F8C9A7 /* Assets.xcassets in Resources */,
				1B5747B52334965600F8C9A7 /* Main.storyboard in Resources */,
			);
			runOnlyForDeploymentPostprocessing = 0;
		};
/* End PBXResourcesBuildPhase section */

/* Begin PBXSourcesBuildPhase section */
		1B5747A82334965600F8C9A7 /* Sources */ = {
			isa = PBXSourcesBuildPhase;
			buildActionMask = 2147483647;
			files = (
				1B5747B22334965600F8C9A7 /* POIsTableViewController.swift in Sources */,
				1BB92BD3238783C400C6A309 /* POI.swift in Sources */,
				1BB92BCE2387828600C6A309 /* AddPOIViewController.swift in Sources */,
				1BB92BD0238782A100C6A309 /* POIDetailViewController.swift in Sources */,
				1BB92BD62387850900C6A309 /* POITableViewCell.swift in Sources */,
				1B5747B02334965600F8C9A7 /* AppDelegate.swift in Sources */,
			);
			runOnlyForDeploymentPostprocessing = 0;
		};
/* End PBXSourcesBuildPhase section */

/* Begin PBXVariantGroup section */
		1B5747B32334965600F8C9A7 /* Main.storyboard */ = {
			isa = PBXVariantGroup;
			children = (
				1B5747B42334965600F8C9A7 /* Base */,
			);
			name = Main.storyboard;
			sourceTree = "<group>";
		};
		1B5747B82334965700F8C9A7 /* LaunchScreen.storyboard */ = {
			isa = PBXVariantGroup;
			children = (
				1B5747B92334965700F8C9A7 /* Base */,
			);
			name = LaunchScreen.storyboard;
			sourceTree = "<group>";
		};
/* End PBXVariantGroup section */

/* Begin XCBuildConfiguration section */
		1B5747BC2334965700F8C9A7 /* Debug */ = {
			isa = XCBuildConfiguration;
			buildSettings = {
				ALWAYS_SEARCH_USER_PATHS = NO;
				CLANG_ANALYZER_NONNULL = YES;
				CLANG_ANALYZER_NUMBER_OBJECT_CONVERSION = YES_AGGRESSIVE;
				CLANG_CXX_LANGUAGE_STANDARD = "gnu++14";
				CLANG_CXX_LIBRARY = "libc++";
				CLANG_ENABLE_MODULES = YES;
				CLANG_ENABLE_OBJC_ARC = YES;
				CLANG_ENABLE_OBJC_WEAK = YES;
				CLANG_WARN_BLOCK_CAPTURE_AUTORELEASING = YES;
				CLANG_WARN_BOOL_CONVERSION = YES;
				CLANG_WARN_COMMA = YES;
				CLANG_WARN_CONSTANT_CONVERSION = YES;
				CLANG_WARN_DEPRECATED_OBJC_IMPLEMENTATIONS = YES;
				CLANG_WARN_DIRECT_OBJC_ISA_USAGE = YES_ERROR;
				CLANG_WARN_DOCUMENTATION_COMMENTS = YES;
				CLANG_WARN_EMPTY_BODY = YES;
				CLANG_WARN_ENUM_CONVERSION = YES;
				CLANG_WARN_INFINITE_RECURSION = YES;
				CLANG_WARN_INT_CONVERSION = YES;
				CLANG_WARN_NON_LITERAL_NULL_CONVERSION = YES;
				CLANG_WARN_OBJC_IMPLICIT_RETAIN_SELF = YES;
				CLANG_WARN_OBJC_LITERAL_CONVERSION = YES;
				CLANG_WARN_OBJC_ROOT_CLASS = YES_ERROR;
				CLANG_WARN_RANGE_LOOP_ANALYSIS = YES;
				CLANG_WARN_STRICT_PROTOTYPES = YES;
				CLANG_WARN_SUSPICIOUS_MOVE = YES;
				CLANG_WARN_UNGUARDED_AVAILABILITY = YES_AGGRESSIVE;
				CLANG_WARN_UNREACHABLE_CODE = YES;
				CLANG_WARN__DUPLICATE_METHOD_MATCH = YES;
				CODE_SIGN_IDENTITY = "iPhone Developer";
				COPY_PHASE_STRIP = NO;
				DEBUG_INFORMATION_FORMAT = dwarf;
				ENABLE_STRICT_OBJC_MSGSEND = YES;
				ENABLE_TESTABILITY = YES;
				GCC_C_LANGUAGE_STANDARD = gnu11;
				GCC_DYNAMIC_NO_PIC = NO;
				GCC_NO_COMMON_BLOCKS = YES;
				GCC_OPTIMIZATION_LEVEL = 0;
				GCC_PREPROCESSOR_DEFINITIONS = (
					"DEBUG=1",
					"$(inherited)",
				);
				GCC_WARN_64_TO_32_BIT_CONVERSION = YES;
				GCC_WARN_ABOUT_RETURN_TYPE = YES_ERROR;
				GCC_WARN_UNDECLARED_SELECTOR = YES;
				GCC_WARN_UNINITIALIZED_AUTOS = YES_AGGRESSIVE;
				GCC_WARN_UNUSED_FUNCTION = YES;
				GCC_WARN_UNUSED_VARIABLE = YES;
				IPHONEOS_DEPLOYMENT_TARGET = 12.4;
				MTL_ENABLE_DEBUG_INFO = INCLUDE_SOURCE;
				MTL_FAST_MATH = YES;
				ONLY_ACTIVE_ARCH = YES;
				SDKROOT = iphoneos;
				SWIFT_ACTIVE_COMPILATION_CONDITIONS = DEBUG;
				SWIFT_OPTIMIZATION_LEVEL = "-Onone";
			};
			name = Debug;
		};
		1B5747BD2334965700F8C9A7 /* Release */ = {
			isa = XCBuildConfiguration;
			buildSettings = {
				ALWAYS_SEARCH_USER_PATHS = NO;
				CLANG_ANALYZER_NONNULL = YES;
				CLANG_ANALYZER_NUMBER_OBJECT_CONVERSION = YES_AGGRESSIVE;
				CLANG_CXX_LANGUAGE_STANDARD = "gnu++14";
				CLANG_CXX_LIBRARY = "libc++";
				CLANG_ENABLE_MODULES = YES;
				CLANG_ENABLE_OBJC_ARC = YES;
				CLANG_ENABLE_OBJC_WEAK = YES;
				CLANG_WARN_BLOCK_CAPTURE_AUTORELEASING = YES;
				CLANG_WARN_BOOL_CONVERSION = YES;
				CLANG_WARN_COMMA = YES;
				CLANG_WARN_CONSTANT_CONVERSION = YES;
				CLANG_WARN_DEPRECATED_OBJC_IMPLEMENTATIONS = YES;
				CLANG_WARN_DIRECT_OBJC_ISA_USAGE = YES_ERROR;
				CLANG_WARN_DOCUMENTATION_COMMENTS = YES;
				CLANG_WARN_EMPTY_BODY = YES;
				CLANG_WARN_ENUM_CONVERSION = YES;
				CLANG_WARN_INFINITE_RECURSION = YES;
				CLANG_WARN_INT_CONVERSION = YES;
				CLANG_WARN_NON_LITERAL_NULL_CONVERSION = YES;
				CLANG_WARN_OBJC_IMPLICIT_RETAIN_SELF = YES;
				CLANG_WARN_OBJC_LITERAL_CONVERSION = YES;
				CLANG_WARN_OBJC_ROOT_CLASS = YES_ERROR;
				CLANG_WARN_RANGE_LOOP_ANALYSIS = YES;
				CLANG_WARN_STRICT_PROTOTYPES = YES;
				CLANG_WARN_SUSPICIOUS_MOVE = YES;
				CLANG_WARN_UNGUARDED_AVAILABILITY = YES_AGGRESSIVE;
				CLANG_WARN_UNREACHABLE_CODE = YES;
				CLANG_WARN__DUPLICATE_METHOD_MATCH = YES;
				CODE_SIGN_IDENTITY = "iPhone Developer";
				COPY_PHASE_STRIP = NO;
				DEBUG_INFORMATION_FORMAT = "dwarf-with-dsym";
				ENABLE_NS_ASSERTIONS = NO;
				ENABLE_STRICT_OBJC_MSGSEND = YES;
				GCC_C_LANGUAGE_STANDARD = gnu11;
				GCC_NO_COMMON_BLOCKS = YES;
				GCC_WARN_64_TO_32_BIT_CONVERSION = YES;
				GCC_WARN_ABOUT_RETURN_TYPE = YES_ERROR;
				GCC_WARN_UNDECLARED_SELECTOR = YES;
				GCC_WARN_UNINITIALIZED_AUTOS = YES_AGGRESSIVE;
				GCC_WARN_UNUSED_FUNCTION = YES;
				GCC_WARN_UNUSED_VARIABLE = YES;
				IPHONEOS_DEPLOYMENT_TARGET = 12.4;
				MTL_ENABLE_DEBUG_INFO = NO;
				MTL_FAST_MATH = YES;
				SDKROOT = iphoneos;
				SWIFT_COMPILATION_MODE = wholemodule;
				SWIFT_OPTIMIZATION_LEVEL = "-O";
				VALIDATE_PRODUCT = YES;
			};
			name = Release;
		};
		1B5747BF2334965700F8C9A7 /* Debug */ = {
			isa = XCBuildConfiguration;
			buildSettings = {
				ASSETCATALOG_COMPILER_APPICON_NAME = AppIcon;
				CODE_SIGN_STYLE = Automatic;
				DEVELOPMENT_TEAM = 37V89NUM8V;
				INFOPLIST_FILE = GrailDiaryPart1/Info.plist;
				LD_RUNPATH_SEARCH_PATHS = (
					"$(inherited)",
					"@executable_path/Frameworks",
				);
				PRODUCT_BUNDLE_IDENTIFIER = com.chrisprice.GrailDiaryPart1;
				PRODUCT_NAME = "$(TARGET_NAME)";
				SWIFT_VERSION = 5.0;
				TARGETED_DEVICE_FAMILY = "1,2";
			};
			name = Debug;
		};
		1B5747C02334965700F8C9A7 /* Release */ = {
			isa = XCBuildConfiguration;
			buildSettings = {
				ASSETCATALOG_COMPILER_APPICON_NAME = AppIcon;
				CODE_SIGN_STYLE = Automatic;
				DEVELOPMENT_TEAM = 37V89NUM8V;
				INFOPLIST_FILE = GrailDiaryPart1/Info.plist;
				LD_RUNPATH_SEARCH_PATHS = (
					"$(inherited)",
					"@executable_path/Frameworks",
				);
				PRODUCT_BUNDLE_IDENTIFIER = com.chrisprice.GrailDiaryPart1;
				PRODUCT_NAME = "$(TARGET_NAME)";
				SWIFT_VERSION = 5.0;
				TARGETED_DEVICE_FAMILY = "1,2";
			};
			name = Release;
		};
/* End XCBuildConfiguration section */

/* Begin XCConfigurationList section */
		1B5747A72334965600F8C9A7 /* Build configuration list for PBXProject "GrailDiaryPart1" */ = {
			isa = XCConfigurationList;
			buildConfigurations = (
				1B5747BC2334965700F8C9A7 /* Debug */,
				1B5747BD2334965700F8C9A7 /* Release */,
			);
			defaultConfigurationIsVisible = 0;
			defaultConfigurationName = Release;
		};
		1B5747BE2334965700F8C9A7 /* Build configuration list for PBXNativeTarget "GrailDiaryPart1" */ = {
			isa = XCConfigurationList;
			buildConfigurations = (
				1B5747BF2334965700F8C9A7 /* Debug */,
				1B5747C02334965700F8C9A7 /* Release */,
			);
			defaultConfigurationIsVisible = 0;
			defaultConfigurationName = Release;
		};
/* End XCConfigurationList section */
	};
	rootObject = 1B5747A42334965600F8C9A7 /* Project object */;
}
