// !$*UTF8*$!
{
	archiveVersion = 1;
	classes = {
	};
	objectVersion = 50;
	objects = {

/* Begin PBXBuildFile section */
		4F30D3A92384E18200B6956D /* AppDelegate.swift in Sources */ = {isa = PBXBuildFile; fileRef = 4F30D3A82384E18200B6956D /* AppDelegate.swift */; };
		4F30D3AB2384E18200B6956D /* TableViewController.swift in Sources */ = {isa = PBXBuildFile; fileRef = 4F30D3AA2384E18200B6956D /* TableViewController.swift */; };
		4F30D3AE2384E18200B6956D /* Main.storyboard in Resources */ = {isa = PBXBuildFile; fileRef = 4F30D3AC2384E18200B6956D /* Main.storyboard */; };
		4F30D3B02384E18600B6956D /* Assets.xcassets in Resources */ = {isa = PBXBuildFile; fileRef = 4F30D3AF2384E18600B6956D /* Assets.xcassets */; };
		4F30D3B32384E18600B6956D /* LaunchScreen.storyboard in Resources */ = {isa = PBXBuildFile; fileRef = 4F30D3B12384E18600B6956D /* LaunchScreen.storyboard */; };
		4F30D3C523878D2E00B6956D /* POIsTableViewController.swift in Sources */ = {isa = PBXBuildFile; fileRef = 4F30D3C423878D2E00B6956D /* POIsTableViewController.swift */; };
		4F30D3C723878DEE00B6956D /* AddPOIViewController.swift in Sources */ = {isa = PBXBuildFile; fileRef = 4F30D3C623878DEE00B6956D /* AddPOIViewController.swift */; };
		4F30D3C923878E0C00B6956D /* POIDetailViewController.swift in Sources */ = {isa = PBXBuildFile; fileRef = 4F30D3C823878E0C00B6956D /* POIDetailViewController.swift */; };
		4F30D3CB23878EEC00B6956D /* POITableViewCell.swift in Sources */ = {isa = PBXBuildFile; fileRef = 4F30D3CA23878EEC00B6956D /* POITableViewCell.swift */; };
		4F30D3CD23878F1700B6956D /* POI.swift in Sources */ = {isa = PBXBuildFile; fileRef = 4F30D3CC23878F1700B6956D /* POI.swift */; };
/* End PBXBuildFile section */

/* Begin PBXFileReference section */
		4F30D3A52384E18200B6956D /* Grail Diary part 1.app */ = {isa = PBXFileReference; explicitFileType = wrapper.application; includeInIndex = 0; path = "Grail Diary part 1.app"; sourceTree = BUILT_PRODUCTS_DIR; };
		4F30D3A82384E18200B6956D /* AppDelegate.swift */ = {isa = PBXFileReference; lastKnownFileType = sourcecode.swift; path = AppDelegate.swift; sourceTree = "<group>"; };
		4F30D3AA2384E18200B6956D /* TableViewController.swift */ = {isa = PBXFileReference; lastKnownFileType = sourcecode.swift; path = TableViewController.swift; sourceTree = "<group>"; };
		4F30D3AD2384E18200B6956D /* Base */ = {isa = PBXFileReference; lastKnownFileType = file.storyboard; name = Base; path = Base.lproj/Main.storyboard; sourceTree = "<group>"; };
		4F30D3AF2384E18600B6956D /* Assets.xcassets */ = {isa = PBXFileReference; lastKnownFileType = folder.assetcatalog; path = Assets.xcassets; sourceTree = "<group>"; };
		4F30D3B22384E18600B6956D /* Base */ = {isa = PBXFileReference; lastKnownFileType = file.storyboard; name = Base; path = Base.lproj/LaunchScreen.storyboard; sourceTree = "<group>"; };
		4F30D3B42384E18600B6956D /* Info.plist */ = {isa = PBXFileReference; lastKnownFileType = text.plist.xml; path = Info.plist; sourceTree = "<group>"; };
		4F30D3C423878D2E00B6956D /* POIsTableViewController.swift */ = {isa = PBXFileReference; lastKnownFileType = sourcecode.swift; path = POIsTableViewController.swift; sourceTree = "<group>"; };
		4F30D3C623878DEE00B6956D /* AddPOIViewController.swift */ = {isa = PBXFileReference; lastKnownFileType = sourcecode.swift; path = AddPOIViewController.swift; sourceTree = "<group>"; };
		4F30D3C823878E0C00B6956D /* POIDetailViewController.swift */ = {isa = PBXFileReference; lastKnownFileType = sourcecode.swift; path = POIDetailViewController.swift; sourceTree = "<group>"; };
		4F30D3CA23878EEC00B6956D /* POITableViewCell.swift */ = {isa = PBXFileReference; lastKnownFileType = sourcecode.swift; path = POITableViewCell.swift; sourceTree = "<group>"; };
		4F30D3CC23878F1700B6956D /* POI.swift */ = {isa = PBXFileReference; lastKnownFileType = sourcecode.swift; path = POI.swift; sourceTree = "<group>"; };
/* End PBXFileReference section */

/* Begin PBXFrameworksBuildPhase section */
		4F30D3A22384E18200B6956D /* Frameworks */ = {
			isa = PBXFrameworksBuildPhase;
			buildActionMask = 2147483647;
			files = (
			);
			runOnlyForDeploymentPostprocessing = 0;
		};
/* End PBXFrameworksBuildPhase section */

/* Begin PBXGroup section */
		4F30D39C2384E18200B6956D = {
			isa = PBXGroup;
			children = (
				4F30D3A72384E18200B6956D /* Grail Diary part 1 */,
				4F30D3A62384E18200B6956D /* Products */,
			);
			sourceTree = "<group>";
		};
		4F30D3A62384E18200B6956D /* Products */ = {
			isa = PBXGroup;
			children = (
				4F30D3A52384E18200B6956D /* Grail Diary part 1.app */,
			);
			name = Products;
			sourceTree = "<group>";
		};
		4F30D3A72384E18200B6956D /* Grail Diary part 1 */ = {
			isa = PBXGroup;
			children = (
				4F30D3A82384E18200B6956D /* AppDelegate.swift */,
				4F30D3AA2384E18200B6956D /* TableViewController.swift */,
				4F30D3C423878D2E00B6956D /* POIsTableViewController.swift */,
				4F30D3C623878DEE00B6956D /* AddPOIViewController.swift */,
				4F30D3C823878E0C00B6956D /* POIDetailViewController.swift */,
				4F30D3CA23878EEC00B6956D /* POITableViewCell.swift */,
				4F30D3CC23878F1700B6956D /* POI.swift */,
				4F30D3AC2384E18200B6956D /* Main.storyboard */,
				4F30D3AF2384E18600B6956D /* Assets.xcassets */,
				4F30D3B12384E18600B6956D /* LaunchScreen.storyboard */,
				4F30D3B42384E18600B6956D /* Info.plist */,
			);
			path = "Grail Diary part 1";
			sourceTree = "<group>";
		};
/* End PBXGroup section */

/* Begin PBXNativeTarget section */
		4F30D3A42384E18200B6956D /* Grail Diary part 1 */ = {
			isa = PBXNativeTarget;
			buildConfigurationList = 4F30D3B72384E18600B6956D /* Build configuration list for PBXNativeTarget "Grail Diary part 1" */;
			buildPhases = (
				4F30D3A12384E18200B6956D /* Sources */,
				4F30D3A22384E18200B6956D /* Frameworks */,
				4F30D3A32384E18200B6956D /* Resources */,
			);
			buildRules = (
			);
			dependencies = (
			);
			name = "Grail Diary part 1";
			productName = "Grail Diary part 1";
			productReference = 4F30D3A52384E18200B6956D /* Grail Diary part 1.app */;
			productType = "com.apple.product-type.application";
		};
/* End PBXNativeTarget section */

/* Begin PBXProject section */
		4F30D39D2384E18200B6956D /* Project object */ = {
			isa = PBXProject;
			attributes = {
				LastSwiftUpdateCheck = 1020;
				LastUpgradeCheck = 1020;
				ORGANIZATIONNAME = "Osha Washington";
				TargetAttributes = {
					4F30D3A42384E18200B6956D = {
						CreatedOnToolsVersion = 10.2.1;
					};
				};
			};
			buildConfigurationList = 4F30D3A02384E18200B6956D /* Build configuration list for PBXProject "Grail Diary part 1" */;
			compatibilityVersion = "Xcode 9.3";
			developmentRegion = en;
			hasScannedForEncodings = 0;
			knownRegions = (
				en,
				Base,
			);
			mainGroup = 4F30D39C2384E18200B6956D;
			productRefGroup = 4F30D3A62384E18200B6956D /* Products */;
			projectDirPath = "";
			projectRoot = "";
			targets = (
				4F30D3A42384E18200B6956D /* Grail Diary part 1 */,
			);
		};
/* End PBXProject section */

/* Begin PBXResourcesBuildPhase section */
		4F30D3A32384E18200B6956D /* Resources */ = {
			isa = PBXResourcesBuildPhase;
			buildActionMask = 2147483647;
			files = (
				4F30D3B32384E18600B6956D /* LaunchScreen.storyboard in Resources */,
				4F30D3B02384E18600B6956D /* Assets.xcassets in Resources */,
				4F30D3AE2384E18200B6956D /* Main.storyboard in Resources */,
			);
			runOnlyForDeploymentPostprocessing = 0;
		};
/* End PBXResourcesBuildPhase section */

/* Begin PBXSourcesBuildPhase section */
		4F30D3A12384E18200B6956D /* Sources */ = {
			isa = PBXSourcesBuildPhase;
			buildActionMask = 2147483647;
			files = (
				4F30D3CD23878F1700B6956D /* POI.swift in Sources */,
				4F30D3C523878D2E00B6956D /* POIsTableViewController.swift in Sources */,
				4F30D3C723878DEE00B6956D /* AddPOIViewController.swift in Sources */,
				4F30D3AB2384E18200B6956D /* TableViewController.swift in Sources */,
				4F30D3A92384E18200B6956D /* AppDelegate.swift in Sources */,
				4F30D3CB23878EEC00B6956D /* POITableViewCell.swift in Sources */,
				4F30D3C923878E0C00B6956D /* POIDetailViewController.swift in Sources */,
			);
			runOnlyForDeploymentPostprocessing = 0;
		};
/* End PBXSourcesBuildPhase section */

/* Begin PBXVariantGroup section */
		4F30D3AC2384E18200B6956D /* Main.storyboard */ = {
			isa = PBXVariantGroup;
			children = (
				4F30D3AD2384E18200B6956D /* Base */,
			);
			name = Main.storyboard;
			sourceTree = "<group>";
		};
		4F30D3B12384E18600B6956D /* LaunchScreen.storyboard */ = {
			isa = PBXVariantGroup;
			children = (
				4F30D3B22384E18600B6956D /* Base */,
			);
			name = LaunchScreen.storyboard;
			sourceTree = "<group>";
		};
/* End PBXVariantGroup section */

/* Begin XCBuildConfiguration section */
		4F30D3B52384E18600B6956D /* Debug */ = {
			isa = XCBuildConfiguration;
			buildSettings = {
				ALWAYS_SEARCH_USER_PATHS = NO;
				CLANG_ANALYZER_NONNULL = YES;
				CLANG_ANALYZER_NUMBER_OBJECT_CONVERSION = YES_AGGRESSIVE;
				CLANG_CXX_LANGUAGE_STANDARD = "gnu++14";
				CLANG_CXX_LIBRARY = "libc++";
				CLANG_ENABLE_MODULES = YES;
				CLANG_ENABLE_OBJC_ARC = YES;
				CLANG_ENABLE_OBJC_WEAK = YES;
				CLANG_WARN_BLOCK_CAPTURE_AUTORELEASING = YES;
				CLANG_WARN_BOOL_CONVERSION = YES;
				CLANG_WARN_COMMA = YES;
				CLANG_WARN_CONSTANT_CONVERSION = YES;
				CLANG_WARN_DEPRECATED_OBJC_IMPLEMENTATIONS = YES;
				CLANG_WARN_DIRECT_OBJC_ISA_USAGE = YES_ERROR;
				CLANG_WARN_DOCUMENTATION_COMMENTS = YES;
				CLANG_WARN_EMPTY_BODY = YES;
				CLANG_WARN_ENUM_CONVERSION = YES;
				CLANG_WARN_INFINITE_RECURSION = YES;
				CLANG_WARN_INT_CONVERSION = YES;
				CLANG_WARN_NON_LITERAL_NULL_CONVERSION = YES;
				CLANG_WARN_OBJC_IMPLICIT_RETAIN_SELF = YES;
				CLANG_WARN_OBJC_LITERAL_CONVERSION = YES;
				CLANG_WARN_OBJC_ROOT_CLASS = YES_ERROR;
				CLANG_WARN_RANGE_LOOP_ANALYSIS = YES;
				CLANG_WARN_STRICT_PROTOTYPES = YES;
				CLANG_WARN_SUSPICIOUS_MOVE = YES;
				CLANG_WARN_UNGUARDED_AVAILABILITY = YES_AGGRESSIVE;
				CLANG_WARN_UNREACHABLE_CODE = YES;
				CLANG_WARN__DUPLICATE_METHOD_MATCH = YES;
				CODE_SIGN_IDENTITY = "iPhone Developer";
				COPY_PHASE_STRIP = NO;
				DEBUG_INFORMATION_FORMAT = dwarf;
				ENABLE_STRICT_OBJC_MSGSEND = YES;
				ENABLE_TESTABILITY = YES;
				GCC_C_LANGUAGE_STANDARD = gnu11;
				GCC_DYNAMIC_NO_PIC = NO;
				GCC_NO_COMMON_BLOCKS = YES;
				GCC_OPTIMIZATION_LEVEL = 0;
				GCC_PREPROCESSOR_DEFINITIONS = (
					"DEBUG=1",
					"$(inherited)",
				);
				GCC_WARN_64_TO_32_BIT_CONVERSION = YES;
				GCC_WARN_ABOUT_RETURN_TYPE = YES_ERROR;
				GCC_WARN_UNDECLARED_SELECTOR = YES;
				GCC_WARN_UNINITIALIZED_AUTOS = YES_AGGRESSIVE;
				GCC_WARN_UNUSED_FUNCTION = YES;
				GCC_WARN_UNUSED_VARIABLE = YES;
				IPHONEOS_DEPLOYMENT_TARGET = 12.2;
				MTL_ENABLE_DEBUG_INFO = INCLUDE_SOURCE;
				MTL_FAST_MATH = YES;
				ONLY_ACTIVE_ARCH = YES;
				SDKROOT = iphoneos;
				SWIFT_ACTIVE_COMPILATION_CONDITIONS = DEBUG;
				SWIFT_OPTIMIZATION_LEVEL = "-Onone";
			};
			name = Debug;
		};
		4F30D3B62384E18600B6956D /* Release */ = {
			isa = XCBuildConfiguration;
			buildSettings = {
				ALWAYS_SEARCH_USER_PATHS = NO;
				CLANG_ANALYZER_NONNULL = YES;
				CLANG_ANALYZER_NUMBER_OBJECT_CONVERSION = YES_AGGRESSIVE;
				CLANG_CXX_LANGUAGE_STANDARD = "gnu++14";
				CLANG_CXX_LIBRARY = "libc++";
				CLANG_ENABLE_MODULES = YES;
				CLANG_ENABLE_OBJC_ARC = YES;
				CLANG_ENABLE_OBJC_WEAK = YES;
				CLANG_WARN_BLOCK_CAPTURE_AUTORELEASING = YES;
				CLANG_WARN_BOOL_CONVERSION = YES;
				CLANG_WARN_COMMA = YES;
				CLANG_WARN_CONSTANT_CONVERSION = YES;
				CLANG_WARN_DEPRECATED_OBJC_IMPLEMENTATIONS = YES;
				CLANG_WARN_DIRECT_OBJC_ISA_USAGE = YES_ERROR;
				CLANG_WARN_DOCUMENTATION_COMMENTS = YES;
				CLANG_WARN_EMPTY_BODY = YES;
				CLANG_WARN_ENUM_CONVERSION = YES;
				CLANG_WARN_INFINITE_RECURSION = YES;
				CLANG_WARN_INT_CONVERSION = YES;
				CLANG_WARN_NON_LITERAL_NULL_CONVERSION = YES;
				CLANG_WARN_OBJC_IMPLICIT_RETAIN_SELF = YES;
				CLANG_WARN_OBJC_LITERAL_CONVERSION = YES;
				CLANG_WARN_OBJC_ROOT_CLASS = YES_ERROR;
				CLANG_WARN_RANGE_LOOP_ANALYSIS = YES;
				CLANG_WARN_STRICT_PROTOTYPES = YES;
				CLANG_WARN_SUSPICIOUS_MOVE = YES;
				CLANG_WARN_UNGUARDED_AVAILABILITY = YES_AGGRESSIVE;
				CLANG_WARN_UNREACHABLE_CODE = YES;
				CLANG_WARN__DUPLICATE_METHOD_MATCH = YES;
				CODE_SIGN_IDENTITY = "iPhone Developer";
				COPY_PHASE_STRIP = NO;
				DEBUG_INFORMATION_FORMAT = "dwarf-with-dsym";
				ENABLE_NS_ASSERTIONS = NO;
				ENABLE_STRICT_OBJC_MSGSEND = YES;
				GCC_C_LANGUAGE_STANDARD = gnu11;
				GCC_NO_COMMON_BLOCKS = YES;
				GCC_WARN_64_TO_32_BIT_CONVERSION = YES;
				GCC_WARN_ABOUT_RETURN_TYPE = YES_ERROR;
				GCC_WARN_UNDECLARED_SELECTOR = YES;
				GCC_WARN_UNINITIALIZED_AUTOS = YES_AGGRESSIVE;
				GCC_WARN_UNUSED_FUNCTION = YES;
				GCC_WARN_UNUSED_VARIABLE = YES;
				IPHONEOS_DEPLOYMENT_TARGET = 12.2;
				MTL_ENABLE_DEBUG_INFO = NO;
				MTL_FAST_MATH = YES;
				SDKROOT = iphoneos;
				SWIFT_COMPILATION_MODE = wholemodule;
				SWIFT_OPTIMIZATION_LEVEL = "-O";
				VALIDATE_PRODUCT = YES;
			};
			name = Release;
		};
		4F30D3B82384E18600B6956D /* Debug */ = {
			isa = XCBuildConfiguration;
			buildSettings = {
				ASSETCATALOG_COMPILER_APPICON_NAME = AppIcon;
				CODE_SIGN_STYLE = Automatic;
				DEVELOPMENT_TEAM = TR9CSTTURC;
				INFOPLIST_FILE = "Grail Diary part 1/Info.plist";
				LD_RUNPATH_SEARCH_PATHS = (
					"$(inherited)",
					"@executable_path/Frameworks",
				);
				PRODUCT_BUNDLE_IDENTIFIER = "Com.Osha..Grail-Diary-part-1";
				PRODUCT_NAME = "$(TARGET_NAME)";
				SWIFT_VERSION = 5.0;
				TARGETED_DEVICE_FAMILY = "1,2";
			};
			name = Debug;
		};
		4F30D3B92384E18600B6956D /* Release */ = {
			isa = XCBuildConfiguration;
			buildSettings = {
				ASSETCATALOG_COMPILER_APPICON_NAME = AppIcon;
				CODE_SIGN_STYLE = Automatic;
				DEVELOPMENT_TEAM = TR9CSTTURC;
				INFOPLIST_FILE = "Grail Diary part 1/Info.plist";
				LD_RUNPATH_SEARCH_PATHS = (
					"$(inherited)",
					"@executable_path/Frameworks",
				);
				PRODUCT_BUNDLE_IDENTIFIER = "Com.Osha..Grail-Diary-part-1";
				PRODUCT_NAME = "$(TARGET_NAME)";
				SWIFT_VERSION = 5.0;
				TARGETED_DEVICE_FAMILY = "1,2";
			};
			name = Release;
		};
/* End XCBuildConfiguration section */

/* Begin XCConfigurationList section */
		4F30D3A02384E18200B6956D /* Build configuration list for PBXProject "Grail Diary part 1" */ = {
			isa = XCConfigurationList;
			buildConfigurations = (
				4F30D3B52384E18600B6956D /* Debug */,
				4F30D3B62384E18600B6956D /* Release */,
			);
			defaultConfigurationIsVisible = 0;
			defaultConfigurationName = Release;
		};
		4F30D3B72384E18600B6956D /* Build configuration list for PBXNativeTarget "Grail Diary part 1" */ = {
			isa = XCConfigurationList;
			buildConfigurations = (
				4F30D3B82384E18600B6956D /* Debug */,
				4F30D3B92384E18600B6956D /* Release */,
			);
			defaultConfigurationIsVisible = 0;
			defaultConfigurationName = Release;
		};
/* End XCConfigurationList section */
	};
	rootObject = 4F30D39D2384E18200B6956D /* Project object */;
}
