// !$*UTF8*$!
{
	archiveVersion = 1;
	classes = {
	};
	objectVersion = 50;
	objects = {

/* Begin PBXBuildFile section */
		9EBEB3EA230346F700A2479C /* AppDelegate.swift in Sources */ = {isa = PBXBuildFile; fileRef = 9EBEB3E9230346F700A2479C /* AppDelegate.swift */; };
		9EBEB3EF230346F700A2479C /* Main.storyboard in Resources */ = {isa = PBXBuildFile; fileRef = 9EBEB3ED230346F700A2479C /* Main.storyboard */; };
		9EBEB3F1230346F700A2479C /* Everest in Resources */ = {isa = PBXBuildFile; fileRef = 9EBEB3F0230346F700A2479C /* Everest */; };
		9EBEB3F4230346F700A2479C /* LaunchScreen.storyboard in Resources */ = {isa = PBXBuildFile; fileRef = 9EBEB3F2230346F700A2479C /* LaunchScreen.storyboard */; };
		9EBEB42A2304A10600A2479C /* POIDetailViewController.swift in Sources */ = {isa = PBXBuildFile; fileRef = 9EBEB4292304A10600A2479C /* POIDetailViewController.swift */; };
		9EBEB42C2304A10D00A2479C /* POI.swift in Sources */ = {isa = PBXBuildFile; fileRef = 9EBEB42B2304A10D00A2479C /* POI.swift */; };
		9EBEB42E2304A67600A2479C /* POITableViewCell.swift in Sources */ = {isa = PBXBuildFile; fileRef = 9EBEB42D2304A67600A2479C /* POITableViewCell.swift */; };
		9EBEB4322304E42200A2479C /* AddPOIViewController.swift in Sources */ = {isa = PBXBuildFile; fileRef = 9EBEB4312304E42200A2479C /* AddPOIViewController.swift */; };
		9EBEB4342304E43300A2479C /* POIsTableViewController.swift in Sources */ = {isa = PBXBuildFile; fileRef = 9EBEB4332304E43300A2479C /* POIsTableViewController.swift */; };
<<<<<<< HEAD
		9EBEB4362305BF4800A2479C /* AddQuestionViewController.swift in Sources */ = {isa = PBXBuildFile; fileRef = 9EBEB4352305BF4800A2479C /* AddQuestionViewController.swift */; };
=======
>>>>>>> edda7f8c4e5e80b5ef2c829fd4d7aa9df2288061
/* End PBXBuildFile section */

/* Begin PBXFileReference section */
		9EBEB3E6230346F700A2479C /* Grail Diary.app */ = {isa = PBXFileReference; explicitFileType = wrapper.application; includeInIndex = 0; path = "Grail Diary.app"; sourceTree = BUILT_PRODUCTS_DIR; };
		9EBEB3E9230346F700A2479C /* AppDelegate.swift */ = {isa = PBXFileReference; lastKnownFileType = sourcecode.swift; path = AppDelegate.swift; sourceTree = "<group>"; };
		9EBEB3EE230346F700A2479C /* Base */ = {isa = PBXFileReference; lastKnownFileType = file.storyboard; name = Base; path = Base.lproj/Main.storyboard; sourceTree = "<group>"; };
		9EBEB3F0230346F700A2479C /* Everest */ = {isa = PBXFileReference; lastKnownFileType = folder; path = Everest; sourceTree = "<group>"; };
		9EBEB3F3230346F700A2479C /* Base */ = {isa = PBXFileReference; lastKnownFileType = file.storyboard; name = Base; path = Base.lproj/LaunchScreen.storyboard; sourceTree = "<group>"; };
		9EBEB3F5230346F700A2479C /* Info.plist */ = {isa = PBXFileReference; lastKnownFileType = text.plist.xml; path = Info.plist; sourceTree = "<group>"; };
		9EBEB4292304A10600A2479C /* POIDetailViewController.swift */ = {isa = PBXFileReference; lastKnownFileType = sourcecode.swift; path = POIDetailViewController.swift; sourceTree = "<group>"; };
		9EBEB42B2304A10D00A2479C /* POI.swift */ = {isa = PBXFileReference; lastKnownFileType = sourcecode.swift; path = POI.swift; sourceTree = "<group>"; };
		9EBEB42D2304A67600A2479C /* POITableViewCell.swift */ = {isa = PBXFileReference; lastKnownFileType = sourcecode.swift; path = POITableViewCell.swift; sourceTree = "<group>"; };
		9EBEB4312304E42200A2479C /* AddPOIViewController.swift */ = {isa = PBXFileReference; fileEncoding = 4; lastKnownFileType = sourcecode.swift; path = AddPOIViewController.swift; sourceTree = "<group>"; };
		9EBEB4332304E43300A2479C /* POIsTableViewController.swift */ = {isa = PBXFileReference; fileEncoding = 4; lastKnownFileType = sourcecode.swift; path = POIsTableViewController.swift; sourceTree = "<group>"; };
<<<<<<< HEAD
		9EBEB4352305BF4800A2479C /* AddQuestionViewController.swift */ = {isa = PBXFileReference; lastKnownFileType = sourcecode.swift; path = AddQuestionViewController.swift; sourceTree = "<group>"; };
=======
>>>>>>> edda7f8c4e5e80b5ef2c829fd4d7aa9df2288061
/* End PBXFileReference section */

/* Begin PBXFrameworksBuildPhase section */
		9EBEB3E3230346F700A2479C /* Frameworks */ = {
			isa = PBXFrameworksBuildPhase;
			buildActionMask = 2147483647;
			files = (
			);
			runOnlyForDeploymentPostprocessing = 0;
		};
/* End PBXFrameworksBuildPhase section */

/* Begin PBXGroup section */
		9EBEB3DD230346F700A2479C = {
			isa = PBXGroup;
			children = (
				9EBEB3E8230346F700A2479C /* Grail Diary */,
				9EBEB3E7230346F700A2479C /* Products */,
			);
			sourceTree = "<group>";
		};
		9EBEB3E7230346F700A2479C /* Products */ = {
			isa = PBXGroup;
			children = (
				9EBEB3E6230346F700A2479C /* Grail Diary.app */,
			);
			name = Products;
			sourceTree = "<group>";
		};
		9EBEB3E8230346F700A2479C /* Grail Diary */ = {
			isa = PBXGroup;
			children = (
				9EBEB3E9230346F700A2479C /* AppDelegate.swift */,
				9EBEB3ED230346F700A2479C /* Main.storyboard */,
<<<<<<< HEAD
				9EBEB4352305BF4800A2479C /* AddQuestionViewController.swift */,
=======
>>>>>>> edda7f8c4e5e80b5ef2c829fd4d7aa9df2288061
				9EBEB4332304E43300A2479C /* POIsTableViewController.swift */,
				9EBEB4312304E42200A2479C /* AddPOIViewController.swift */,
				9EBEB4292304A10600A2479C /* POIDetailViewController.swift */,
				9EBEB42D2304A67600A2479C /* POITableViewCell.swift */,
				9EBEB42B2304A10D00A2479C /* POI.swift */,
				9EBEB3F0230346F700A2479C /* Everest */,
				9EBEB3F2230346F700A2479C /* LaunchScreen.storyboard */,
				9EBEB3F5230346F700A2479C /* Info.plist */,
			);
			path = "Grail Diary";
			sourceTree = "<group>";
		};
/* End PBXGroup section */

/* Begin PBXNativeTarget section */
		9EBEB3E5230346F700A2479C /* Grail Diary */ = {
			isa = PBXNativeTarget;
			buildConfigurationList = 9EBEB3F8230346F700A2479C /* Build configuration list for PBXNativeTarget "Grail Diary" */;
			buildPhases = (
				9EBEB3E2230346F700A2479C /* Sources */,
				9EBEB3E3230346F700A2479C /* Frameworks */,
				9EBEB3E4230346F700A2479C /* Resources */,
			);
			buildRules = (
			);
			dependencies = (
			);
			name = "Grail Diary";
			productName = "Grail Diary";
			productReference = 9EBEB3E6230346F700A2479C /* Grail Diary.app */;
			productType = "com.apple.product-type.application";
		};
/* End PBXNativeTarget section */

/* Begin PBXProject section */
		9EBEB3DE230346F700A2479C /* Project object */ = {
			isa = PBXProject;
			attributes = {
				LastSwiftUpdateCheck = 1030;
				LastUpgradeCheck = 1030;
				ORGANIZATIONNAME = "William Chen";
				TargetAttributes = {
					9EBEB3E5230346F700A2479C = {
						CreatedOnToolsVersion = 10.3;
					};
				};
			};
			buildConfigurationList = 9EBEB3E1230346F700A2479C /* Build configuration list for PBXProject "Grail Diary" */;
			compatibilityVersion = "Xcode 9.3";
			developmentRegion = en;
			hasScannedForEncodings = 0;
			knownRegions = (
				en,
				Base,
			);
			mainGroup = 9EBEB3DD230346F700A2479C;
			productRefGroup = 9EBEB3E7230346F700A2479C /* Products */;
			projectDirPath = "";
			projectRoot = "";
			targets = (
				9EBEB3E5230346F700A2479C /* Grail Diary */,
			);
		};
/* End PBXProject section */

/* Begin PBXResourcesBuildPhase section */
		9EBEB3E4230346F700A2479C /* Resources */ = {
			isa = PBXResourcesBuildPhase;
			buildActionMask = 2147483647;
			files = (
				9EBEB3F4230346F700A2479C /* LaunchScreen.storyboard in Resources */,
				9EBEB3F1230346F700A2479C /* Everest in Resources */,
				9EBEB3EF230346F700A2479C /* Main.storyboard in Resources */,
			);
			runOnlyForDeploymentPostprocessing = 0;
		};
/* End PBXResourcesBuildPhase section */

/* Begin PBXSourcesBuildPhase section */
		9EBEB3E2230346F700A2479C /* Sources */ = {
			isa = PBXSourcesBuildPhase;
			buildActionMask = 2147483647;
			files = (
				9EBEB42E2304A67600A2479C /* POITableViewCell.swift in Sources */,
				9EBEB4322304E42200A2479C /* AddPOIViewController.swift in Sources */,
<<<<<<< HEAD
				9EBEB3EA230346F700A2479C /* AppDelegate.swift in Sources */,
				9EBEB4342304E43300A2479C /* POIsTableViewController.swift in Sources */,
				9EBEB42C2304A10D00A2479C /* POI.swift in Sources */,
				9EBEB4362305BF4800A2479C /* AddQuestionViewController.swift in Sources */,
=======
				9EBEB3EC230346F700A2479C /* CluesTableViewController.swift in Sources */,
				9EBEB3EA230346F700A2479C /* AppDelegate.swift in Sources */,
				9EBEB4342304E43300A2479C /* POIsTableViewController.swift in Sources */,
				9EBEB42C2304A10D00A2479C /* POI.swift in Sources */,
>>>>>>> edda7f8c4e5e80b5ef2c829fd4d7aa9df2288061
				9EBEB42A2304A10600A2479C /* POIDetailViewController.swift in Sources */,
			);
			runOnlyForDeploymentPostprocessing = 0;
		};
/* End PBXSourcesBuildPhase section */

/* Begin PBXVariantGroup section */
		9EBEB3ED230346F700A2479C /* Main.storyboard */ = {
			isa = PBXVariantGroup;
			children = (
				9EBEB3EE230346F700A2479C /* Base */,
			);
			name = Main.storyboard;
			sourceTree = "<group>";
		};
		9EBEB3F2230346F700A2479C /* LaunchScreen.storyboard */ = {
			isa = PBXVariantGroup;
			children = (
				9EBEB3F3230346F700A2479C /* Base */,
			);
			name = LaunchScreen.storyboard;
			sourceTree = "<group>";
		};
/* End PBXVariantGroup section */

/* Begin XCBuildConfiguration section */
		9EBEB3F6230346F700A2479C /* Debug */ = {
			isa = XCBuildConfiguration;
			buildSettings = {
				ALWAYS_SEARCH_USER_PATHS = NO;
				CLANG_ANALYZER_NONNULL = YES;
				CLANG_ANALYZER_NUMBER_OBJECT_CONVERSION = YES_AGGRESSIVE;
				CLANG_CXX_LANGUAGE_STANDARD = "gnu++14";
				CLANG_CXX_LIBRARY = "libc++";
				CLANG_ENABLE_MODULES = YES;
				CLANG_ENABLE_OBJC_ARC = YES;
				CLANG_ENABLE_OBJC_WEAK = YES;
				CLANG_WARN_BLOCK_CAPTURE_AUTORELEASING = YES;
				CLANG_WARN_BOOL_CONVERSION = YES;
				CLANG_WARN_COMMA = YES;
				CLANG_WARN_CONSTANT_CONVERSION = YES;
				CLANG_WARN_DEPRECATED_OBJC_IMPLEMENTATIONS = YES;
				CLANG_WARN_DIRECT_OBJC_ISA_USAGE = YES_ERROR;
				CLANG_WARN_DOCUMENTATION_COMMENTS = YES;
				CLANG_WARN_EMPTY_BODY = YES;
				CLANG_WARN_ENUM_CONVERSION = YES;
				CLANG_WARN_INFINITE_RECURSION = YES;
				CLANG_WARN_INT_CONVERSION = YES;
				CLANG_WARN_NON_LITERAL_NULL_CONVERSION = YES;
				CLANG_WARN_OBJC_IMPLICIT_RETAIN_SELF = YES;
				CLANG_WARN_OBJC_LITERAL_CONVERSION = YES;
				CLANG_WARN_OBJC_ROOT_CLASS = YES_ERROR;
				CLANG_WARN_RANGE_LOOP_ANALYSIS = YES;
				CLANG_WARN_STRICT_PROTOTYPES = YES;
				CLANG_WARN_SUSPICIOUS_MOVE = YES;
				CLANG_WARN_UNGUARDED_AVAILABILITY = YES_AGGRESSIVE;
				CLANG_WARN_UNREACHABLE_CODE = YES;
				CLANG_WARN__DUPLICATE_METHOD_MATCH = YES;
				CODE_SIGN_IDENTITY = "iPhone Developer";
				COPY_PHASE_STRIP = NO;
				DEBUG_INFORMATION_FORMAT = dwarf;
				ENABLE_STRICT_OBJC_MSGSEND = YES;
				ENABLE_TESTABILITY = YES;
				GCC_C_LANGUAGE_STANDARD = gnu11;
				GCC_DYNAMIC_NO_PIC = NO;
				GCC_NO_COMMON_BLOCKS = YES;
				GCC_OPTIMIZATION_LEVEL = 0;
				GCC_PREPROCESSOR_DEFINITIONS = (
					"DEBUG=1",
					"$(inherited)",
				);
				GCC_WARN_64_TO_32_BIT_CONVERSION = YES;
				GCC_WARN_ABOUT_RETURN_TYPE = YES_ERROR;
				GCC_WARN_UNDECLARED_SELECTOR = YES;
				GCC_WARN_UNINITIALIZED_AUTOS = YES_AGGRESSIVE;
				GCC_WARN_UNUSED_FUNCTION = YES;
				GCC_WARN_UNUSED_VARIABLE = YES;
				IPHONEOS_DEPLOYMENT_TARGET = 12.4;
				MTL_ENABLE_DEBUG_INFO = INCLUDE_SOURCE;
				MTL_FAST_MATH = YES;
				ONLY_ACTIVE_ARCH = YES;
				SDKROOT = iphoneos;
				SWIFT_ACTIVE_COMPILATION_CONDITIONS = DEBUG;
				SWIFT_OPTIMIZATION_LEVEL = "-Onone";
			};
			name = Debug;
		};
		9EBEB3F7230346F700A2479C /* Release */ = {
			isa = XCBuildConfiguration;
			buildSettings = {
				ALWAYS_SEARCH_USER_PATHS = NO;
				CLANG_ANALYZER_NONNULL = YES;
				CLANG_ANALYZER_NUMBER_OBJECT_CONVERSION = YES_AGGRESSIVE;
				CLANG_CXX_LANGUAGE_STANDARD = "gnu++14";
				CLANG_CXX_LIBRARY = "libc++";
				CLANG_ENABLE_MODULES = YES;
				CLANG_ENABLE_OBJC_ARC = YES;
				CLANG_ENABLE_OBJC_WEAK = YES;
				CLANG_WARN_BLOCK_CAPTURE_AUTORELEASING = YES;
				CLANG_WARN_BOOL_CONVERSION = YES;
				CLANG_WARN_COMMA = YES;
				CLANG_WARN_CONSTANT_CONVERSION = YES;
				CLANG_WARN_DEPRECATED_OBJC_IMPLEMENTATIONS = YES;
				CLANG_WARN_DIRECT_OBJC_ISA_USAGE = YES_ERROR;
				CLANG_WARN_DOCUMENTATION_COMMENTS = YES;
				CLANG_WARN_EMPTY_BODY = YES;
				CLANG_WARN_ENUM_CONVERSION = YES;
				CLANG_WARN_INFINITE_RECURSION = YES;
				CLANG_WARN_INT_CONVERSION = YES;
				CLANG_WARN_NON_LITERAL_NULL_CONVERSION = YES;
				CLANG_WARN_OBJC_IMPLICIT_RETAIN_SELF = YES;
				CLANG_WARN_OBJC_LITERAL_CONVERSION = YES;
				CLANG_WARN_OBJC_ROOT_CLASS = YES_ERROR;
				CLANG_WARN_RANGE_LOOP_ANALYSIS = YES;
				CLANG_WARN_STRICT_PROTOTYPES = YES;
				CLANG_WARN_SUSPICIOUS_MOVE = YES;
				CLANG_WARN_UNGUARDED_AVAILABILITY = YES_AGGRESSIVE;
				CLANG_WARN_UNREACHABLE_CODE = YES;
				CLANG_WARN__DUPLICATE_METHOD_MATCH = YES;
				CODE_SIGN_IDENTITY = "iPhone Developer";
				COPY_PHASE_STRIP = NO;
				DEBUG_INFORMATION_FORMAT = "dwarf-with-dsym";
				ENABLE_NS_ASSERTIONS = NO;
				ENABLE_STRICT_OBJC_MSGSEND = YES;
				GCC_C_LANGUAGE_STANDARD = gnu11;
				GCC_NO_COMMON_BLOCKS = YES;
				GCC_WARN_64_TO_32_BIT_CONVERSION = YES;
				GCC_WARN_ABOUT_RETURN_TYPE = YES_ERROR;
				GCC_WARN_UNDECLARED_SELECTOR = YES;
				GCC_WARN_UNINITIALIZED_AUTOS = YES_AGGRESSIVE;
				GCC_WARN_UNUSED_FUNCTION = YES;
				GCC_WARN_UNUSED_VARIABLE = YES;
				IPHONEOS_DEPLOYMENT_TARGET = 12.4;
				MTL_ENABLE_DEBUG_INFO = NO;
				MTL_FAST_MATH = YES;
				SDKROOT = iphoneos;
				SWIFT_COMPILATION_MODE = wholemodule;
				SWIFT_OPTIMIZATION_LEVEL = "-O";
				VALIDATE_PRODUCT = YES;
			};
			name = Release;
		};
		9EBEB3F9230346F700A2479C /* Debug */ = {
			isa = XCBuildConfiguration;
			buildSettings = {
				ASSETCATALOG_COMPILER_APPICON_NAME = AppIcon;
				CODE_SIGN_STYLE = Automatic;
				INFOPLIST_FILE = "Grail Diary/Info.plist";
				LD_RUNPATH_SEARCH_PATHS = (
					"$(inherited)",
					"@executable_path/Frameworks",
				);
				PRODUCT_BUNDLE_IDENTIFIER = "Lambda.Grail-Diary";
				PRODUCT_NAME = "$(TARGET_NAME)";
				SWIFT_VERSION = 5.0;
				TARGETED_DEVICE_FAMILY = "1,2";
			};
			name = Debug;
		};
		9EBEB3FA230346F700A2479C /* Release */ = {
			isa = XCBuildConfiguration;
			buildSettings = {
				ASSETCATALOG_COMPILER_APPICON_NAME = AppIcon;
				CODE_SIGN_STYLE = Automatic;
				INFOPLIST_FILE = "Grail Diary/Info.plist";
				LD_RUNPATH_SEARCH_PATHS = (
					"$(inherited)",
					"@executable_path/Frameworks",
				);
				PRODUCT_BUNDLE_IDENTIFIER = "Lambda.Grail-Diary";
				PRODUCT_NAME = "$(TARGET_NAME)";
				SWIFT_VERSION = 5.0;
				TARGETED_DEVICE_FAMILY = "1,2";
			};
			name = Release;
		};
/* End XCBuildConfiguration section */

/* Begin XCConfigurationList section */
		9EBEB3E1230346F700A2479C /* Build configuration list for PBXProject "Grail Diary" */ = {
			isa = XCConfigurationList;
			buildConfigurations = (
				9EBEB3F6230346F700A2479C /* Debug */,
				9EBEB3F7230346F700A2479C /* Release */,
			);
			defaultConfigurationIsVisible = 0;
			defaultConfigurationName = Release;
		};
		9EBEB3F8230346F700A2479C /* Build configuration list for PBXNativeTarget "Grail Diary" */ = {
			isa = XCConfigurationList;
			buildConfigurations = (
				9EBEB3F9230346F700A2479C /* Debug */,
				9EBEB3FA230346F700A2479C /* Release */,
			);
			defaultConfigurationIsVisible = 0;
			defaultConfigurationName = Release;
		};
/* End XCConfigurationList section */
	};
	rootObject = 9EBEB3DE230346F700A2479C /* Project object */;
}
