// !$*UTF8*$!
{
	archiveVersion = 1;
	classes = {
	};
	objectVersion = 50;
	objects = {

/* Begin PBXBuildFile section */
		773AE6AF2304B2E700138420 /* POIsTableViewController.swift in Sources */ = {isa = PBXBuildFile; fileRef = 773AE6AE2304B2E700138420 /* POIsTableViewController.swift */; };
		773AE6B12304B2FD00138420 /* AddPOIViewController.swift in Sources */ = {isa = PBXBuildFile; fileRef = 773AE6B02304B2FD00138420 /* AddPOIViewController.swift */; };
		773AE6B32304B30E00138420 /* POIDetailViewController.swift in Sources */ = {isa = PBXBuildFile; fileRef = 773AE6B22304B30E00138420 /* POIDetailViewController.swift */; };
		773AE6B72304B3C700138420 /* POITableViewCell.swift in Sources */ = {isa = PBXBuildFile; fileRef = 773AE6B62304B3C700138420 /* POITableViewCell.swift */; };
		773AE6B92304B3DC00138420 /* POI.swift in Sources */ = {isa = PBXBuildFile; fileRef = 773AE6B82304B3DC00138420 /* POI.swift */; };
		77C874B923035956004D520D /* AppDelegate.swift in Sources */ = {isa = PBXBuildFile; fileRef = 77C874B823035956004D520D /* AppDelegate.swift */; };
		77C874BE23035956004D520D /* Main.storyboard in Resources */ = {isa = PBXBuildFile; fileRef = 77C874BC23035956004D520D /* Main.storyboard */; };
		77C874C023035956004D520D /* Assets.xcassets in Resources */ = {isa = PBXBuildFile; fileRef = 77C874BF23035956004D520D /* Assets.xcassets */; };
		77C874C323035956004D520D /* LaunchScreen.storyboard in Resources */ = {isa = PBXBuildFile; fileRef = 77C874C123035956004D520D /* LaunchScreen.storyboard */; };
/* End PBXBuildFile section */

/* Begin PBXFileReference section */
		773AE6AE2304B2E700138420 /* POIsTableViewController.swift */ = {isa = PBXFileReference; lastKnownFileType = sourcecode.swift; path = POIsTableViewController.swift; sourceTree = "<group>"; };
		773AE6B02304B2FD00138420 /* AddPOIViewController.swift */ = {isa = PBXFileReference; lastKnownFileType = sourcecode.swift; path = AddPOIViewController.swift; sourceTree = "<group>"; };
		773AE6B22304B30E00138420 /* POIDetailViewController.swift */ = {isa = PBXFileReference; lastKnownFileType = sourcecode.swift; path = POIDetailViewController.swift; sourceTree = "<group>"; };
		773AE6B62304B3C700138420 /* POITableViewCell.swift */ = {isa = PBXFileReference; lastKnownFileType = sourcecode.swift; path = POITableViewCell.swift; sourceTree = "<group>"; };
		773AE6B82304B3DC00138420 /* POI.swift */ = {isa = PBXFileReference; lastKnownFileType = sourcecode.swift; path = POI.swift; sourceTree = "<group>"; };
		77C874B523035956004D520D /* GrailDiary.app */ = {isa = PBXFileReference; explicitFileType = wrapper.application; includeInIndex = 0; path = GrailDiary.app; sourceTree = BUILT_PRODUCTS_DIR; };
		77C874B823035956004D520D /* AppDelegate.swift */ = {isa = PBXFileReference; lastKnownFileType = sourcecode.swift; path = AppDelegate.swift; sourceTree = "<group>"; };
		77C874BD23035956004D520D /* Base */ = {isa = PBXFileReference; lastKnownFileType = file.storyboard; name = Base; path = Base.lproj/Main.storyboard; sourceTree = "<group>"; };
		77C874BF23035956004D520D /* Assets.xcassets */ = {isa = PBXFileReference; lastKnownFileType = folder.assetcatalog; path = Assets.xcassets; sourceTree = "<group>"; };
		77C874C223035956004D520D /* Base */ = {isa = PBXFileReference; lastKnownFileType = file.storyboard; name = Base; path = Base.lproj/LaunchScreen.storyboard; sourceTree = "<group>"; };
		77C874C423035956004D520D /* Info.plist */ = {isa = PBXFileReference; lastKnownFileType = text.plist.xml; path = Info.plist; sourceTree = "<group>"; };
/* End PBXFileReference section */

/* Begin PBXFrameworksBuildPhase section */
		77C874B223035956004D520D /* Frameworks */ = {
			isa = PBXFrameworksBuildPhase;
			buildActionMask = 2147483647;
			files = (
			);
			runOnlyForDeploymentPostprocessing = 0;
		};
/* End PBXFrameworksBuildPhase section */

/* Begin PBXGroup section */
		773AE6B42304B38000138420 /* Models */ = {
			isa = PBXGroup;
			children = (
				773AE6B82304B3DC00138420 /* POI.swift */,
			);
			path = Models;
			sourceTree = "<group>";
		};
		773AE6B52304B39700138420 /* Custom Views */ = {
			isa = PBXGroup;
			children = (
				773AE6B62304B3C700138420 /* POITableViewCell.swift */,
			);
			path = "Custom Views";
			sourceTree = "<group>";
		};
		77C874AC23035956004D520D = {
			isa = PBXGroup;
			children = (
				77C874B723035956004D520D /* GrailDiary */,
				77C874B623035956004D520D /* Products */,
			);
			sourceTree = "<group>";
		};
		77C874B623035956004D520D /* Products */ = {
			isa = PBXGroup;
			children = (
				77C874B523035956004D520D /* GrailDiary.app */,
			);
			name = Products;
			sourceTree = "<group>";
		};
		77C874B723035956004D520D /* GrailDiary */ = {
			isa = PBXGroup;
			children = (
				77C874CB230359F9004D520D /* View Controllers */,
				773AE6B52304B39700138420 /* Custom Views */,
				773AE6B42304B38000138420 /* Models */,
				77C874CA230359F0004D520D /* Storyboards */,
				77C874CC23035A04004D520D /* Resources */,
			);
			path = GrailDiary;
			sourceTree = "<group>";
		};
		77C874CA230359F0004D520D /* Storyboards */ = {
			isa = PBXGroup;
			children = (
				77C874BC23035956004D520D /* Main.storyboard */,
			);
			path = Storyboards;
			sourceTree = "<group>";
		};
		77C874CB230359F9004D520D /* View Controllers */ = {
			isa = PBXGroup;
			children = (
				773AE6AE2304B2E700138420 /* POIsTableViewController.swift */,
				773AE6B02304B2FD00138420 /* AddPOIViewController.swift */,
				773AE6B22304B30E00138420 /* POIDetailViewController.swift */,
			);
			path = "View Controllers";
			sourceTree = "<group>";
		};
		77C874CC23035A04004D520D /* Resources */ = {
			isa = PBXGroup;
			children = (
				77C874B823035956004D520D /* AppDelegate.swift */,
				77C874BF23035956004D520D /* Assets.xcassets */,
				77C874C123035956004D520D /* LaunchScreen.storyboard */,
				77C874C423035956004D520D /* Info.plist */,
			);
			path = Resources;
			sourceTree = "<group>";
		};
/* End PBXGroup section */

/* Begin PBXNativeTarget section */
		77C874B423035956004D520D /* GrailDiary */ = {
			isa = PBXNativeTarget;
			buildConfigurationList = 77C874C723035956004D520D /* Build configuration list for PBXNativeTarget "GrailDiary" */;
			buildPhases = (
				77C874B123035956004D520D /* Sources */,
				77C874B223035956004D520D /* Frameworks */,
				77C874B323035956004D520D /* Resources */,
			);
			buildRules = (
			);
			dependencies = (
			);
			name = GrailDiary;
			productName = GrailDiary;
			productReference = 77C874B523035956004D520D /* GrailDiary.app */;
			productType = "com.apple.product-type.application";
		};
/* End PBXNativeTarget section */

/* Begin PBXProject section */
		77C874AD23035956004D520D /* Project object */ = {
			isa = PBXProject;
			attributes = {
				LastSwiftUpdateCheck = 1030;
				LastUpgradeCheck = 1030;
				ORGANIZATIONNAME = "Ciara Beitel";
				TargetAttributes = {
					77C874B423035956004D520D = {
						CreatedOnToolsVersion = 10.3;
					};
				};
			};
			buildConfigurationList = 77C874B023035956004D520D /* Build configuration list for PBXProject "GrailDiary" */;
			compatibilityVersion = "Xcode 9.3";
			developmentRegion = en;
			hasScannedForEncodings = 0;
			knownRegions = (
				en,
				Base,
			);
			mainGroup = 77C874AC23035956004D520D;
			productRefGroup = 77C874B623035956004D520D /* Products */;
			projectDirPath = "";
			projectRoot = "";
			targets = (
				77C874B423035956004D520D /* GrailDiary */,
			);
		};
/* End PBXProject section */

/* Begin PBXResourcesBuildPhase section */
		77C874B323035956004D520D /* Resources */ = {
			isa = PBXResourcesBuildPhase;
			buildActionMask = 2147483647;
			files = (
				77C874C323035956004D520D /* LaunchScreen.storyboard in Resources */,
				77C874C023035956004D520D /* Assets.xcassets in Resources */,
				77C874BE23035956004D520D /* Main.storyboard in Resources */,
			);
			runOnlyForDeploymentPostprocessing = 0;
		};
/* End PBXResourcesBuildPhase section */

/* Begin PBXSourcesBuildPhase section */
		77C874B123035956004D520D /* Sources */ = {
			isa = PBXSourcesBuildPhase;
			buildActionMask = 2147483647;
			files = (
				773AE6B92304B3DC00138420 /* POI.swift in Sources */,
				773AE6AF2304B2E700138420 /* POIsTableViewController.swift in Sources */,
				773AE6B12304B2FD00138420 /* AddPOIViewController.swift in Sources */,
				77C874B923035956004D520D /* AppDelegate.swift in Sources */,
				773AE6B72304B3C700138420 /* POITableViewCell.swift in Sources */,
				773AE6B32304B30E00138420 /* POIDetailViewController.swift in Sources */,
			);
			runOnlyForDeploymentPostprocessing = 0;
		};
/* End PBXSourcesBuildPhase section */

/* Begin PBXVariantGroup section */
		77C874BC23035956004D520D /* Main.storyboard */ = {
			isa = PBXVariantGroup;
			children = (
				77C874BD23035956004D520D /* Base */,
			);
			name = Main.storyboard;
			sourceTree = "<group>";
		};
		77C874C123035956004D520D /* LaunchScreen.storyboard */ = {
			isa = PBXVariantGroup;
			children = (
				77C874C223035956004D520D /* Base */,
			);
			name = LaunchScreen.storyboard;
			sourceTree = "<group>";
		};
/* End PBXVariantGroup section */

/* Begin XCBuildConfiguration section */
		77C874C523035956004D520D /* Debug */ = {
			isa = XCBuildConfiguration;
			buildSettings = {
				ALWAYS_SEARCH_USER_PATHS = NO;
				CLANG_ANALYZER_NONNULL = YES;
				CLANG_ANALYZER_NUMBER_OBJECT_CONVERSION = YES_AGGRESSIVE;
				CLANG_CXX_LANGUAGE_STANDARD = "gnu++14";
				CLANG_CXX_LIBRARY = "libc++";
				CLANG_ENABLE_MODULES = YES;
				CLANG_ENABLE_OBJC_ARC = YES;
				CLANG_ENABLE_OBJC_WEAK = YES;
				CLANG_WARN_BLOCK_CAPTURE_AUTORELEASING = YES;
				CLANG_WARN_BOOL_CONVERSION = YES;
				CLANG_WARN_COMMA = YES;
				CLANG_WARN_CONSTANT_CONVERSION = YES;
				CLANG_WARN_DEPRECATED_OBJC_IMPLEMENTATIONS = YES;
				CLANG_WARN_DIRECT_OBJC_ISA_USAGE = YES_ERROR;
				CLANG_WARN_DOCUMENTATION_COMMENTS = YES;
				CLANG_WARN_EMPTY_BODY = YES;
				CLANG_WARN_ENUM_CONVERSION = YES;
				CLANG_WARN_INFINITE_RECURSION = YES;
				CLANG_WARN_INT_CONVERSION = YES;
				CLANG_WARN_NON_LITERAL_NULL_CONVERSION = YES;
				CLANG_WARN_OBJC_IMPLICIT_RETAIN_SELF = YES;
				CLANG_WARN_OBJC_LITERAL_CONVERSION = YES;
				CLANG_WARN_OBJC_ROOT_CLASS = YES_ERROR;
				CLANG_WARN_RANGE_LOOP_ANALYSIS = YES;
				CLANG_WARN_STRICT_PROTOTYPES = YES;
				CLANG_WARN_SUSPICIOUS_MOVE = YES;
				CLANG_WARN_UNGUARDED_AVAILABILITY = YES_AGGRESSIVE;
				CLANG_WARN_UNREACHABLE_CODE = YES;
				CLANG_WARN__DUPLICATE_METHOD_MATCH = YES;
				CODE_SIGN_IDENTITY = "iPhone Developer";
				COPY_PHASE_STRIP = NO;
				DEBUG_INFORMATION_FORMAT = dwarf;
				ENABLE_STRICT_OBJC_MSGSEND = YES;
				ENABLE_TESTABILITY = YES;
				GCC_C_LANGUAGE_STANDARD = gnu11;
				GCC_DYNAMIC_NO_PIC = NO;
				GCC_NO_COMMON_BLOCKS = YES;
				GCC_OPTIMIZATION_LEVEL = 0;
				GCC_PREPROCESSOR_DEFINITIONS = (
					"DEBUG=1",
					"$(inherited)",
				);
				GCC_WARN_64_TO_32_BIT_CONVERSION = YES;
				GCC_WARN_ABOUT_RETURN_TYPE = YES_ERROR;
				GCC_WARN_UNDECLARED_SELECTOR = YES;
				GCC_WARN_UNINITIALIZED_AUTOS = YES_AGGRESSIVE;
				GCC_WARN_UNUSED_FUNCTION = YES;
				GCC_WARN_UNUSED_VARIABLE = YES;
				IPHONEOS_DEPLOYMENT_TARGET = 12.4;
				MTL_ENABLE_DEBUG_INFO = INCLUDE_SOURCE;
				MTL_FAST_MATH = YES;
				ONLY_ACTIVE_ARCH = YES;
				SDKROOT = iphoneos;
				SWIFT_ACTIVE_COMPILATION_CONDITIONS = DEBUG;
				SWIFT_OPTIMIZATION_LEVEL = "-Onone";
			};
			name = Debug;
		};
		77C874C623035956004D520D /* Release */ = {
			isa = XCBuildConfiguration;
			buildSettings = {
				ALWAYS_SEARCH_USER_PATHS = NO;
				CLANG_ANALYZER_NONNULL = YES;
				CLANG_ANALYZER_NUMBER_OBJECT_CONVERSION = YES_AGGRESSIVE;
				CLANG_CXX_LANGUAGE_STANDARD = "gnu++14";
				CLANG_CXX_LIBRARY = "libc++";
				CLANG_ENABLE_MODULES = YES;
				CLANG_ENABLE_OBJC_ARC = YES;
				CLANG_ENABLE_OBJC_WEAK = YES;
				CLANG_WARN_BLOCK_CAPTURE_AUTORELEASING = YES;
				CLANG_WARN_BOOL_CONVERSION = YES;
				CLANG_WARN_COMMA = YES;
				CLANG_WARN_CONSTANT_CONVERSION = YES;
				CLANG_WARN_DEPRECATED_OBJC_IMPLEMENTATIONS = YES;
				CLANG_WARN_DIRECT_OBJC_ISA_USAGE = YES_ERROR;
				CLANG_WARN_DOCUMENTATION_COMMENTS = YES;
				CLANG_WARN_EMPTY_BODY = YES;
				CLANG_WARN_ENUM_CONVERSION = YES;
				CLANG_WARN_INFINITE_RECURSION = YES;
				CLANG_WARN_INT_CONVERSION = YES;
				CLANG_WARN_NON_LITERAL_NULL_CONVERSION = YES;
				CLANG_WARN_OBJC_IMPLICIT_RETAIN_SELF = YES;
				CLANG_WARN_OBJC_LITERAL_CONVERSION = YES;
				CLANG_WARN_OBJC_ROOT_CLASS = YES_ERROR;
				CLANG_WARN_RANGE_LOOP_ANALYSIS = YES;
				CLANG_WARN_STRICT_PROTOTYPES = YES;
				CLANG_WARN_SUSPICIOUS_MOVE = YES;
				CLANG_WARN_UNGUARDED_AVAILABILITY = YES_AGGRESSIVE;
				CLANG_WARN_UNREACHABLE_CODE = YES;
				CLANG_WARN__DUPLICATE_METHOD_MATCH = YES;
				CODE_SIGN_IDENTITY = "iPhone Developer";
				COPY_PHASE_STRIP = NO;
				DEBUG_INFORMATION_FORMAT = "dwarf-with-dsym";
				ENABLE_NS_ASSERTIONS = NO;
				ENABLE_STRICT_OBJC_MSGSEND = YES;
				GCC_C_LANGUAGE_STANDARD = gnu11;
				GCC_NO_COMMON_BLOCKS = YES;
				GCC_WARN_64_TO_32_BIT_CONVERSION = YES;
				GCC_WARN_ABOUT_RETURN_TYPE = YES_ERROR;
				GCC_WARN_UNDECLARED_SELECTOR = YES;
				GCC_WARN_UNINITIALIZED_AUTOS = YES_AGGRESSIVE;
				GCC_WARN_UNUSED_FUNCTION = YES;
				GCC_WARN_UNUSED_VARIABLE = YES;
				IPHONEOS_DEPLOYMENT_TARGET = 12.4;
				MTL_ENABLE_DEBUG_INFO = NO;
				MTL_FAST_MATH = YES;
				SDKROOT = iphoneos;
				SWIFT_COMPILATION_MODE = wholemodule;
				SWIFT_OPTIMIZATION_LEVEL = "-O";
				VALIDATE_PRODUCT = YES;
			};
			name = Release;
		};
		77C874C823035956004D520D /* Debug */ = {
			isa = XCBuildConfiguration;
			buildSettings = {
				ASSETCATALOG_COMPILER_APPICON_NAME = AppIcon;
				CODE_SIGN_STYLE = Automatic;
				DEVELOPMENT_TEAM = 63GJL7X8L2;
				INFOPLIST_FILE = "$(SRCROOT)/GrailDiary/Resources/Info.plist";
				LD_RUNPATH_SEARCH_PATHS = (
					"$(inherited)",
					"@executable_path/Frameworks",
				);
				PRODUCT_BUNDLE_IDENTIFIER = com.ciaranotclara.GrailDiary;
				PRODUCT_NAME = "$(TARGET_NAME)";
				SWIFT_VERSION = 5.0;
				TARGETED_DEVICE_FAMILY = "1,2";
			};
			name = Debug;
		};
		77C874C923035956004D520D /* Release */ = {
			isa = XCBuildConfiguration;
			buildSettings = {
				ASSETCATALOG_COMPILER_APPICON_NAME = AppIcon;
				CODE_SIGN_STYLE = Automatic;
				DEVELOPMENT_TEAM = 63GJL7X8L2;
				INFOPLIST_FILE = "$(SRCROOT)/GrailDiary/Resources/Info.plist";
				LD_RUNPATH_SEARCH_PATHS = (
					"$(inherited)",
					"@executable_path/Frameworks",
				);
				PRODUCT_BUNDLE_IDENTIFIER = com.ciaranotclara.GrailDiary;
				PRODUCT_NAME = "$(TARGET_NAME)";
				SWIFT_VERSION = 5.0;
				TARGETED_DEVICE_FAMILY = "1,2";
			};
			name = Release;
		};
/* End XCBuildConfiguration section */

/* Begin XCConfigurationList section */
		77C874B023035956004D520D /* Build configuration list for PBXProject "GrailDiary" */ = {
			isa = XCConfigurationList;
			buildConfigurations = (
				77C874C523035956004D520D /* Debug */,
				77C874C623035956004D520D /* Release */,
			);
			defaultConfigurationIsVisible = 0;
			defaultConfigurationName = Release;
		};
		77C874C723035956004D520D /* Build configuration list for PBXNativeTarget "GrailDiary" */ = {
			isa = XCConfigurationList;
			buildConfigurations = (
				77C874C823035956004D520D /* Debug */,
				77C874C923035956004D520D /* Release */,
			);
			defaultConfigurationIsVisible = 0;
			defaultConfigurationName = Release;
		};
/* End XCConfigurationList section */
	};
	rootObject = 77C874AD23035956004D520D /* Project object */;
}
