// !$*UTF8*$!
{
	archiveVersion = 1;
	classes = {
	};
	objectVersion = 50;
	objects = {

/* Begin PBXBuildFile section */
		44D0052F247AD82D001CD70C /* AppDelegate.swift in Sources */ = {isa = PBXBuildFile; fileRef = 44D0052E247AD82D001CD70C /* AppDelegate.swift */; };
		44D00531247AD82D001CD70C /* SceneDelegate.swift in Sources */ = {isa = PBXBuildFile; fileRef = 44D00530247AD82D001CD70C /* SceneDelegate.swift */; };
		44D00533247AD82D001CD70C /* ViewController.swift in Sources */ = {isa = PBXBuildFile; fileRef = 44D00532247AD82D001CD70C /* ViewController.swift */; };
		44D00536247AD82D001CD70C /* Main.storyboard in Resources */ = {isa = PBXBuildFile; fileRef = 44D00534247AD82D001CD70C /* Main.storyboard */; };
		44D00538247AD82D001CD70C /* Assets.xcassets in Resources */ = {isa = PBXBuildFile; fileRef = 44D00537247AD82D001CD70C /* Assets.xcassets */; };
		44D0053B247AD82D001CD70C /* LaunchScreen.storyboard in Resources */ = {isa = PBXBuildFile; fileRef = 44D00539247AD82D001CD70C /* LaunchScreen.storyboard */; };
		44D00546247AD82E001CD70C /* Grail_Project_Part_OneTests.swift in Sources */ = {isa = PBXBuildFile; fileRef = 44D00545247AD82E001CD70C /* Grail_Project_Part_OneTests.swift */; };
		44D00551247AD82E001CD70C /* Grail_Project_Part_OneUITests.swift in Sources */ = {isa = PBXBuildFile; fileRef = 44D00550247AD82E001CD70C /* Grail_Project_Part_OneUITests.swift */; };
/* End PBXBuildFile section */

/* Begin PBXContainerItemProxy section */
		44D00542247AD82E001CD70C /* PBXContainerItemProxy */ = {
			isa = PBXContainerItemProxy;
			containerPortal = 44D00523247AD82D001CD70C /* Project object */;
			proxyType = 1;
			remoteGlobalIDString = 44D0052A247AD82D001CD70C;
			remoteInfo = "Grail Project Part One";
		};
		44D0054D247AD82E001CD70C /* PBXContainerItemProxy */ = {
			isa = PBXContainerItemProxy;
			containerPortal = 44D00523247AD82D001CD70C /* Project object */;
			proxyType = 1;
			remoteGlobalIDString = 44D0052A247AD82D001CD70C;
			remoteInfo = "Grail Project Part One";
		};
/* End PBXContainerItemProxy section */

/* Begin PBXFileReference section */
		44D0052B247AD82D001CD70C /* Grail Project Part One.app */ = {isa = PBXFileReference; explicitFileType = wrapper.application; includeInIndex = 0; path = "Grail Project Part One.app"; sourceTree = BUILT_PRODUCTS_DIR; };
		44D0052E247AD82D001CD70C /* AppDelegate.swift */ = {isa = PBXFileReference; lastKnownFileType = sourcecode.swift; path = AppDelegate.swift; sourceTree = "<group>"; };
		44D00530247AD82D001CD70C /* SceneDelegate.swift */ = {isa = PBXFileReference; lastKnownFileType = sourcecode.swift; path = SceneDelegate.swift; sourceTree = "<group>"; };
		44D00532247AD82D001CD70C /* ViewController.swift */ = {isa = PBXFileReference; lastKnownFileType = sourcecode.swift; path = ViewController.swift; sourceTree = "<group>"; };
		44D00535247AD82D001CD70C /* Base */ = {isa = PBXFileReference; lastKnownFileType = file.storyboard; name = Base; path = Base.lproj/Main.storyboard; sourceTree = "<group>"; };
		44D00537247AD82D001CD70C /* Assets.xcassets */ = {isa = PBXFileReference; lastKnownFileType = folder.assetcatalog; path = Assets.xcassets; sourceTree = "<group>"; };
		44D0053A247AD82D001CD70C /* Base */ = {isa = PBXFileReference; lastKnownFileType = file.storyboard; name = Base; path = Base.lproj/LaunchScreen.storyboard; sourceTree = "<group>"; };
		44D0053C247AD82D001CD70C /* Info.plist */ = {isa = PBXFileReference; lastKnownFileType = text.plist.xml; path = Info.plist; sourceTree = "<group>"; };
		44D00541247AD82E001CD70C /* Grail Project Part OneTests.xctest */ = {isa = PBXFileReference; explicitFileType = wrapper.cfbundle; includeInIndex = 0; path = "Grail Project Part OneTests.xctest"; sourceTree = BUILT_PRODUCTS_DIR; };
		44D00545247AD82E001CD70C /* Grail_Project_Part_OneTests.swift */ = {isa = PBXFileReference; lastKnownFileType = sourcecode.swift; path = Grail_Project_Part_OneTests.swift; sourceTree = "<group>"; };
		44D00547247AD82E001CD70C /* Info.plist */ = {isa = PBXFileReference; lastKnownFileType = text.plist.xml; path = Info.plist; sourceTree = "<group>"; };
		44D0054C247AD82E001CD70C /* Grail Project Part OneUITests.xctest */ = {isa = PBXFileReference; explicitFileType = wrapper.cfbundle; includeInIndex = 0; path = "Grail Project Part OneUITests.xctest"; sourceTree = BUILT_PRODUCTS_DIR; };
		44D00550247AD82E001CD70C /* Grail_Project_Part_OneUITests.swift */ = {isa = PBXFileReference; lastKnownFileType = sourcecode.swift; path = Grail_Project_Part_OneUITests.swift; sourceTree = "<group>"; };
		44D00552247AD82E001CD70C /* Info.plist */ = {isa = PBXFileReference; lastKnownFileType = text.plist.xml; path = Info.plist; sourceTree = "<group>"; };
/* End PBXFileReference section */

/* Begin PBXFrameworksBuildPhase section */
		44D00528247AD82D001CD70C /* Frameworks */ = {
			isa = PBXFrameworksBuildPhase;
			buildActionMask = 2147483647;
			files = (
			);
			runOnlyForDeploymentPostprocessing = 0;
		};
		44D0053E247AD82E001CD70C /* Frameworks */ = {
			isa = PBXFrameworksBuildPhase;
			buildActionMask = 2147483647;
			files = (
			);
			runOnlyForDeploymentPostprocessing = 0;
		};
		44D00549247AD82E001CD70C /* Frameworks */ = {
			isa = PBXFrameworksBuildPhase;
			buildActionMask = 2147483647;
			files = (
			);
			runOnlyForDeploymentPostprocessing = 0;
		};
/* End PBXFrameworksBuildPhase section */

/* Begin PBXGroup section */
		44D00522247AD82D001CD70C = {
			isa = PBXGroup;
			children = (
				44D0052D247AD82D001CD70C /* Grail Project Part One */,
				44D00544247AD82E001CD70C /* Grail Project Part OneTests */,
				44D0054F247AD82E001CD70C /* Grail Project Part OneUITests */,
				44D0052C247AD82D001CD70C /* Products */,
			);
			sourceTree = "<group>";
		};
		44D0052C247AD82D001CD70C /* Products */ = {
			isa = PBXGroup;
			children = (
				44D0052B247AD82D001CD70C /* Grail Project Part One.app */,
				44D00541247AD82E001CD70C /* Grail Project Part OneTests.xctest */,
				44D0054C247AD82E001CD70C /* Grail Project Part OneUITests.xctest */,
			);
			name = Products;
			sourceTree = "<group>";
		};
		44D0052D247AD82D001CD70C /* Grail Project Part One */ = {
			isa = PBXGroup;
			children = (
				44D0052E247AD82D001CD70C /* AppDelegate.swift */,
				44D00530247AD82D001CD70C /* SceneDelegate.swift */,
				44D00532247AD82D001CD70C /* ViewController.swift */,
				44D00534247AD82D001CD70C /* Main.storyboard */,
				44D00537247AD82D001CD70C /* Assets.xcassets */,
				44D00539247AD82D001CD70C /* LaunchScreen.storyboard */,
				44D0053C247AD82D001CD70C /* Info.plist */,
			);
			path = "Grail Project Part One";
			sourceTree = "<group>";
		};
		44D00544247AD82E001CD70C /* Grail Project Part OneTests */ = {
			isa = PBXGroup;
			children = (
				44D00545247AD82E001CD70C /* Grail_Project_Part_OneTests.swift */,
				44D00547247AD82E001CD70C /* Info.plist */,
			);
			path = "Grail Project Part OneTests";
			sourceTree = "<group>";
		};
		44D0054F247AD82E001CD70C /* Grail Project Part OneUITests */ = {
			isa = PBXGroup;
			children = (
				44D00550247AD82E001CD70C /* Grail_Project_Part_OneUITests.swift */,
				44D00552247AD82E001CD70C /* Info.plist */,
			);
			path = "Grail Project Part OneUITests";
			sourceTree = "<group>";
		};
/* End PBXGroup section */

/* Begin PBXNativeTarget section */
		44D0052A247AD82D001CD70C /* Grail Project Part One */ = {
			isa = PBXNativeTarget;
			buildConfigurationList = 44D00555247AD82E001CD70C /* Build configuration list for PBXNativeTarget "Grail Project Part One" */;
			buildPhases = (
				44D00527247AD82D001CD70C /* Sources */,
				44D00528247AD82D001CD70C /* Frameworks */,
				44D00529247AD82D001CD70C /* Resources */,
			);
			buildRules = (
			);
			dependencies = (
			);
			name = "Grail Project Part One";
			productName = "Grail Project Part One";
			productReference = 44D0052B247AD82D001CD70C /* Grail Project Part One.app */;
			productType = "com.apple.product-type.application";
		};
		44D00540247AD82E001CD70C /* Grail Project Part OneTests */ = {
			isa = PBXNativeTarget;
			buildConfigurationList = 44D00558247AD82E001CD70C /* Build configuration list for PBXNativeTarget "Grail Project Part OneTests" */;
			buildPhases = (
				44D0053D247AD82E001CD70C /* Sources */,
				44D0053E247AD82E001CD70C /* Frameworks */,
				44D0053F247AD82E001CD70C /* Resources */,
			);
			buildRules = (
			);
			dependencies = (
				44D00543247AD82E001CD70C /* PBXTargetDependency */,
			);
			name = "Grail Project Part OneTests";
			productName = "Grail Project Part OneTests";
			productReference = 44D00541247AD82E001CD70C /* Grail Project Part OneTests.xctest */;
			productType = "com.apple.product-type.bundle.unit-test";
		};
		44D0054B247AD82E001CD70C /* Grail Project Part OneUITests */ = {
			isa = PBXNativeTarget;
			buildConfigurationList = 44D0055B247AD82E001CD70C /* Build configuration list for PBXNativeTarget "Grail Project Part OneUITests" */;
			buildPhases = (
				44D00548247AD82E001CD70C /* Sources */,
				44D00549247AD82E001CD70C /* Frameworks */,
				44D0054A247AD82E001CD70C /* Resources */,
			);
			buildRules = (
			);
			dependencies = (
				44D0054E247AD82E001CD70C /* PBXTargetDependency */,
			);
			name = "Grail Project Part OneUITests";
			productName = "Grail Project Part OneUITests";
			productReference = 44D0054C247AD82E001CD70C /* Grail Project Part OneUITests.xctest */;
			productType = "com.apple.product-type.bundle.ui-testing";
		};
/* End PBXNativeTarget section */

/* Begin PBXProject section */
		44D00523247AD82D001CD70C /* Project object */ = {
			isa = PBXProject;
			attributes = {
				LastSwiftUpdateCheck = 1140;
				LastUpgradeCheck = 1140;
				ORGANIZATIONNAME = "Eugene White";
				TargetAttributes = {
					44D0052A247AD82D001CD70C = {
						CreatedOnToolsVersion = 11.4.1;
					};
					44D00540247AD82E001CD70C = {
						CreatedOnToolsVersion = 11.4.1;
						TestTargetID = 44D0052A247AD82D001CD70C;
					};
					44D0054B247AD82E001CD70C = {
						CreatedOnToolsVersion = 11.4.1;
						TestTargetID = 44D0052A247AD82D001CD70C;
					};
				};
			};
			buildConfigurationList = 44D00526247AD82D001CD70C /* Build configuration list for PBXProject "Grail Project Part One" */;
			compatibilityVersion = "Xcode 9.3";
			developmentRegion = en;
			hasScannedForEncodings = 0;
			knownRegions = (
				en,
				Base,
			);
			mainGroup = 44D00522247AD82D001CD70C;
			productRefGroup = 44D0052C247AD82D001CD70C /* Products */;
			projectDirPath = "";
			projectRoot = "";
			targets = (
				44D0052A247AD82D001CD70C /* Grail Project Part One */,
				44D00540247AD82E001CD70C /* Grail Project Part OneTests */,
				44D0054B247AD82E001CD70C /* Grail Project Part OneUITests */,
			);
		};
/* End PBXProject section */

/* Begin PBXResourcesBuildPhase section */
		44D00529247AD82D001CD70C /* Resources */ = {
			isa = PBXResourcesBuildPhase;
			buildActionMask = 2147483647;
			files = (
				44D0053B247AD82D001CD70C /* LaunchScreen.storyboard in Resources */,
				44D00538247AD82D001CD70C /* Assets.xcassets in Resources */,
				44D00536247AD82D001CD70C /* Main.storyboard in Resources */,
			);
			runOnlyForDeploymentPostprocessing = 0;
		};
		44D0053F247AD82E001CD70C /* Resources */ = {
			isa = PBXResourcesBuildPhase;
			buildActionMask = 2147483647;
			files = (
			);
			runOnlyForDeploymentPostprocessing = 0;
		};
		44D0054A247AD82E001CD70C /* Resources */ = {
			isa = PBXResourcesBuildPhase;
			buildActionMask = 2147483647;
			files = (
			);
			runOnlyForDeploymentPostprocessing = 0;
		};
/* End PBXResourcesBuildPhase section */

/* Begin PBXSourcesBuildPhase section */
		44D00527247AD82D001CD70C /* Sources */ = {
			isa = PBXSourcesBuildPhase;
			buildActionMask = 2147483647;
			files = (
				44D00533247AD82D001CD70C /* ViewController.swift in Sources */,
				44D0052F247AD82D001CD70C /* AppDelegate.swift in Sources */,
				44D00531247AD82D001CD70C /* SceneDelegate.swift in Sources */,
			);
			runOnlyForDeploymentPostprocessing = 0;
		};
		44D0053D247AD82E001CD70C /* Sources */ = {
			isa = PBXSourcesBuildPhase;
			buildActionMask = 2147483647;
			files = (
				44D00546247AD82E001CD70C /* Grail_Project_Part_OneTests.swift in Sources */,
			);
			runOnlyForDeploymentPostprocessing = 0;
		};
		44D00548247AD82E001CD70C /* Sources */ = {
			isa = PBXSourcesBuildPhase;
			buildActionMask = 2147483647;
			files = (
				44D00551247AD82E001CD70C /* Grail_Project_Part_OneUITests.swift in Sources */,
			);
			runOnlyForDeploymentPostprocessing = 0;
		};
/* End PBXSourcesBuildPhase section */

/* Begin PBXTargetDependency section */
		44D00543247AD82E001CD70C /* PBXTargetDependency */ = {
			isa = PBXTargetDependency;
			target = 44D0052A247AD82D001CD70C /* Grail Project Part One */;
			targetProxy = 44D00542247AD82E001CD70C /* PBXContainerItemProxy */;
		};
		44D0054E247AD82E001CD70C /* PBXTargetDependency */ = {
			isa = PBXTargetDependency;
			target = 44D0052A247AD82D001CD70C /* Grail Project Part One */;
			targetProxy = 44D0054D247AD82E001CD70C /* PBXContainerItemProxy */;
		};
/* End PBXTargetDependency section */

/* Begin PBXVariantGroup section */
		44D00534247AD82D001CD70C /* Main.storyboard */ = {
			isa = PBXVariantGroup;
			children = (
				44D00535247AD82D001CD70C /* Base */,
			);
			name = Main.storyboard;
			sourceTree = "<group>";
		};
		44D00539247AD82D001CD70C /* LaunchScreen.storyboard */ = {
			isa = PBXVariantGroup;
			children = (
				44D0053A247AD82D001CD70C /* Base */,
			);
			name = LaunchScreen.storyboard;
			sourceTree = "<group>";
		};
/* End PBXVariantGroup section */

/* Begin XCBuildConfiguration section */
		44D00553247AD82E001CD70C /* Debug */ = {
			isa = XCBuildConfiguration;
			buildSettings = {
				ALWAYS_SEARCH_USER_PATHS = NO;
				CLANG_ANALYZER_NONNULL = YES;
				CLANG_ANALYZER_NUMBER_OBJECT_CONVERSION = YES_AGGRESSIVE;
				CLANG_CXX_LANGUAGE_STANDARD = "gnu++14";
				CLANG_CXX_LIBRARY = "libc++";
				CLANG_ENABLE_MODULES = YES;
				CLANG_ENABLE_OBJC_ARC = YES;
				CLANG_ENABLE_OBJC_WEAK = YES;
				CLANG_WARN_BLOCK_CAPTURE_AUTORELEASING = YES;
				CLANG_WARN_BOOL_CONVERSION = YES;
				CLANG_WARN_COMMA = YES;
				CLANG_WARN_CONSTANT_CONVERSION = YES;
				CLANG_WARN_DEPRECATED_OBJC_IMPLEMENTATIONS = YES;
				CLANG_WARN_DIRECT_OBJC_ISA_USAGE = YES_ERROR;
				CLANG_WARN_DOCUMENTATION_COMMENTS = YES;
				CLANG_WARN_EMPTY_BODY = YES;
				CLANG_WARN_ENUM_CONVERSION = YES;
				CLANG_WARN_INFINITE_RECURSION = YES;
				CLANG_WARN_INT_CONVERSION = YES;
				CLANG_WARN_NON_LITERAL_NULL_CONVERSION = YES;
				CLANG_WARN_OBJC_IMPLICIT_RETAIN_SELF = YES;
				CLANG_WARN_OBJC_LITERAL_CONVERSION = YES;
				CLANG_WARN_OBJC_ROOT_CLASS = YES_ERROR;
				CLANG_WARN_RANGE_LOOP_ANALYSIS = YES;
				CLANG_WARN_STRICT_PROTOTYPES = YES;
				CLANG_WARN_SUSPICIOUS_MOVE = YES;
				CLANG_WARN_UNGUARDED_AVAILABILITY = YES_AGGRESSIVE;
				CLANG_WARN_UNREACHABLE_CODE = YES;
				CLANG_WARN__DUPLICATE_METHOD_MATCH = YES;
				COPY_PHASE_STRIP = NO;
				DEBUG_INFORMATION_FORMAT = dwarf;
				ENABLE_STRICT_OBJC_MSGSEND = YES;
				ENABLE_TESTABILITY = YES;
				GCC_C_LANGUAGE_STANDARD = gnu11;
				GCC_DYNAMIC_NO_PIC = NO;
				GCC_NO_COMMON_BLOCKS = YES;
				GCC_OPTIMIZATION_LEVEL = 0;
				GCC_PREPROCESSOR_DEFINITIONS = (
					"DEBUG=1",
					"$(inherited)",
				);
				GCC_WARN_64_TO_32_BIT_CONVERSION = YES;
				GCC_WARN_ABOUT_RETURN_TYPE = YES_ERROR;
				GCC_WARN_UNDECLARED_SELECTOR = YES;
				GCC_WARN_UNINITIALIZED_AUTOS = YES_AGGRESSIVE;
				GCC_WARN_UNUSED_FUNCTION = YES;
				GCC_WARN_UNUSED_VARIABLE = YES;
				IPHONEOS_DEPLOYMENT_TARGET = 13.4;
				MTL_ENABLE_DEBUG_INFO = INCLUDE_SOURCE;
				MTL_FAST_MATH = YES;
				ONLY_ACTIVE_ARCH = YES;
				SDKROOT = iphoneos;
				SWIFT_ACTIVE_COMPILATION_CONDITIONS = DEBUG;
				SWIFT_OPTIMIZATION_LEVEL = "-Onone";
			};
			name = Debug;
		};
		44D00554247AD82E001CD70C /* Release */ = {
			isa = XCBuildConfiguration;
			buildSettings = {
				ALWAYS_SEARCH_USER_PATHS = NO;
				CLANG_ANALYZER_NONNULL = YES;
				CLANG_ANALYZER_NUMBER_OBJECT_CONVERSION = YES_AGGRESSIVE;
				CLANG_CXX_LANGUAGE_STANDARD = "gnu++14";
				CLANG_CXX_LIBRARY = "libc++";
				CLANG_ENABLE_MODULES = YES;
				CLANG_ENABLE_OBJC_ARC = YES;
				CLANG_ENABLE_OBJC_WEAK = YES;
				CLANG_WARN_BLOCK_CAPTURE_AUTORELEASING = YES;
				CLANG_WARN_BOOL_CONVERSION = YES;
				CLANG_WARN_COMMA = YES;
				CLANG_WARN_CONSTANT_CONVERSION = YES;
				CLANG_WARN_DEPRECATED_OBJC_IMPLEMENTATIONS = YES;
				CLANG_WARN_DIRECT_OBJC_ISA_USAGE = YES_ERROR;
				CLANG_WARN_DOCUMENTATION_COMMENTS = YES;
				CLANG_WARN_EMPTY_BODY = YES;
				CLANG_WARN_ENUM_CONVERSION = YES;
				CLANG_WARN_INFINITE_RECURSION = YES;
				CLANG_WARN_INT_CONVERSION = YES;
				CLANG_WARN_NON_LITERAL_NULL_CONVERSION = YES;
				CLANG_WARN_OBJC_IMPLICIT_RETAIN_SELF = YES;
				CLANG_WARN_OBJC_LITERAL_CONVERSION = YES;
				CLANG_WARN_OBJC_ROOT_CLASS = YES_ERROR;
				CLANG_WARN_RANGE_LOOP_ANALYSIS = YES;
				CLANG_WARN_STRICT_PROTOTYPES = YES;
				CLANG_WARN_SUSPICIOUS_MOVE = YES;
				CLANG_WARN_UNGUARDED_AVAILABILITY = YES_AGGRESSIVE;
				CLANG_WARN_UNREACHABLE_CODE = YES;
				CLANG_WARN__DUPLICATE_METHOD_MATCH = YES;
				COPY_PHASE_STRIP = NO;
				DEBUG_INFORMATION_FORMAT = "dwarf-with-dsym";
				ENABLE_NS_ASSERTIONS = NO;
				ENABLE_STRICT_OBJC_MSGSEND = YES;
				GCC_C_LANGUAGE_STANDARD = gnu11;
				GCC_NO_COMMON_BLOCKS = YES;
				GCC_WARN_64_TO_32_BIT_CONVERSION = YES;
				GCC_WARN_ABOUT_RETURN_TYPE = YES_ERROR;
				GCC_WARN_UNDECLARED_SELECTOR = YES;
				GCC_WARN_UNINITIALIZED_AUTOS = YES_AGGRESSIVE;
				GCC_WARN_UNUSED_FUNCTION = YES;
				GCC_WARN_UNUSED_VARIABLE = YES;
				IPHONEOS_DEPLOYMENT_TARGET = 13.4;
				MTL_ENABLE_DEBUG_INFO = NO;
				MTL_FAST_MATH = YES;
				SDKROOT = iphoneos;
				SWIFT_COMPILATION_MODE = wholemodule;
				SWIFT_OPTIMIZATION_LEVEL = "-O";
				VALIDATE_PRODUCT = YES;
			};
			name = Release;
		};
		44D00556247AD82E001CD70C /* Debug */ = {
			isa = XCBuildConfiguration;
			buildSettings = {
				ASSETCATALOG_COMPILER_APPICON_NAME = AppIcon;
				CODE_SIGN_STYLE = Automatic;
				DEVELOPMENT_TEAM = G7XV3GQ7X6;
				INFOPLIST_FILE = "Grail Project Part One/Info.plist";
				LD_RUNPATH_SEARCH_PATHS = (
					"$(inherited)",
					"@executable_path/Frameworks",
				);
				PRODUCT_BUNDLE_IDENTIFIER = "IOS-Fundaments-1.Grail-Project-Part-One";
				PRODUCT_NAME = "$(TARGET_NAME)";
				SWIFT_VERSION = 5.0;
				TARGETED_DEVICE_FAMILY = "1,2";
			};
			name = Debug;
		};
		44D00557247AD82E001CD70C /* Release */ = {
			isa = XCBuildConfiguration;
			buildSettings = {
				ASSETCATALOG_COMPILER_APPICON_NAME = AppIcon;
				CODE_SIGN_STYLE = Automatic;
				DEVELOPMENT_TEAM = G7XV3GQ7X6;
				INFOPLIST_FILE = "Grail Project Part One/Info.plist";
				LD_RUNPATH_SEARCH_PATHS = (
					"$(inherited)",
					"@executable_path/Frameworks",
				);
				PRODUCT_BUNDLE_IDENTIFIER = "IOS-Fundaments-1.Grail-Project-Part-One";
				PRODUCT_NAME = "$(TARGET_NAME)";
				SWIFT_VERSION = 5.0;
				TARGETED_DEVICE_FAMILY = "1,2";
			};
			name = Release;
		};
		44D00559247AD82E001CD70C /* Debug */ = {
			isa = XCBuildConfiguration;
			buildSettings = {
				ALWAYS_EMBED_SWIFT_STANDARD_LIBRARIES = YES;
				BUNDLE_LOADER = "$(TEST_HOST)";
				CODE_SIGN_STYLE = Automatic;
				DEVELOPMENT_TEAM = G7XV3GQ7X6;
				INFOPLIST_FILE = "Grail Project Part OneTests/Info.plist";
				IPHONEOS_DEPLOYMENT_TARGET = 13.4;
				LD_RUNPATH_SEARCH_PATHS = (
					"$(inherited)",
					"@executable_path/Frameworks",
					"@loader_path/Frameworks",
				);
				PRODUCT_BUNDLE_IDENTIFIER = "IOS-Fundaments-1.Grail-Project-Part-OneTests";
				PRODUCT_NAME = "$(TARGET_NAME)";
				SWIFT_VERSION = 5.0;
				TARGETED_DEVICE_FAMILY = "1,2";
				TEST_HOST = "$(BUILT_PRODUCTS_DIR)/Grail Project Part One.app/Grail Project Part One";
			};
			name = Debug;
		};
		44D0055A247AD82E001CD70C /* Release */ = {
			isa = XCBuildConfiguration;
			buildSettings = {
				ALWAYS_EMBED_SWIFT_STANDARD_LIBRARIES = YES;
				BUNDLE_LOADER = "$(TEST_HOST)";
				CODE_SIGN_STYLE = Automatic;
				DEVELOPMENT_TEAM = G7XV3GQ7X6;
				INFOPLIST_FILE = "Grail Project Part OneTests/Info.plist";
				IPHONEOS_DEPLOYMENT_TARGET = 13.4;
				LD_RUNPATH_SEARCH_PATHS = (
					"$(inherited)",
					"@executable_path/Frameworks",
					"@loader_path/Frameworks",
				);
				PRODUCT_BUNDLE_IDENTIFIER = "IOS-Fundaments-1.Grail-Project-Part-OneTests";
				PRODUCT_NAME = "$(TARGET_NAME)";
				SWIFT_VERSION = 5.0;
				TARGETED_DEVICE_FAMILY = "1,2";
				TEST_HOST = "$(BUILT_PRODUCTS_DIR)/Grail Project Part One.app/Grail Project Part One";
			};
			name = Release;
		};
		44D0055C247AD82E001CD70C /* Debug */ = {
			isa = XCBuildConfiguration;
			buildSettings = {
				ALWAYS_EMBED_SWIFT_STANDARD_LIBRARIES = YES;
				CODE_SIGN_STYLE = Automatic;
				DEVELOPMENT_TEAM = G7XV3GQ7X6;
				INFOPLIST_FILE = "Grail Project Part OneUITests/Info.plist";
				LD_RUNPATH_SEARCH_PATHS = (
					"$(inherited)",
					"@executable_path/Frameworks",
					"@loader_path/Frameworks",
				);
				PRODUCT_BUNDLE_IDENTIFIER = "IOS-Fundaments-1.Grail-Project-Part-OneUITests";
				PRODUCT_NAME = "$(TARGET_NAME)";
				SWIFT_VERSION = 5.0;
				TARGETED_DEVICE_FAMILY = "1,2";
				TEST_TARGET_NAME = "Grail Project Part One";
			};
			name = Debug;
		};
		44D0055D247AD82E001CD70C /* Release */ = {
			isa = XCBuildConfiguration;
			buildSettings = {
				ALWAYS_EMBED_SWIFT_STANDARD_LIBRARIES = YES;
				CODE_SIGN_STYLE = Automatic;
				DEVELOPMENT_TEAM = G7XV3GQ7X6;
				INFOPLIST_FILE = "Grail Project Part OneUITests/Info.plist";
				LD_RUNPATH_SEARCH_PATHS = (
					"$(inherited)",
					"@executable_path/Frameworks",
					"@loader_path/Frameworks",
				);
				PRODUCT_BUNDLE_IDENTIFIER = "IOS-Fundaments-1.Grail-Project-Part-OneUITests";
				PRODUCT_NAME = "$(TARGET_NAME)";
				SWIFT_VERSION = 5.0;
				TARGETED_DEVICE_FAMILY = "1,2";
				TEST_TARGET_NAME = "Grail Project Part One";
			};
			name = Release;
		};
/* End XCBuildConfiguration section */

/* Begin XCConfigurationList section */
		44D00526247AD82D001CD70C /* Build configuration list for PBXProject "Grail Project Part One" */ = {
			isa = XCConfigurationList;
			buildConfigurations = (
				44D00553247AD82E001CD70C /* Debug */,
				44D00554247AD82E001CD70C /* Release */,
			);
			defaultConfigurationIsVisible = 0;
			defaultConfigurationName = Release;
		};
		44D00555247AD82E001CD70C /* Build configuration list for PBXNativeTarget "Grail Project Part One" */ = {
			isa = XCConfigurationList;
			buildConfigurations = (
				44D00556247AD82E001CD70C /* Debug */,
				44D00557247AD82E001CD70C /* Release */,
			);
			defaultConfigurationIsVisible = 0;
			defaultConfigurationName = Release;
		};
		44D00558247AD82E001CD70C /* Build configuration list for PBXNativeTarget "Grail Project Part OneTests" */ = {
			isa = XCConfigurationList;
			buildConfigurations = (
				44D00559247AD82E001CD70C /* Debug */,
				44D0055A247AD82E001CD70C /* Release */,
			);
			defaultConfigurationIsVisible = 0;
			defaultConfigurationName = Release;
		};
		44D0055B247AD82E001CD70C /* Build configuration list for PBXNativeTarget "Grail Project Part OneUITests" */ = {
			isa = XCConfigurationList;
			buildConfigurations = (
				44D0055C247AD82E001CD70C /* Debug */,
				44D0055D247AD82E001CD70C /* Release */,
			);
			defaultConfigurationIsVisible = 0;
			defaultConfigurationName = Release;
		};
/* End XCConfigurationList section */
	};
	rootObject = 44D00523247AD82D001CD70C /* Project object */;
}
