// !$*UTF8*$!
{
	archiveVersion = 1;
	classes = {
	};
	objectVersion = 50;
	objects = {

/* Begin PBXBuildFile section */
		CB2F5B1A247895A700DCC820 /* AppDelegate.swift in Sources */ = {isa = PBXBuildFile; fileRef = CB2F5B19247895A700DCC820 /* AppDelegate.swift */; };
		CB2F5B1C247895A700DCC820 /* SceneDelegate.swift in Sources */ = {isa = PBXBuildFile; fileRef = CB2F5B1B247895A700DCC820 /* SceneDelegate.swift */; };
		CB2F5B1E247895A700DCC820 /* ViewController.swift in Sources */ = {isa = PBXBuildFile; fileRef = CB2F5B1D247895A700DCC820 /* ViewController.swift */; };
		CB2F5B21247895A700DCC820 /* Main.storyboard in Resources */ = {isa = PBXBuildFile; fileRef = CB2F5B1F247895A700DCC820 /* Main.storyboard */; };
		CB2F5B23247895A800DCC820 /* Assets.xcassets in Resources */ = {isa = PBXBuildFile; fileRef = CB2F5B22247895A800DCC820 /* Assets.xcassets */; };
		CB2F5B26247895A800DCC820 /* LaunchScreen.storyboard in Resources */ = {isa = PBXBuildFile; fileRef = CB2F5B24247895A800DCC820 /* LaunchScreen.storyboard */; };
/* End PBXBuildFile section */

/* Begin PBXFileReference section */
		CB2F5B16247895A700DCC820 /* GrailDairy.app */ = {isa = PBXFileReference; explicitFileType = wrapper.application; includeInIndex = 0; path = GrailDairy.app; sourceTree = BUILT_PRODUCTS_DIR; };
		CB2F5B19247895A700DCC820 /* AppDelegate.swift */ = {isa = PBXFileReference; lastKnownFileType = sourcecode.swift; name = AppDelegate.swift; path = ../AppDelegate.swift; sourceTree = "<group>"; };
		CB2F5B1B247895A700DCC820 /* SceneDelegate.swift */ = {isa = PBXFileReference; lastKnownFileType = sourcecode.swift; name = SceneDelegate.swift; path = ../SceneDelegate.swift; sourceTree = "<group>"; };
		CB2F5B1D247895A700DCC820 /* ViewController.swift */ = {isa = PBXFileReference; lastKnownFileType = sourcecode.swift; path = ViewController.swift; sourceTree = "<group>"; };
		CB2F5B20247895A700DCC820 /* Base */ = {isa = PBXFileReference; lastKnownFileType = file.storyboard; name = Base; path = Base.lproj/Main.storyboard; sourceTree = "<group>"; };
		CB2F5B22247895A800DCC820 /* Assets.xcassets */ = {isa = PBXFileReference; lastKnownFileType = folder.assetcatalog; path = Assets.xcassets; sourceTree = "<group>"; };
		CB2F5B25247895A800DCC820 /* Base */ = {isa = PBXFileReference; lastKnownFileType = file.storyboard; name = Base; path = Base.lproj/LaunchScreen.storyboard; sourceTree = "<group>"; };
		CB2F5B27247895A800DCC820 /* Info.plist */ = {isa = PBXFileReference; lastKnownFileType = text.plist.xml; path = Info.plist; sourceTree = "<group>"; };
/* End PBXFileReference section */

/* Begin PBXFrameworksBuildPhase section */
		CB2F5B13247895A700DCC820 /* Frameworks */ = {
			isa = PBXFrameworksBuildPhase;
			buildActionMask = 2147483647;
			files = (
			);
			runOnlyForDeploymentPostprocessing = 0;
		};
/* End PBXFrameworksBuildPhase section */

/* Begin PBXGroup section */
		CB2F5B0D247895A700DCC820 = {
			isa = PBXGroup;
			children = (
				CB2F5B18247895A700DCC820 /* GrailDairy */,
				CB2F5B17247895A700DCC820 /* Products */,
			);
			sourceTree = "<group>";
		};
		CB2F5B17247895A700DCC820 /* Products */ = {
			isa = PBXGroup;
			children = (
				CB2F5B16247895A700DCC820 /* GrailDairy.app */,
			);
			name = Products;
			sourceTree = "<group>";
		};
		CB2F5B18247895A700DCC820 /* GrailDairy */ = {
			isa = PBXGroup;
			children = (
				CB2F5B24247895A800DCC820 /* LaunchScreen.storyboard */,
				CB2F5B2D247895DB00DCC820 /* Assets */,
				CB2F5B1D247895A700DCC820 /* ViewController.swift */,
				CB2F5B1F247895A700DCC820 /* Main.storyboard */,
				CB2F5B27247895A800DCC820 /* Info.plist */,
			);
			path = GrailDairy;
			sourceTree = "<group>";
		};
		CB2F5B2D247895DB00DCC820 /* Assets */ = {
			isa = PBXGroup;
			children = (
				CB2F5B19247895A700DCC820 /* AppDelegate.swift */,
				CB2F5B1B247895A700DCC820 /* SceneDelegate.swift */,
				CB2F5B22247895A800DCC820 /* Assets.xcassets */,
			);
			path = Assets;
			sourceTree = "<group>";
		};
/* End PBXGroup section */

/* Begin PBXNativeTarget section */
		CB2F5B15247895A700DCC820 /* GrailDairy */ = {
			isa = PBXNativeTarget;
			buildConfigurationList = CB2F5B2A247895A800DCC820 /* Build configuration list for PBXNativeTarget "GrailDairy" */;
			buildPhases = (
				CB2F5B12247895A700DCC820 /* Sources */,
				CB2F5B13247895A700DCC820 /* Frameworks */,
				CB2F5B14247895A700DCC820 /* Resources */,
			);
			buildRules = (
			);
			dependencies = (
			);
			name = GrailDairy;
			productName = GrailDairy;
			productReference = CB2F5B16247895A700DCC820 /* GrailDairy.app */;
			productType = "com.apple.product-type.application";
		};
/* End PBXNativeTarget section */

/* Begin PBXProject section */
		CB2F5B0E247895A700DCC820 /* Project object */ = {
			isa = PBXProject;
			attributes = {
				LastSwiftUpdateCheck = 1140;
				LastUpgradeCheck = 1140;
				ORGANIZATIONNAME = "Sam Gutierrez.inc";
				TargetAttributes = {
					CB2F5B15247895A700DCC820 = {
						CreatedOnToolsVersion = 11.4.1;
					};
				};
			};
			buildConfigurationList = CB2F5B11247895A700DCC820 /* Build configuration list for PBXProject "GrailDairy" */;
			compatibilityVersion = "Xcode 9.3";
			developmentRegion = en;
			hasScannedForEncodings = 0;
			knownRegions = (
				en,
				Base,
			);
			mainGroup = CB2F5B0D247895A700DCC820;
			productRefGroup = CB2F5B17247895A700DCC820 /* Products */;
			projectDirPath = "";
			projectRoot = "";
			targets = (
				CB2F5B15247895A700DCC820 /* GrailDairy */,
			);
		};
/* End PBXProject section */

/* Begin PBXResourcesBuildPhase section */
		CB2F5B14247895A700DCC820 /* Resources */ = {
			isa = PBXResourcesBuildPhase;
			buildActionMask = 2147483647;
			files = (
				CB2F5B26247895A800DCC820 /* LaunchScreen.storyboard in Resources */,
				CB2F5B23247895A800DCC820 /* Assets.xcassets in Resources */,
				CB2F5B21247895A700DCC820 /* Main.storyboard in Resources */,
			);
			runOnlyForDeploymentPostprocessing = 0;
		};
/* End PBXResourcesBuildPhase section */

/* Begin PBXSourcesBuildPhase section */
		CB2F5B12247895A700DCC820 /* Sources */ = {
			isa = PBXSourcesBuildPhase;
			buildActionMask = 2147483647;
			files = (
				CB2F5B1E247895A700DCC820 /* ViewController.swift in Sources */,
				CB2F5B1A247895A700DCC820 /* AppDelegate.swift in Sources */,
				CB2F5B1C247895A700DCC820 /* SceneDelegate.swift in Sources */,
			);
			runOnlyForDeploymentPostprocessing = 0;
		};
/* End PBXSourcesBuildPhase section */

/* Begin PBXVariantGroup section */
		CB2F5B1F247895A700DCC820 /* Main.storyboard */ = {
			isa = PBXVariantGroup;
			children = (
				CB2F5B20247895A700DCC820 /* Base */,
			);
			name = Main.storyboard;
			sourceTree = "<group>";
		};
		CB2F5B24247895A800DCC820 /* LaunchScreen.storyboard */ = {
			isa = PBXVariantGroup;
			children = (
				CB2F5B25247895A800DCC820 /* Base */,
			);
			name = LaunchScreen.storyboard;
			sourceTree = "<group>";
		};
/* End PBXVariantGroup section */

/* Begin XCBuildConfiguration section */
		CB2F5B28247895A800DCC820 /* Debug */ = {
			isa = XCBuildConfiguration;
			buildSettings = {
				ALWAYS_SEARCH_USER_PATHS = NO;
				CLANG_ANALYZER_NONNULL = YES;
				CLANG_ANALYZER_NUMBER_OBJECT_CONVERSION = YES_AGGRESSIVE;
				CLANG_CXX_LANGUAGE_STANDARD = "gnu++14";
				CLANG_CXX_LIBRARY = "libc++";
				CLANG_ENABLE_MODULES = YES;
				CLANG_ENABLE_OBJC_ARC = YES;
				CLANG_ENABLE_OBJC_WEAK = YES;
				CLANG_WARN_BLOCK_CAPTURE_AUTORELEASING = YES;
				CLANG_WARN_BOOL_CONVERSION = YES;
				CLANG_WARN_COMMA = YES;
				CLANG_WARN_CONSTANT_CONVERSION = YES;
				CLANG_WARN_DEPRECATED_OBJC_IMPLEMENTATIONS = YES;
				CLANG_WARN_DIRECT_OBJC_ISA_USAGE = YES_ERROR;
				CLANG_WARN_DOCUMENTATION_COMMENTS = YES;
				CLANG_WARN_EMPTY_BODY = YES;
				CLANG_WARN_ENUM_CONVERSION = YES;
				CLANG_WARN_INFINITE_RECURSION = YES;
				CLANG_WARN_INT_CONVERSION = YES;
				CLANG_WARN_NON_LITERAL_NULL_CONVERSION = YES;
				CLANG_WARN_OBJC_IMPLICIT_RETAIN_SELF = YES;
				CLANG_WARN_OBJC_LITERAL_CONVERSION = YES;
				CLANG_WARN_OBJC_ROOT_CLASS = YES_ERROR;
				CLANG_WARN_RANGE_LOOP_ANALYSIS = YES;
				CLANG_WARN_STRICT_PROTOTYPES = YES;
				CLANG_WARN_SUSPICIOUS_MOVE = YES;
				CLANG_WARN_UNGUARDED_AVAILABILITY = YES_AGGRESSIVE;
				CLANG_WARN_UNREACHABLE_CODE = YES;
				CLANG_WARN__DUPLICATE_METHOD_MATCH = YES;
				COPY_PHASE_STRIP = NO;
				DEBUG_INFORMATION_FORMAT = dwarf;
				ENABLE_STRICT_OBJC_MSGSEND = YES;
				ENABLE_TESTABILITY = YES;
				GCC_C_LANGUAGE_STANDARD = gnu11;
				GCC_DYNAMIC_NO_PIC = NO;
				GCC_NO_COMMON_BLOCKS = YES;
				GCC_OPTIMIZATION_LEVEL = 0;
				GCC_PREPROCESSOR_DEFINITIONS = (
					"DEBUG=1",
					"$(inherited)",
				);
				GCC_WARN_64_TO_32_BIT_CONVERSION = YES;
				GCC_WARN_ABOUT_RETURN_TYPE = YES_ERROR;
				GCC_WARN_UNDECLARED_SELECTOR = YES;
				GCC_WARN_UNINITIALIZED_AUTOS = YES_AGGRESSIVE;
				GCC_WARN_UNUSED_FUNCTION = YES;
				GCC_WARN_UNUSED_VARIABLE = YES;
				IPHONEOS_DEPLOYMENT_TARGET = 13.4;
				MTL_ENABLE_DEBUG_INFO = INCLUDE_SOURCE;
				MTL_FAST_MATH = YES;
				ONLY_ACTIVE_ARCH = YES;
				SDKROOT = iphoneos;
				SWIFT_ACTIVE_COMPILATION_CONDITIONS = DEBUG;
				SWIFT_OPTIMIZATION_LEVEL = "-Onone";
			};
			name = Debug;
		};
		CB2F5B29247895A800DCC820 /* Release */ = {
			isa = XCBuildConfiguration;
			buildSettings = {
				ALWAYS_SEARCH_USER_PATHS = NO;
				CLANG_ANALYZER_NONNULL = YES;
				CLANG_ANALYZER_NUMBER_OBJECT_CONVERSION = YES_AGGRESSIVE;
				CLANG_CXX_LANGUAGE_STANDARD = "gnu++14";
				CLANG_CXX_LIBRARY = "libc++";
				CLANG_ENABLE_MODULES = YES;
				CLANG_ENABLE_OBJC_ARC = YES;
				CLANG_ENABLE_OBJC_WEAK = YES;
				CLANG_WARN_BLOCK_CAPTURE_AUTORELEASING = YES;
				CLANG_WARN_BOOL_CONVERSION = YES;
				CLANG_WARN_COMMA = YES;
				CLANG_WARN_CONSTANT_CONVERSION = YES;
				CLANG_WARN_DEPRECATED_OBJC_IMPLEMENTATIONS = YES;
				CLANG_WARN_DIRECT_OBJC_ISA_USAGE = YES_ERROR;
				CLANG_WARN_DOCUMENTATION_COMMENTS = YES;
				CLANG_WARN_EMPTY_BODY = YES;
				CLANG_WARN_ENUM_CONVERSION = YES;
				CLANG_WARN_INFINITE_RECURSION = YES;
				CLANG_WARN_INT_CONVERSION = YES;
				CLANG_WARN_NON_LITERAL_NULL_CONVERSION = YES;
				CLANG_WARN_OBJC_IMPLICIT_RETAIN_SELF = YES;
				CLANG_WARN_OBJC_LITERAL_CONVERSION = YES;
				CLANG_WARN_OBJC_ROOT_CLASS = YES_ERROR;
				CLANG_WARN_RANGE_LOOP_ANALYSIS = YES;
				CLANG_WARN_STRICT_PROTOTYPES = YES;
				CLANG_WARN_SUSPICIOUS_MOVE = YES;
				CLANG_WARN_UNGUARDED_AVAILABILITY = YES_AGGRESSIVE;
				CLANG_WARN_UNREACHABLE_CODE = YES;
				CLANG_WARN__DUPLICATE_METHOD_MATCH = YES;
				COPY_PHASE_STRIP = NO;
				DEBUG_INFORMATION_FORMAT = "dwarf-with-dsym";
				ENABLE_NS_ASSERTIONS = NO;
				ENABLE_STRICT_OBJC_MSGSEND = YES;
				GCC_C_LANGUAGE_STANDARD = gnu11;
				GCC_NO_COMMON_BLOCKS = YES;
				GCC_WARN_64_TO_32_BIT_CONVERSION = YES;
				GCC_WARN_ABOUT_RETURN_TYPE = YES_ERROR;
				GCC_WARN_UNDECLARED_SELECTOR = YES;
				GCC_WARN_UNINITIALIZED_AUTOS = YES_AGGRESSIVE;
				GCC_WARN_UNUSED_FUNCTION = YES;
				GCC_WARN_UNUSED_VARIABLE = YES;
				IPHONEOS_DEPLOYMENT_TARGET = 13.4;
				MTL_ENABLE_DEBUG_INFO = NO;
				MTL_FAST_MATH = YES;
				SDKROOT = iphoneos;
				SWIFT_COMPILATION_MODE = wholemodule;
				SWIFT_OPTIMIZATION_LEVEL = "-O";
				VALIDATE_PRODUCT = YES;
			};
			name = Release;
		};
		CB2F5B2B247895A800DCC820 /* Debug */ = {
			isa = XCBuildConfiguration;
			buildSettings = {
				ASSETCATALOG_COMPILER_APPICON_NAME = AppIcon;
				CODE_SIGN_STYLE = Automatic;
				DEVELOPMENT_TEAM = 7JXZV795C9;
				INFOPLIST_FILE = GrailDairy/Info.plist;
				LD_RUNPATH_SEARCH_PATHS = (
					"$(inherited)",
					"@executable_path/Frameworks",
				);
				PRODUCT_BUNDLE_IDENTIFIER = com.samgutierrez.GrailDairy;
				PRODUCT_NAME = "$(TARGET_NAME)";
				SWIFT_VERSION = 5.0;
				TARGETED_DEVICE_FAMILY = "1,2";
			};
			name = Debug;
		};
		CB2F5B2C247895A800DCC820 /* Release */ = {
			isa = XCBuildConfiguration;
			buildSettings = {
				ASSETCATALOG_COMPILER_APPICON_NAME = AppIcon;
				CODE_SIGN_STYLE = Automatic;
				DEVELOPMENT_TEAM = 7JXZV795C9;
				INFOPLIST_FILE = GrailDairy/Info.plist;
				LD_RUNPATH_SEARCH_PATHS = (
					"$(inherited)",
					"@executable_path/Frameworks",
				);
				PRODUCT_BUNDLE_IDENTIFIER = com.samgutierrez.GrailDairy;
				PRODUCT_NAME = "$(TARGET_NAME)";
				SWIFT_VERSION = 5.0;
				TARGETED_DEVICE_FAMILY = "1,2";
			};
			name = Release;
		};
/* End XCBuildConfiguration section */

/* Begin XCConfigurationList section */
		CB2F5B11247895A700DCC820 /* Build configuration list for PBXProject "GrailDairy" */ = {
			isa = XCConfigurationList;
			buildConfigurations = (
				CB2F5B28247895A800DCC820 /* Debug */,
				CB2F5B29247895A800DCC820 /* Release */,
			);
			defaultConfigurationIsVisible = 0;
			defaultConfigurationName = Release;
		};
		CB2F5B2A247895A800DCC820 /* Build configuration list for PBXNativeTarget "GrailDairy" */ = {
			isa = XCConfigurationList;
			buildConfigurations = (
				CB2F5B2B247895A800DCC820 /* Debug */,
				CB2F5B2C247895A800DCC820 /* Release */,
			);
			defaultConfigurationIsVisible = 0;
			defaultConfigurationName = Release;
		};
/* End XCConfigurationList section */
	};
	rootObject = CB2F5B0E247895A700DCC820 /* Project object */;
}
