// !$*UTF8*$!
{
	archiveVersion = 1;
	classes = {
	};
	objectVersion = 50;
	objects = {

/* Begin PBXBuildFile section */
		3E2698E322DEAC5100FF1255 /* CluesTableViewController.swift in Sources */ = {isa = PBXBuildFile; fileRef = 3E2698E222DEAC5100FF1255 /* CluesTableViewController.swift */; };
		3E2698E622DEAC5100FF1255 /* Main.storyboard in Resources */ = {isa = PBXBuildFile; fileRef = 3E2698E422DEAC5100FF1255 /* Main.storyboard */; };
		3E2698E822DEAC5200FF1255 /* Assets.xcassets in Resources */ = {isa = PBXBuildFile; fileRef = 3E2698E722DEAC5200FF1255 /* Assets.xcassets */; };
		3E2698EB22DEAC5200FF1255 /* LaunchScreen.storyboard in Resources */ = {isa = PBXBuildFile; fileRef = 3E2698E922DEAC5200FF1255 /* LaunchScreen.storyboard */; };
		3E2698F722DFAA4B00FF1255 /* AddPOIViewController.swift in Sources */ = {isa = PBXBuildFile; fileRef = 3E2698F622DFAA4B00FF1255 /* AddPOIViewController.swift */; };
		3E2698F922DFAA9E00FF1255 /* POIDetailViewController.swift in Sources */ = {isa = PBXBuildFile; fileRef = 3E2698F822DFAA9E00FF1255 /* POIDetailViewController.swift */; };
		3E2698FD22DFB0D500FF1255 /* POI.swift in Sources */ = {isa = PBXBuildFile; fileRef = 3E2698FC22DFB0D500FF1255 /* POI.swift */; };
		3E2698FF22DFBD0E00FF1255 /* POITableViewController.swift in Sources */ = {isa = PBXBuildFile; fileRef = 3E2698FE22DFBD0E00FF1255 /* POITableViewController.swift */; };
		3E8D90A322DFD72200CEEB70 /* PoiTableViewCell.swift in Sources */ = {isa = PBXBuildFile; fileRef = 3E8D90A222DFD72200CEEB70 /* PoiTableViewCell.swift */; };
/* End PBXBuildFile section */

/* Begin PBXFileReference section */
		3E2698DD22DEAC5100FF1255 /* Grail Diary Part 1 - Auto Layout.app */ = {isa = PBXFileReference; explicitFileType = wrapper.application; includeInIndex = 0; path = "Grail Diary Part 1 - Auto Layout.app"; sourceTree = BUILT_PRODUCTS_DIR; };
		3E2698E222DEAC5100FF1255 /* CluesTableViewController.swift */ = {isa = PBXFileReference; lastKnownFileType = sourcecode.swift; path = CluesTableViewController.swift; sourceTree = "<group>"; };
		3E2698E522DEAC5100FF1255 /* Base */ = {isa = PBXFileReference; lastKnownFileType = file.storyboard; name = Base; path = Base.lproj/Main.storyboard; sourceTree = "<group>"; };
		3E2698E722DEAC5200FF1255 /* Assets.xcassets */ = {isa = PBXFileReference; lastKnownFileType = folder.assetcatalog; path = Assets.xcassets; sourceTree = "<group>"; };
		3E2698EA22DEAC5200FF1255 /* Base */ = {isa = PBXFileReference; lastKnownFileType = file.storyboard; name = Base; path = Base.lproj/LaunchScreen.storyboard; sourceTree = "<group>"; };
		3E2698EC22DEAC5200FF1255 /* Info.plist */ = {isa = PBXFileReference; lastKnownFileType = text.plist.xml; path = Info.plist; sourceTree = "<group>"; };
		3E2698F622DFAA4B00FF1255 /* AddPOIViewController.swift */ = {isa = PBXFileReference; lastKnownFileType = sourcecode.swift; path = AddPOIViewController.swift; sourceTree = "<group>"; };
		3E2698F822DFAA9E00FF1255 /* POIDetailViewController.swift */ = {isa = PBXFileReference; lastKnownFileType = sourcecode.swift; path = POIDetailViewController.swift; sourceTree = "<group>"; };
		3E2698FC22DFB0D500FF1255 /* POI.swift */ = {isa = PBXFileReference; lastKnownFileType = sourcecode.swift; path = POI.swift; sourceTree = "<group>"; };
		3E2698FE22DFBD0E00FF1255 /* POITableViewController.swift */ = {isa = PBXFileReference; lastKnownFileType = sourcecode.swift; path = POITableViewController.swift; sourceTree = "<group>"; };
		3E8D90A222DFD72200CEEB70 /* PoiTableViewCell.swift */ = {isa = PBXFileReference; lastKnownFileType = sourcecode.swift; path = PoiTableViewCell.swift; sourceTree = "<group>"; };
/* End PBXFileReference section */

/* Begin PBXFrameworksBuildPhase section */
		3E2698DA22DEAC5100FF1255 /* Frameworks */ = {
			isa = PBXFrameworksBuildPhase;
			buildActionMask = 2147483647;
			files = (
			);
			runOnlyForDeploymentPostprocessing = 0;
		};
/* End PBXFrameworksBuildPhase section */

/* Begin PBXGroup section */
		3E2698D422DEAC5100FF1255 = {
			isa = PBXGroup;
			children = (
				3E2698DF22DEAC5100FF1255 /* Grail Diary Part 1 - Auto Layout */,
				3E2698DE22DEAC5100FF1255 /* Products */,
			);
			sourceTree = "<group>";
		};
		3E2698DE22DEAC5100FF1255 /* Products */ = {
			isa = PBXGroup;
			children = (
				3E2698DD22DEAC5100FF1255 /* Grail Diary Part 1 - Auto Layout.app */,
			);
			name = Products;
			sourceTree = "<group>";
		};
		3E2698DF22DEAC5100FF1255 /* Grail Diary Part 1 - Auto Layout */ = {
			isa = PBXGroup;
			children = (
				3E2698FE22DFBD0E00FF1255 /* POITableViewController.swift */,
				3E2698E222DEAC5100FF1255 /* CluesTableViewController.swift */,
				3E2698F622DFAA4B00FF1255 /* AddPOIViewController.swift */,
				3E2698F822DFAA9E00FF1255 /* POIDetailViewController.swift */,
				3E2698FC22DFB0D500FF1255 /* POI.swift */,
				3E8D90A222DFD72200CEEB70 /* PoiTableViewCell.swift */,
				3E2698E422DEAC5100FF1255 /* Main.storyboard */,
				3E2698E722DEAC5200FF1255 /* Assets.xcassets */,
				3E2698E922DEAC5200FF1255 /* LaunchScreen.storyboard */,
				3E2698EC22DEAC5200FF1255 /* Info.plist */,
			);
			path = "Grail Diary Part 1 - Auto Layout";
			sourceTree = "<group>";
		};
/* End PBXGroup section */

/* Begin PBXNativeTarget section */
		3E2698DC22DEAC5100FF1255 /* Grail Diary Part 1 - Auto Layout */ = {
			isa = PBXNativeTarget;
			buildConfigurationList = 3E2698EF22DEAC5200FF1255 /* Build configuration list for PBXNativeTarget "Grail Diary Part 1 - Auto Layout" */;
			buildPhases = (
				3E2698D922DEAC5100FF1255 /* Sources */,
				3E2698DA22DEAC5100FF1255 /* Frameworks */,
				3E2698DB22DEAC5100FF1255 /* Resources */,
			);
			buildRules = (
			);
			dependencies = (
			);
			name = "Grail Diary Part 1 - Auto Layout";
			productName = "Grail Diary Part 1 - Auto Layout";
			productReference = 3E2698DD22DEAC5100FF1255 /* Grail Diary Part 1 - Auto Layout.app */;
			productType = "com.apple.product-type.application";
		};
/* End PBXNativeTarget section */

/* Begin PBXProject section */
		3E2698D522DEAC5100FF1255 /* Project object */ = {
			isa = PBXProject;
			attributes = {
				LastSwiftUpdateCheck = 1020;
				LastUpgradeCheck = 1020;
				ORGANIZATIONNAME = "Nicolas Rios";
				TargetAttributes = {
					3E2698DC22DEAC5100FF1255 = {
						CreatedOnToolsVersion = 10.2.1;
					};
				};
			};
			buildConfigurationList = 3E2698D822DEAC5100FF1255 /* Build configuration list for PBXProject "Grail Diary Part 1 - Auto Layout" */;
			compatibilityVersion = "Xcode 9.3";
			developmentRegion = en;
			hasScannedForEncodings = 0;
			knownRegions = (
				en,
				Base,
			);
			mainGroup = 3E2698D422DEAC5100FF1255;
			productRefGroup = 3E2698DE22DEAC5100FF1255 /* Products */;
			projectDirPath = "";
			projectRoot = "";
			targets = (
				3E2698DC22DEAC5100FF1255 /* Grail Diary Part 1 - Auto Layout */,
			);
		};
/* End PBXProject section */

/* Begin PBXResourcesBuildPhase section */
		3E2698DB22DEAC5100FF1255 /* Resources */ = {
			isa = PBXResourcesBuildPhase;
			buildActionMask = 2147483647;
			files = (
				3E2698EB22DEAC5200FF1255 /* LaunchScreen.storyboard in Resources */,
				3E2698E822DEAC5200FF1255 /* Assets.xcassets in Resources */,
				3E2698E622DEAC5100FF1255 /* Main.storyboard in Resources */,
			);
			runOnlyForDeploymentPostprocessing = 0;
		};
/* End PBXResourcesBuildPhase section */

/* Begin PBXSourcesBuildPhase section */
		3E2698D922DEAC5100FF1255 /* Sources */ = {
			isa = PBXSourcesBuildPhase;
			buildActionMask = 2147483647;
			files = (
				3E2698FD22DFB0D500FF1255 /* POI.swift in Sources */,
				3E2698F722DFAA4B00FF1255 /* AddPOIViewController.swift in Sources */,
				3E2698E322DEAC5100FF1255 /* CluesTableViewController.swift in Sources */,
				3E8D90A322DFD72200CEEB70 /* PoiTableViewCell.swift in Sources */,
				3E2698FF22DFBD0E00FF1255 /* POITableViewController.swift in Sources */,
				3E2698F922DFAA9E00FF1255 /* POIDetailViewController.swift in Sources */,
			);
			runOnlyForDeploymentPostprocessing = 0;
		};
/* End PBXSourcesBuildPhase section */

/* Begin PBXVariantGroup section */
		3E2698E422DEAC5100FF1255 /* Main.storyboard */ = {
			isa = PBXVariantGroup;
			children = (
				3E2698E522DEAC5100FF1255 /* Base */,
			);
			name = Main.storyboard;
			sourceTree = "<group>";
		};
		3E2698E922DEAC5200FF1255 /* LaunchScreen.storyboard */ = {
			isa = PBXVariantGroup;
			children = (
				3E2698EA22DEAC5200FF1255 /* Base */,
			);
			name = LaunchScreen.storyboard;
			sourceTree = "<group>";
		};
/* End PBXVariantGroup section */

/* Begin XCBuildConfiguration section */
		3E2698ED22DEAC5200FF1255 /* Debug */ = {
			isa = XCBuildConfiguration;
			buildSettings = {
				ALWAYS_SEARCH_USER_PATHS = NO;
				CLANG_ANALYZER_NONNULL = YES;
				CLANG_ANALYZER_NUMBER_OBJECT_CONVERSION = YES_AGGRESSIVE;
				CLANG_CXX_LANGUAGE_STANDARD = "gnu++14";
				CLANG_CXX_LIBRARY = "libc++";
				CLANG_ENABLE_MODULES = YES;
				CLANG_ENABLE_OBJC_ARC = YES;
				CLANG_ENABLE_OBJC_WEAK = YES;
				CLANG_WARN_BLOCK_CAPTURE_AUTORELEASING = YES;
				CLANG_WARN_BOOL_CONVERSION = YES;
				CLANG_WARN_COMMA = YES;
				CLANG_WARN_CONSTANT_CONVERSION = YES;
				CLANG_WARN_DEPRECATED_OBJC_IMPLEMENTATIONS = YES;
				CLANG_WARN_DIRECT_OBJC_ISA_USAGE = YES_ERROR;
				CLANG_WARN_DOCUMENTATION_COMMENTS = YES;
				CLANG_WARN_EMPTY_BODY = YES;
				CLANG_WARN_ENUM_CONVERSION = YES;
				CLANG_WARN_INFINITE_RECURSION = YES;
				CLANG_WARN_INT_CONVERSION = YES;
				CLANG_WARN_NON_LITERAL_NULL_CONVERSION = YES;
				CLANG_WARN_OBJC_IMPLICIT_RETAIN_SELF = YES;
				CLANG_WARN_OBJC_LITERAL_CONVERSION = YES;
				CLANG_WARN_OBJC_ROOT_CLASS = YES_ERROR;
				CLANG_WARN_RANGE_LOOP_ANALYSIS = YES;
				CLANG_WARN_STRICT_PROTOTYPES = YES;
				CLANG_WARN_SUSPICIOUS_MOVE = YES;
				CLANG_WARN_UNGUARDED_AVAILABILITY = YES_AGGRESSIVE;
				CLANG_WARN_UNREACHABLE_CODE = YES;
				CLANG_WARN__DUPLICATE_METHOD_MATCH = YES;
				CODE_SIGN_IDENTITY = "iPhone Developer";
				COPY_PHASE_STRIP = NO;
				DEBUG_INFORMATION_FORMAT = dwarf;
				ENABLE_STRICT_OBJC_MSGSEND = YES;
				ENABLE_TESTABILITY = YES;
				GCC_C_LANGUAGE_STANDARD = gnu11;
				GCC_DYNAMIC_NO_PIC = NO;
				GCC_NO_COMMON_BLOCKS = YES;
				GCC_OPTIMIZATION_LEVEL = 0;
				GCC_PREPROCESSOR_DEFINITIONS = (
					"DEBUG=1",
					"$(inherited)",
				);
				GCC_WARN_64_TO_32_BIT_CONVERSION = YES;
				GCC_WARN_ABOUT_RETURN_TYPE = YES_ERROR;
				GCC_WARN_UNDECLARED_SELECTOR = YES;
				GCC_WARN_UNINITIALIZED_AUTOS = YES_AGGRESSIVE;
				GCC_WARN_UNUSED_FUNCTION = YES;
				GCC_WARN_UNUSED_VARIABLE = YES;
				IPHONEOS_DEPLOYMENT_TARGET = 12.2;
				MTL_ENABLE_DEBUG_INFO = INCLUDE_SOURCE;
				MTL_FAST_MATH = YES;
				ONLY_ACTIVE_ARCH = YES;
				SDKROOT = iphoneos;
				SWIFT_ACTIVE_COMPILATION_CONDITIONS = DEBUG;
				SWIFT_OPTIMIZATION_LEVEL = "-Onone";
			};
			name = Debug;
		};
		3E2698EE22DEAC5200FF1255 /* Release */ = {
			isa = XCBuildConfiguration;
			buildSettings = {
				ALWAYS_SEARCH_USER_PATHS = NO;
				CLANG_ANALYZER_NONNULL = YES;
				CLANG_ANALYZER_NUMBER_OBJECT_CONVERSION = YES_AGGRESSIVE;
				CLANG_CXX_LANGUAGE_STANDARD = "gnu++14";
				CLANG_CXX_LIBRARY = "libc++";
				CLANG_ENABLE_MODULES = YES;
				CLANG_ENABLE_OBJC_ARC = YES;
				CLANG_ENABLE_OBJC_WEAK = YES;
				CLANG_WARN_BLOCK_CAPTURE_AUTORELEASING = YES;
				CLANG_WARN_BOOL_CONVERSION = YES;
				CLANG_WARN_COMMA = YES;
				CLANG_WARN_CONSTANT_CONVERSION = YES;
				CLANG_WARN_DEPRECATED_OBJC_IMPLEMENTATIONS = YES;
				CLANG_WARN_DIRECT_OBJC_ISA_USAGE = YES_ERROR;
				CLANG_WARN_DOCUMENTATION_COMMENTS = YES;
				CLANG_WARN_EMPTY_BODY = YES;
				CLANG_WARN_ENUM_CONVERSION = YES;
				CLANG_WARN_INFINITE_RECURSION = YES;
				CLANG_WARN_INT_CONVERSION = YES;
				CLANG_WARN_NON_LITERAL_NULL_CONVERSION = YES;
				CLANG_WARN_OBJC_IMPLICIT_RETAIN_SELF = YES;
				CLANG_WARN_OBJC_LITERAL_CONVERSION = YES;
				CLANG_WARN_OBJC_ROOT_CLASS = YES_ERROR;
				CLANG_WARN_RANGE_LOOP_ANALYSIS = YES;
				CLANG_WARN_STRICT_PROTOTYPES = YES;
				CLANG_WARN_SUSPICIOUS_MOVE = YES;
				CLANG_WARN_UNGUARDED_AVAILABILITY = YES_AGGRESSIVE;
				CLANG_WARN_UNREACHABLE_CODE = YES;
				CLANG_WARN__DUPLICATE_METHOD_MATCH = YES;
				CODE_SIGN_IDENTITY = "iPhone Developer";
				COPY_PHASE_STRIP = NO;
				DEBUG_INFORMATION_FORMAT = "dwarf-with-dsym";
				ENABLE_NS_ASSERTIONS = NO;
				ENABLE_STRICT_OBJC_MSGSEND = YES;
				GCC_C_LANGUAGE_STANDARD = gnu11;
				GCC_NO_COMMON_BLOCKS = YES;
				GCC_WARN_64_TO_32_BIT_CONVERSION = YES;
				GCC_WARN_ABOUT_RETURN_TYPE = YES_ERROR;
				GCC_WARN_UNDECLARED_SELECTOR = YES;
				GCC_WARN_UNINITIALIZED_AUTOS = YES_AGGRESSIVE;
				GCC_WARN_UNUSED_FUNCTION = YES;
				GCC_WARN_UNUSED_VARIABLE = YES;
				IPHONEOS_DEPLOYMENT_TARGET = 12.2;
				MTL_ENABLE_DEBUG_INFO = NO;
				MTL_FAST_MATH = YES;
				SDKROOT = iphoneos;
				SWIFT_COMPILATION_MODE = wholemodule;
				SWIFT_OPTIMIZATION_LEVEL = "-O";
				VALIDATE_PRODUCT = YES;
			};
			name = Release;
		};
		3E2698F022DEAC5200FF1255 /* Debug */ = {
			isa = XCBuildConfiguration;
			buildSettings = {
				ASSETCATALOG_COMPILER_APPICON_NAME = AppIcon;
				CODE_SIGN_STYLE = Automatic;
				DEVELOPMENT_TEAM = Y9UNY8645A;
				INFOPLIST_FILE = "Grail Diary Part 1 - Auto Layout/Info.plist";
				LD_RUNPATH_SEARCH_PATHS = (
					"$(inherited)",
					"@executable_path/Frameworks",
				);
				PRODUCT_BUNDLE_IDENTIFIER = "com.codewithnick.Grail-Diary-Part-1---Auto-Layout";
				PRODUCT_NAME = "$(TARGET_NAME)";
				SWIFT_VERSION = 5.0;
				TARGETED_DEVICE_FAMILY = "1,2";
			};
			name = Debug;
		};
		3E2698F122DEAC5200FF1255 /* Release */ = {
			isa = XCBuildConfiguration;
			buildSettings = {
				ASSETCATALOG_COMPILER_APPICON_NAME = AppIcon;
				CODE_SIGN_STYLE = Automatic;
				DEVELOPMENT_TEAM = Y9UNY8645A;
				INFOPLIST_FILE = "Grail Diary Part 1 - Auto Layout/Info.plist";
				LD_RUNPATH_SEARCH_PATHS = (
					"$(inherited)",
					"@executable_path/Frameworks",
				);
				PRODUCT_BUNDLE_IDENTIFIER = "com.codewithnick.Grail-Diary-Part-1---Auto-Layout";
				PRODUCT_NAME = "$(TARGET_NAME)";
				SWIFT_VERSION = 5.0;
				TARGETED_DEVICE_FAMILY = "1,2";
			};
			name = Release;
		};
/* End XCBuildConfiguration section */

/* Begin XCConfigurationList section */
		3E2698D822DEAC5100FF1255 /* Build configuration list for PBXProject "Grail Diary Part 1 - Auto Layout" */ = {
			isa = XCConfigurationList;
			buildConfigurations = (
				3E2698ED22DEAC5200FF1255 /* Debug */,
				3E2698EE22DEAC5200FF1255 /* Release */,
			);
			defaultConfigurationIsVisible = 0;
			defaultConfigurationName = Release;
		};
		3E2698EF22DEAC5200FF1255 /* Build configuration list for PBXNativeTarget "Grail Diary Part 1 - Auto Layout" */ = {
			isa = XCConfigurationList;
			buildConfigurations = (
				3E2698F022DEAC5200FF1255 /* Debug */,
				3E2698F122DEAC5200FF1255 /* Release */,
			);
			defaultConfigurationIsVisible = 0;
			defaultConfigurationName = Release;
		};
/* End XCConfigurationList section */
	};
	rootObject = 3E2698D522DEAC5100FF1255 /* Project object */;
}
