// !$*UTF8*$!
{
	archiveVersion = 1;
	classes = {
	};
	objectVersion = 50;
	objects = {

/* Begin PBXBuildFile section */
		95025ECE22EAABE8006E70C0 /* AppDelegate.swift in Sources */ = {isa = PBXBuildFile; fileRef = 95025ECD22EAABE8006E70C0 /* AppDelegate.swift */; };
		95025ED022EAABE8006E70C0 /* CluesTableViewController.swift in Sources */ = {isa = PBXBuildFile; fileRef = 95025ECF22EAABE8006E70C0 /* CluesTableViewController.swift */; };
		95025ED322EAABE8006E70C0 /* Main.storyboard in Resources */ = {isa = PBXBuildFile; fileRef = 95025ED122EAABE8006E70C0 /* Main.storyboard */; };
		95025ED522EAABE8006E70C0 /* Assets.xcassets in Resources */ = {isa = PBXBuildFile; fileRef = 95025ED422EAABE8006E70C0 /* Assets.xcassets */; };
		95025ED822EAABE8006E70C0 /* LaunchScreen.storyboard in Resources */ = {isa = PBXBuildFile; fileRef = 95025ED622EAABE8006E70C0 /* LaunchScreen.storyboard */; };
		953429A622F11F0800C39D75 /* POIsTableViewController.swift in Sources */ = {isa = PBXBuildFile; fileRef = 953429A522F11F0800C39D75 /* POIsTableViewController.swift */; };
		953429A822F11FAE00C39D75 /* POITableViewCell.swift in Sources */ = {isa = PBXBuildFile; fileRef = 953429A722F11FAE00C39D75 /* POITableViewCell.swift */; };
		953429AA22F11FBB00C39D75 /* POI.swift in Sources */ = {isa = PBXBuildFile; fileRef = 953429A922F11FBB00C39D75 /* POI.swift */; };
		95C43E3522EE862C002669FC /* POIDetailViewController.swift in Sources */ = {isa = PBXBuildFile; fileRef = 95C43E3422EE862C002669FC /* POIDetailViewController.swift */; };
		95C43E3722EE86AA002669FC /* AddPOIViewController.swift in Sources */ = {isa = PBXBuildFile; fileRef = 95C43E3622EE86AA002669FC /* AddPOIViewController.swift */; };
/* End PBXBuildFile section */

/* Begin PBXFileReference section */
		95025ECA22EAABE8006E70C0 /* Grail Diary.app */ = {isa = PBXFileReference; explicitFileType = wrapper.application; includeInIndex = 0; path = "Grail Diary.app"; sourceTree = BUILT_PRODUCTS_DIR; };
		95025ECD22EAABE8006E70C0 /* AppDelegate.swift */ = {isa = PBXFileReference; lastKnownFileType = sourcecode.swift; path = AppDelegate.swift; sourceTree = "<group>"; };
		95025ECF22EAABE8006E70C0 /* CluesTableViewController.swift */ = {isa = PBXFileReference; lastKnownFileType = sourcecode.swift; path = CluesTableViewController.swift; sourceTree = "<group>"; };
		95025ED222EAABE8006E70C0 /* Base */ = {isa = PBXFileReference; lastKnownFileType = file.storyboard; name = Base; path = Base.lproj/Main.storyboard; sourceTree = "<group>"; };
		95025ED422EAABE8006E70C0 /* Assets.xcassets */ = {isa = PBXFileReference; lastKnownFileType = folder.assetcatalog; path = Assets.xcassets; sourceTree = "<group>"; };
		95025ED722EAABE8006E70C0 /* Base */ = {isa = PBXFileReference; lastKnownFileType = file.storyboard; name = Base; path = Base.lproj/LaunchScreen.storyboard; sourceTree = "<group>"; };
		95025ED922EAABE8006E70C0 /* Info.plist */ = {isa = PBXFileReference; lastKnownFileType = text.plist.xml; path = Info.plist; sourceTree = "<group>"; };
		953429A522F11F0800C39D75 /* POIsTableViewController.swift */ = {isa = PBXFileReference; lastKnownFileType = sourcecode.swift; path = POIsTableViewController.swift; sourceTree = "<group>"; };
		953429A722F11FAE00C39D75 /* POITableViewCell.swift */ = {isa = PBXFileReference; lastKnownFileType = sourcecode.swift; path = POITableViewCell.swift; sourceTree = "<group>"; };
		953429A922F11FBB00C39D75 /* POI.swift */ = {isa = PBXFileReference; lastKnownFileType = sourcecode.swift; path = POI.swift; sourceTree = "<group>"; };
		95C43E3422EE862C002669FC /* POIDetailViewController.swift */ = {isa = PBXFileReference; lastKnownFileType = sourcecode.swift; path = POIDetailViewController.swift; sourceTree = "<group>"; };
		95C43E3622EE86AA002669FC /* AddPOIViewController.swift */ = {isa = PBXFileReference; lastKnownFileType = sourcecode.swift; path = AddPOIViewController.swift; sourceTree = "<group>"; };
/* End PBXFileReference section */

/* Begin PBXFrameworksBuildPhase section */
		95025EC722EAABE8006E70C0 /* Frameworks */ = {
			isa = PBXFrameworksBuildPhase;
			buildActionMask = 2147483647;
			files = (
			);
			runOnlyForDeploymentPostprocessing = 0;
		};
/* End PBXFrameworksBuildPhase section */

/* Begin PBXGroup section */
		95025EC122EAABE8006E70C0 = {
			isa = PBXGroup;
			children = (
				95025ECC22EAABE8006E70C0 /* Grail Diary */,
				95025ECB22EAABE8006E70C0 /* Products */,
			);
			sourceTree = "<group>";
		};
		95025ECB22EAABE8006E70C0 /* Products */ = {
			isa = PBXGroup;
			children = (
				95025ECA22EAABE8006E70C0 /* Grail Diary.app */,
			);
			name = Products;
			sourceTree = "<group>";
		};
		95025ECC22EAABE8006E70C0 /* Grail Diary */ = {
			isa = PBXGroup;
			children = (
				953429AD22F11FDD00C39D75 /* Custom Views */,
				953429AC22F11FD400C39D75 /* Models */,
				953429AB22F11FC800C39D75 /* View Controllers */,
				95025ECD22EAABE8006E70C0 /* AppDelegate.swift */,
				95025ED122EAABE8006E70C0 /* Main.storyboard */,
				95025ED422EAABE8006E70C0 /* Assets.xcassets */,
				95025ED622EAABE8006E70C0 /* LaunchScreen.storyboard */,
				95025ED922EAABE8006E70C0 /* Info.plist */,
			);
			path = "Grail Diary";
			sourceTree = "<group>";
		};
		953429AB22F11FC800C39D75 /* View Controllers */ = {
			isa = PBXGroup;
			children = (
				95025ECF22EAABE8006E70C0 /* CluesTableViewController.swift */,
				953429A522F11F0800C39D75 /* POIsTableViewController.swift */,
				95C43E3622EE86AA002669FC /* AddPOIViewController.swift */,
				95C43E3422EE862C002669FC /* POIDetailViewController.swift */,
			);
			path = "View Controllers";
			sourceTree = "<group>";
		};
		953429AC22F11FD400C39D75 /* Models */ = {
			isa = PBXGroup;
			children = (
				953429A922F11FBB00C39D75 /* POI.swift */,
			);
			path = Models;
			sourceTree = "<group>";
		};
		953429AD22F11FDD00C39D75 /* Custom Views */ = {
			isa = PBXGroup;
			children = (
				953429A722F11FAE00C39D75 /* POITableViewCell.swift */,
			);
			path = "Custom Views";
			sourceTree = "<group>";
		};
/* End PBXGroup section */

/* Begin PBXNativeTarget section */
		95025EC922EAABE8006E70C0 /* Grail Diary */ = {
			isa = PBXNativeTarget;
			buildConfigurationList = 95025EDC22EAABE8006E70C0 /* Build configuration list for PBXNativeTarget "Grail Diary" */;
			buildPhases = (
				95025EC622EAABE8006E70C0 /* Sources */,
				95025EC722EAABE8006E70C0 /* Frameworks */,
				95025EC822EAABE8006E70C0 /* Resources */,
			);
			buildRules = (
			);
			dependencies = (
			);
			name = "Grail Diary";
			productName = "Grail Diary";
			productReference = 95025ECA22EAABE8006E70C0 /* Grail Diary.app */;
			productType = "com.apple.product-type.application";
		};
/* End PBXNativeTarget section */

/* Begin PBXProject section */
		95025EC222EAABE8006E70C0 /* Project object */ = {
			isa = PBXProject;
			attributes = {
				LastSwiftUpdateCheck = 1030;
				LastUpgradeCheck = 1030;
				ORGANIZATIONNAME = "Jessie Griffin";
				TargetAttributes = {
					95025EC922EAABE8006E70C0 = {
						CreatedOnToolsVersion = 10.3;
					};
				};
			};
			buildConfigurationList = 95025EC522EAABE8006E70C0 /* Build configuration list for PBXProject "Grail Diary" */;
			compatibilityVersion = "Xcode 9.3";
			developmentRegion = en;
			hasScannedForEncodings = 0;
			knownRegions = (
				en,
				Base,
			);
			mainGroup = 95025EC122EAABE8006E70C0;
			productRefGroup = 95025ECB22EAABE8006E70C0 /* Products */;
			projectDirPath = "";
			projectRoot = "";
			targets = (
				95025EC922EAABE8006E70C0 /* Grail Diary */,
			);
		};
/* End PBXProject section */

/* Begin PBXResourcesBuildPhase section */
		95025EC822EAABE8006E70C0 /* Resources */ = {
			isa = PBXResourcesBuildPhase;
			buildActionMask = 2147483647;
			files = (
				95025ED822EAABE8006E70C0 /* LaunchScreen.storyboard in Resources */,
				95025ED522EAABE8006E70C0 /* Assets.xcassets in Resources */,
				95025ED322EAABE8006E70C0 /* Main.storyboard in Resources */,
			);
			runOnlyForDeploymentPostprocessing = 0;
		};
/* End PBXResourcesBuildPhase section */

/* Begin PBXSourcesBuildPhase section */
		95025EC622EAABE8006E70C0 /* Sources */ = {
			isa = PBXSourcesBuildPhase;
			buildActionMask = 2147483647;
			files = (
				953429AA22F11FBB00C39D75 /* POI.swift in Sources */,
				953429A622F11F0800C39D75 /* POIsTableViewController.swift in Sources */,
				95025ED022EAABE8006E70C0 /* CluesTableViewController.swift in Sources */,
				95C43E3722EE86AA002669FC /* AddPOIViewController.swift in Sources */,
				95C43E3522EE862C002669FC /* POIDetailViewController.swift in Sources */,
				953429A822F11FAE00C39D75 /* POITableViewCell.swift in Sources */,
				95025ECE22EAABE8006E70C0 /* AppDelegate.swift in Sources */,
			);
			runOnlyForDeploymentPostprocessing = 0;
		};
/* End PBXSourcesBuildPhase section */

/* Begin PBXVariantGroup section */
		95025ED122EAABE8006E70C0 /* Main.storyboard */ = {
			isa = PBXVariantGroup;
			children = (
				95025ED222EAABE8006E70C0 /* Base */,
			);
			name = Main.storyboard;
			sourceTree = "<group>";
		};
		95025ED622EAABE8006E70C0 /* LaunchScreen.storyboard */ = {
			isa = PBXVariantGroup;
			children = (
				95025ED722EAABE8006E70C0 /* Base */,
			);
			name = LaunchScreen.storyboard;
			sourceTree = "<group>";
		};
/* End PBXVariantGroup section */

/* Begin XCBuildConfiguration section */
		95025EDA22EAABE8006E70C0 /* Debug */ = {
			isa = XCBuildConfiguration;
			buildSettings = {
				ALWAYS_SEARCH_USER_PATHS = NO;
				CLANG_ANALYZER_NONNULL = YES;
				CLANG_ANALYZER_NUMBER_OBJECT_CONVERSION = YES_AGGRESSIVE;
				CLANG_CXX_LANGUAGE_STANDARD = "gnu++14";
				CLANG_CXX_LIBRARY = "libc++";
				CLANG_ENABLE_MODULES = YES;
				CLANG_ENABLE_OBJC_ARC = YES;
				CLANG_ENABLE_OBJC_WEAK = YES;
				CLANG_WARN_BLOCK_CAPTURE_AUTORELEASING = YES;
				CLANG_WARN_BOOL_CONVERSION = YES;
				CLANG_WARN_COMMA = YES;
				CLANG_WARN_CONSTANT_CONVERSION = YES;
				CLANG_WARN_DEPRECATED_OBJC_IMPLEMENTATIONS = YES;
				CLANG_WARN_DIRECT_OBJC_ISA_USAGE = YES_ERROR;
				CLANG_WARN_DOCUMENTATION_COMMENTS = YES;
				CLANG_WARN_EMPTY_BODY = YES;
				CLANG_WARN_ENUM_CONVERSION = YES;
				CLANG_WARN_INFINITE_RECURSION = YES;
				CLANG_WARN_INT_CONVERSION = YES;
				CLANG_WARN_NON_LITERAL_NULL_CONVERSION = YES;
				CLANG_WARN_OBJC_IMPLICIT_RETAIN_SELF = YES;
				CLANG_WARN_OBJC_LITERAL_CONVERSION = YES;
				CLANG_WARN_OBJC_ROOT_CLASS = YES_ERROR;
				CLANG_WARN_RANGE_LOOP_ANALYSIS = YES;
				CLANG_WARN_STRICT_PROTOTYPES = YES;
				CLANG_WARN_SUSPICIOUS_MOVE = YES;
				CLANG_WARN_UNGUARDED_AVAILABILITY = YES_AGGRESSIVE;
				CLANG_WARN_UNREACHABLE_CODE = YES;
				CLANG_WARN__DUPLICATE_METHOD_MATCH = YES;
				CODE_SIGN_IDENTITY = "iPhone Developer";
				COPY_PHASE_STRIP = NO;
				DEBUG_INFORMATION_FORMAT = dwarf;
				ENABLE_STRICT_OBJC_MSGSEND = YES;
				ENABLE_TESTABILITY = YES;
				GCC_C_LANGUAGE_STANDARD = gnu11;
				GCC_DYNAMIC_NO_PIC = NO;
				GCC_NO_COMMON_BLOCKS = YES;
				GCC_OPTIMIZATION_LEVEL = 0;
				GCC_PREPROCESSOR_DEFINITIONS = (
					"DEBUG=1",
					"$(inherited)",
				);
				GCC_WARN_64_TO_32_BIT_CONVERSION = YES;
				GCC_WARN_ABOUT_RETURN_TYPE = YES_ERROR;
				GCC_WARN_UNDECLARED_SELECTOR = YES;
				GCC_WARN_UNINITIALIZED_AUTOS = YES_AGGRESSIVE;
				GCC_WARN_UNUSED_FUNCTION = YES;
				GCC_WARN_UNUSED_VARIABLE = YES;
				IPHONEOS_DEPLOYMENT_TARGET = 12.4;
				MTL_ENABLE_DEBUG_INFO = INCLUDE_SOURCE;
				MTL_FAST_MATH = YES;
				ONLY_ACTIVE_ARCH = YES;
				SDKROOT = iphoneos;
				SWIFT_ACTIVE_COMPILATION_CONDITIONS = DEBUG;
				SWIFT_OPTIMIZATION_LEVEL = "-Onone";
			};
			name = Debug;
		};
		95025EDB22EAABE8006E70C0 /* Release */ = {
			isa = XCBuildConfiguration;
			buildSettings = {
				ALWAYS_SEARCH_USER_PATHS = NO;
				CLANG_ANALYZER_NONNULL = YES;
				CLANG_ANALYZER_NUMBER_OBJECT_CONVERSION = YES_AGGRESSIVE;
				CLANG_CXX_LANGUAGE_STANDARD = "gnu++14";
				CLANG_CXX_LIBRARY = "libc++";
				CLANG_ENABLE_MODULES = YES;
				CLANG_ENABLE_OBJC_ARC = YES;
				CLANG_ENABLE_OBJC_WEAK = YES;
				CLANG_WARN_BLOCK_CAPTURE_AUTORELEASING = YES;
				CLANG_WARN_BOOL_CONVERSION = YES;
				CLANG_WARN_COMMA = YES;
				CLANG_WARN_CONSTANT_CONVERSION = YES;
				CLANG_WARN_DEPRECATED_OBJC_IMPLEMENTATIONS = YES;
				CLANG_WARN_DIRECT_OBJC_ISA_USAGE = YES_ERROR;
				CLANG_WARN_DOCUMENTATION_COMMENTS = YES;
				CLANG_WARN_EMPTY_BODY = YES;
				CLANG_WARN_ENUM_CONVERSION = YES;
				CLANG_WARN_INFINITE_RECURSION = YES;
				CLANG_WARN_INT_CONVERSION = YES;
				CLANG_WARN_NON_LITERAL_NULL_CONVERSION = YES;
				CLANG_WARN_OBJC_IMPLICIT_RETAIN_SELF = YES;
				CLANG_WARN_OBJC_LITERAL_CONVERSION = YES;
				CLANG_WARN_OBJC_ROOT_CLASS = YES_ERROR;
				CLANG_WARN_RANGE_LOOP_ANALYSIS = YES;
				CLANG_WARN_STRICT_PROTOTYPES = YES;
				CLANG_WARN_SUSPICIOUS_MOVE = YES;
				CLANG_WARN_UNGUARDED_AVAILABILITY = YES_AGGRESSIVE;
				CLANG_WARN_UNREACHABLE_CODE = YES;
				CLANG_WARN__DUPLICATE_METHOD_MATCH = YES;
				CODE_SIGN_IDENTITY = "iPhone Developer";
				COPY_PHASE_STRIP = NO;
				DEBUG_INFORMATION_FORMAT = "dwarf-with-dsym";
				ENABLE_NS_ASSERTIONS = NO;
				ENABLE_STRICT_OBJC_MSGSEND = YES;
				GCC_C_LANGUAGE_STANDARD = gnu11;
				GCC_NO_COMMON_BLOCKS = YES;
				GCC_WARN_64_TO_32_BIT_CONVERSION = YES;
				GCC_WARN_ABOUT_RETURN_TYPE = YES_ERROR;
				GCC_WARN_UNDECLARED_SELECTOR = YES;
				GCC_WARN_UNINITIALIZED_AUTOS = YES_AGGRESSIVE;
				GCC_WARN_UNUSED_FUNCTION = YES;
				GCC_WARN_UNUSED_VARIABLE = YES;
				IPHONEOS_DEPLOYMENT_TARGET = 12.4;
				MTL_ENABLE_DEBUG_INFO = NO;
				MTL_FAST_MATH = YES;
				SDKROOT = iphoneos;
				SWIFT_COMPILATION_MODE = wholemodule;
				SWIFT_OPTIMIZATION_LEVEL = "-O";
				VALIDATE_PRODUCT = YES;
			};
			name = Release;
		};
		95025EDD22EAABE8006E70C0 /* Debug */ = {
			isa = XCBuildConfiguration;
			buildSettings = {
				ASSETCATALOG_COMPILER_APPICON_NAME = AppIcon;
				CODE_SIGN_STYLE = Automatic;
				DEVELOPMENT_TEAM = PV8C8697QD;
				INFOPLIST_FILE = "Grail Diary/Info.plist";
				LD_RUNPATH_SEARCH_PATHS = (
					"$(inherited)",
					"@executable_path/Frameworks",
				);
				PRODUCT_BUNDLE_IDENTIFIER = "com.jessiegriffin.Grail-Diary";
				PRODUCT_NAME = "$(TARGET_NAME)";
				SWIFT_VERSION = 5.0;
				TARGETED_DEVICE_FAMILY = "1,2";
			};
			name = Debug;
		};
		95025EDE22EAABE8006E70C0 /* Release */ = {
			isa = XCBuildConfiguration;
			buildSettings = {
				ASSETCATALOG_COMPILER_APPICON_NAME = AppIcon;
				CODE_SIGN_STYLE = Automatic;
				DEVELOPMENT_TEAM = PV8C8697QD;
				INFOPLIST_FILE = "Grail Diary/Info.plist";
				LD_RUNPATH_SEARCH_PATHS = (
					"$(inherited)",
					"@executable_path/Frameworks",
				);
				PRODUCT_BUNDLE_IDENTIFIER = "com.jessiegriffin.Grail-Diary";
				PRODUCT_NAME = "$(TARGET_NAME)";
				SWIFT_VERSION = 5.0;
				TARGETED_DEVICE_FAMILY = "1,2";
			};
			name = Release;
		};
/* End XCBuildConfiguration section */

/* Begin XCConfigurationList section */
		95025EC522EAABE8006E70C0 /* Build configuration list for PBXProject "Grail Diary" */ = {
			isa = XCConfigurationList;
			buildConfigurations = (
				95025EDA22EAABE8006E70C0 /* Debug */,
				95025EDB22EAABE8006E70C0 /* Release */,
			);
			defaultConfigurationIsVisible = 0;
			defaultConfigurationName = Release;
		};
		95025EDC22EAABE8006E70C0 /* Build configuration list for PBXNativeTarget "Grail Diary" */ = {
			isa = XCConfigurationList;
			buildConfigurations = (
				95025EDD22EAABE8006E70C0 /* Debug */,
				95025EDE22EAABE8006E70C0 /* Release */,
			);
			defaultConfigurationIsVisible = 0;
			defaultConfigurationName = Release;
		};
/* End XCConfigurationList section */
	};
	rootObject = 95025EC222EAABE8006E70C0 /* Project object */;
}
