// !$*UTF8*$!
{
	archiveVersion = 1;
	classes = {
	};
	objectVersion = 50;
	objects = {

/* Begin PBXBuildFile section */
		9C1DE12A22EAB54300D3CB84 /* AppDelegate.swift in Sources */ = {isa = PBXBuildFile; fileRef = 9C1DE12922EAB54300D3CB84 /* AppDelegate.swift */; };
		9C1DE12F22EAB54300D3CB84 /* Main.storyboard in Resources */ = {isa = PBXBuildFile; fileRef = 9C1DE12D22EAB54300D3CB84 /* Main.storyboard */; };
		9C1DE13122EAB54500D3CB84 /* Assets.xcassets in Resources */ = {isa = PBXBuildFile; fileRef = 9C1DE13022EAB54500D3CB84 /* Assets.xcassets */; };
		9C1DE13422EAB54500D3CB84 /* LaunchScreen.storyboard in Resources */ = {isa = PBXBuildFile; fileRef = 9C1DE13222EAB54500D3CB84 /* LaunchScreen.storyboard */; };
		9C6957A622F1229600D76B56 /* POIsTableViewController.swift in Sources */ = {isa = PBXBuildFile; fileRef = 9C6957A522F1229600D76B56 /* POIsTableViewController.swift */; };
		9C6957A822F122CE00D76B56 /* AddPOIViewController.swift in Sources */ = {isa = PBXBuildFile; fileRef = 9C6957A722F122CE00D76B56 /* AddPOIViewController.swift */; };
		9C6957AA22F122FF00D76B56 /* POIDetailViewController.swift in Sources */ = {isa = PBXBuildFile; fileRef = 9C6957A922F122FF00D76B56 /* POIDetailViewController.swift */; };
		9C6957AC22F123BC00D76B56 /* POITableViewCell.swift in Sources */ = {isa = PBXBuildFile; fileRef = 9C6957AB22F123BC00D76B56 /* POITableViewCell.swift */; };
		9C6957B122F1243E00D76B56 /* POI.swift in Sources */ = {isa = PBXBuildFile; fileRef = 9C6957B022F1243E00D76B56 /* POI.swift */; };
/* End PBXBuildFile section */

/* Begin PBXFileReference section */
		9C1DE12622EAB54300D3CB84 /* Grail Diary.app */ = {isa = PBXFileReference; explicitFileType = wrapper.application; includeInIndex = 0; path = "Grail Diary.app"; sourceTree = BUILT_PRODUCTS_DIR; };
		9C1DE12922EAB54300D3CB84 /* AppDelegate.swift */ = {isa = PBXFileReference; lastKnownFileType = sourcecode.swift; path = AppDelegate.swift; sourceTree = "<group>"; };
		9C1DE12E22EAB54300D3CB84 /* Base */ = {isa = PBXFileReference; lastKnownFileType = file.storyboard; name = Base; path = Base.lproj/Main.storyboard; sourceTree = "<group>"; };
		9C1DE13022EAB54500D3CB84 /* Assets.xcassets */ = {isa = PBXFileReference; lastKnownFileType = folder.assetcatalog; path = Assets.xcassets; sourceTree = "<group>"; };
		9C1DE13322EAB54500D3CB84 /* Base */ = {isa = PBXFileReference; lastKnownFileType = file.storyboard; name = Base; path = Base.lproj/LaunchScreen.storyboard; sourceTree = "<group>"; };
		9C1DE13522EAB54500D3CB84 /* Info.plist */ = {isa = PBXFileReference; lastKnownFileType = text.plist.xml; path = Info.plist; sourceTree = "<group>"; };
		9C6957A522F1229600D76B56 /* POIsTableViewController.swift */ = {isa = PBXFileReference; lastKnownFileType = sourcecode.swift; path = POIsTableViewController.swift; sourceTree = "<group>"; };
		9C6957A722F122CE00D76B56 /* AddPOIViewController.swift */ = {isa = PBXFileReference; lastKnownFileType = sourcecode.swift; path = AddPOIViewController.swift; sourceTree = "<group>"; };
		9C6957A922F122FF00D76B56 /* POIDetailViewController.swift */ = {isa = PBXFileReference; lastKnownFileType = sourcecode.swift; path = POIDetailViewController.swift; sourceTree = "<group>"; };
		9C6957AB22F123BC00D76B56 /* POITableViewCell.swift */ = {isa = PBXFileReference; lastKnownFileType = sourcecode.swift; path = POITableViewCell.swift; sourceTree = "<group>"; };
		9C6957B022F1243E00D76B56 /* POI.swift */ = {isa = PBXFileReference; lastKnownFileType = sourcecode.swift; path = POI.swift; sourceTree = "<group>"; };
/* End PBXFileReference section */

/* Begin PBXFrameworksBuildPhase section */
		9C1DE12322EAB54300D3CB84 /* Frameworks */ = {
			isa = PBXFrameworksBuildPhase;
			buildActionMask = 2147483647;
			files = (
			);
			runOnlyForDeploymentPostprocessing = 0;
		};
/* End PBXFrameworksBuildPhase section */

/* Begin PBXGroup section */
		9C1DE11D22EAB54300D3CB84 = {
			isa = PBXGroup;
			children = (
				9C1DE12822EAB54300D3CB84 /* Grail Diary */,
				9C1DE12722EAB54300D3CB84 /* Products */,
			);
			sourceTree = "<group>";
		};
		9C1DE12722EAB54300D3CB84 /* Products */ = {
			isa = PBXGroup;
			children = (
				9C1DE12622EAB54300D3CB84 /* Grail Diary.app */,
			);
			name = Products;
			sourceTree = "<group>";
		};
		9C1DE12822EAB54300D3CB84 /* Grail Diary */ = {
			isa = PBXGroup;
			children = (
				9C6957AD22F123DB00D76B56 /* Custom Views */,
				9C6957AE22F1240D00D76B56 /* Models */,
				9C6957AF22F1241B00D76B56 /* View Controllers */,
				9C1DE12922EAB54300D3CB84 /* AppDelegate.swift */,
				9C1DE12D22EAB54300D3CB84 /* Main.storyboard */,
				9C1DE13022EAB54500D3CB84 /* Assets.xcassets */,
				9C1DE13222EAB54500D3CB84 /* LaunchScreen.storyboard */,
				9C1DE13522EAB54500D3CB84 /* Info.plist */,
			);
			path = "Grail Diary";
			sourceTree = "<group>";
		};
		9C6957AD22F123DB00D76B56 /* Custom Views */ = {
			isa = PBXGroup;
			children = (
				9C6957AB22F123BC00D76B56 /* POITableViewCell.swift */,
			);
			path = "Custom Views";
			sourceTree = "<group>";
		};
		9C6957AE22F1240D00D76B56 /* Models */ = {
			isa = PBXGroup;
			children = (
				9C6957B022F1243E00D76B56 /* POI.swift */,
			);
			path = Models;
			sourceTree = "<group>";
		};
		9C6957AF22F1241B00D76B56 /* View Controllers */ = {
			isa = PBXGroup;
			children = (
				9C6957A522F1229600D76B56 /* POIsTableViewController.swift */,
				9C6957A722F122CE00D76B56 /* AddPOIViewController.swift */,
				9C6957A922F122FF00D76B56 /* POIDetailViewController.swift */,
			);
			path = "View Controllers";
			sourceTree = "<group>";
		};
/* End PBXGroup section */

/* Begin PBXNativeTarget section */
		9C1DE12522EAB54300D3CB84 /* Grail Diary */ = {
			isa = PBXNativeTarget;
			buildConfigurationList = 9C1DE13822EAB54500D3CB84 /* Build configuration list for PBXNativeTarget "Grail Diary" */;
			buildPhases = (
				9C1DE12222EAB54300D3CB84 /* Sources */,
				9C1DE12322EAB54300D3CB84 /* Frameworks */,
				9C1DE12422EAB54300D3CB84 /* Resources */,
			);
			buildRules = (
			);
			dependencies = (
			);
			name = "Grail Diary";
			productName = "Grail Diary";
			productReference = 9C1DE12622EAB54300D3CB84 /* Grail Diary.app */;
			productType = "com.apple.product-type.application";
		};
/* End PBXNativeTarget section */

/* Begin PBXProject section */
		9C1DE11E22EAB54300D3CB84 /* Project object */ = {
			isa = PBXProject;
			attributes = {
				LastSwiftUpdateCheck = 1030;
				LastUpgradeCheck = 1030;
				ORGANIZATIONNAME = "Jordan Skenandore";
				TargetAttributes = {
					9C1DE12522EAB54300D3CB84 = {
						CreatedOnToolsVersion = 10.3;
					};
				};
			};
			buildConfigurationList = 9C1DE12122EAB54300D3CB84 /* Build configuration list for PBXProject "Grail Diary" */;
			compatibilityVersion = "Xcode 9.3";
			developmentRegion = en;
			hasScannedForEncodings = 0;
			knownRegions = (
				en,
				Base,
			);
			mainGroup = 9C1DE11D22EAB54300D3CB84;
			productRefGroup = 9C1DE12722EAB54300D3CB84 /* Products */;
			projectDirPath = "";
			projectRoot = "";
			targets = (
				9C1DE12522EAB54300D3CB84 /* Grail Diary */,
			);
		};
/* End PBXProject section */

/* Begin PBXResourcesBuildPhase section */
		9C1DE12422EAB54300D3CB84 /* Resources */ = {
			isa = PBXResourcesBuildPhase;
			buildActionMask = 2147483647;
			files = (
				9C1DE13422EAB54500D3CB84 /* LaunchScreen.storyboard in Resources */,
				9C1DE13122EAB54500D3CB84 /* Assets.xcassets in Resources */,
				9C1DE12F22EAB54300D3CB84 /* Main.storyboard in Resources */,
			);
			runOnlyForDeploymentPostprocessing = 0;
		};
/* End PBXResourcesBuildPhase section */

/* Begin PBXSourcesBuildPhase section */
		9C1DE12222EAB54300D3CB84 /* Sources */ = {
			isa = PBXSourcesBuildPhase;
			buildActionMask = 2147483647;
			files = (
				9C6957B122F1243E00D76B56 /* POI.swift in Sources */,
				9C6957A622F1229600D76B56 /* POIsTableViewController.swift in Sources */,
				9C6957A822F122CE00D76B56 /* AddPOIViewController.swift in Sources */,
				9C1DE12A22EAB54300D3CB84 /* AppDelegate.swift in Sources */,
				9C6957AC22F123BC00D76B56 /* POITableViewCell.swift in Sources */,
				9C6957AA22F122FF00D76B56 /* POIDetailViewController.swift in Sources */,
			);
			runOnlyForDeploymentPostprocessing = 0;
		};
/* End PBXSourcesBuildPhase section */

/* Begin PBXVariantGroup section */
		9C1DE12D22EAB54300D3CB84 /* Main.storyboard */ = {
			isa = PBXVariantGroup;
			children = (
				9C1DE12E22EAB54300D3CB84 /* Base */,
			);
			name = Main.storyboard;
			sourceTree = "<group>";
		};
		9C1DE13222EAB54500D3CB84 /* LaunchScreen.storyboard */ = {
			isa = PBXVariantGroup;
			children = (
				9C1DE13322EAB54500D3CB84 /* Base */,
			);
			name = LaunchScreen.storyboard;
			sourceTree = "<group>";
		};
/* End PBXVariantGroup section */

/* Begin XCBuildConfiguration section */
		9C1DE13622EAB54500D3CB84 /* Debug */ = {
			isa = XCBuildConfiguration;
			buildSettings = {
				ALWAYS_SEARCH_USER_PATHS = NO;
				CLANG_ANALYZER_NONNULL = YES;
				CLANG_ANALYZER_NUMBER_OBJECT_CONVERSION = YES_AGGRESSIVE;
				CLANG_CXX_LANGUAGE_STANDARD = "gnu++14";
				CLANG_CXX_LIBRARY = "libc++";
				CLANG_ENABLE_MODULES = YES;
				CLANG_ENABLE_OBJC_ARC = YES;
				CLANG_ENABLE_OBJC_WEAK = YES;
				CLANG_WARN_BLOCK_CAPTURE_AUTORELEASING = YES;
				CLANG_WARN_BOOL_CONVERSION = YES;
				CLANG_WARN_COMMA = YES;
				CLANG_WARN_CONSTANT_CONVERSION = YES;
				CLANG_WARN_DEPRECATED_OBJC_IMPLEMENTATIONS = YES;
				CLANG_WARN_DIRECT_OBJC_ISA_USAGE = YES_ERROR;
				CLANG_WARN_DOCUMENTATION_COMMENTS = YES;
				CLANG_WARN_EMPTY_BODY = YES;
				CLANG_WARN_ENUM_CONVERSION = YES;
				CLANG_WARN_INFINITE_RECURSION = YES;
				CLANG_WARN_INT_CONVERSION = YES;
				CLANG_WARN_NON_LITERAL_NULL_CONVERSION = YES;
				CLANG_WARN_OBJC_IMPLICIT_RETAIN_SELF = YES;
				CLANG_WARN_OBJC_LITERAL_CONVERSION = YES;
				CLANG_WARN_OBJC_ROOT_CLASS = YES_ERROR;
				CLANG_WARN_RANGE_LOOP_ANALYSIS = YES;
				CLANG_WARN_STRICT_PROTOTYPES = YES;
				CLANG_WARN_SUSPICIOUS_MOVE = YES;
				CLANG_WARN_UNGUARDED_AVAILABILITY = YES_AGGRESSIVE;
				CLANG_WARN_UNREACHABLE_CODE = YES;
				CLANG_WARN__DUPLICATE_METHOD_MATCH = YES;
				CODE_SIGN_IDENTITY = "iPhone Developer";
				COPY_PHASE_STRIP = NO;
				DEBUG_INFORMATION_FORMAT = dwarf;
				ENABLE_STRICT_OBJC_MSGSEND = YES;
				ENABLE_TESTABILITY = YES;
				GCC_C_LANGUAGE_STANDARD = gnu11;
				GCC_DYNAMIC_NO_PIC = NO;
				GCC_NO_COMMON_BLOCKS = YES;
				GCC_OPTIMIZATION_LEVEL = 0;
				GCC_PREPROCESSOR_DEFINITIONS = (
					"DEBUG=1",
					"$(inherited)",
				);
				GCC_WARN_64_TO_32_BIT_CONVERSION = YES;
				GCC_WARN_ABOUT_RETURN_TYPE = YES_ERROR;
				GCC_WARN_UNDECLARED_SELECTOR = YES;
				GCC_WARN_UNINITIALIZED_AUTOS = YES_AGGRESSIVE;
				GCC_WARN_UNUSED_FUNCTION = YES;
				GCC_WARN_UNUSED_VARIABLE = YES;
				IPHONEOS_DEPLOYMENT_TARGET = 12.4;
				MTL_ENABLE_DEBUG_INFO = INCLUDE_SOURCE;
				MTL_FAST_MATH = YES;
				ONLY_ACTIVE_ARCH = YES;
				SDKROOT = iphoneos;
				SWIFT_ACTIVE_COMPILATION_CONDITIONS = DEBUG;
				SWIFT_OPTIMIZATION_LEVEL = "-Onone";
			};
			name = Debug;
		};
		9C1DE13722EAB54500D3CB84 /* Release */ = {
			isa = XCBuildConfiguration;
			buildSettings = {
				ALWAYS_SEARCH_USER_PATHS = NO;
				CLANG_ANALYZER_NONNULL = YES;
				CLANG_ANALYZER_NUMBER_OBJECT_CONVERSION = YES_AGGRESSIVE;
				CLANG_CXX_LANGUAGE_STANDARD = "gnu++14";
				CLANG_CXX_LIBRARY = "libc++";
				CLANG_ENABLE_MODULES = YES;
				CLANG_ENABLE_OBJC_ARC = YES;
				CLANG_ENABLE_OBJC_WEAK = YES;
				CLANG_WARN_BLOCK_CAPTURE_AUTORELEASING = YES;
				CLANG_WARN_BOOL_CONVERSION = YES;
				CLANG_WARN_COMMA = YES;
				CLANG_WARN_CONSTANT_CONVERSION = YES;
				CLANG_WARN_DEPRECATED_OBJC_IMPLEMENTATIONS = YES;
				CLANG_WARN_DIRECT_OBJC_ISA_USAGE = YES_ERROR;
				CLANG_WARN_DOCUMENTATION_COMMENTS = YES;
				CLANG_WARN_EMPTY_BODY = YES;
				CLANG_WARN_ENUM_CONVERSION = YES;
				CLANG_WARN_INFINITE_RECURSION = YES;
				CLANG_WARN_INT_CONVERSION = YES;
				CLANG_WARN_NON_LITERAL_NULL_CONVERSION = YES;
				CLANG_WARN_OBJC_IMPLICIT_RETAIN_SELF = YES;
				CLANG_WARN_OBJC_LITERAL_CONVERSION = YES;
				CLANG_WARN_OBJC_ROOT_CLASS = YES_ERROR;
				CLANG_WARN_RANGE_LOOP_ANALYSIS = YES;
				CLANG_WARN_STRICT_PROTOTYPES = YES;
				CLANG_WARN_SUSPICIOUS_MOVE = YES;
				CLANG_WARN_UNGUARDED_AVAILABILITY = YES_AGGRESSIVE;
				CLANG_WARN_UNREACHABLE_CODE = YES;
				CLANG_WARN__DUPLICATE_METHOD_MATCH = YES;
				CODE_SIGN_IDENTITY = "iPhone Developer";
				COPY_PHASE_STRIP = NO;
				DEBUG_INFORMATION_FORMAT = "dwarf-with-dsym";
				ENABLE_NS_ASSERTIONS = NO;
				ENABLE_STRICT_OBJC_MSGSEND = YES;
				GCC_C_LANGUAGE_STANDARD = gnu11;
				GCC_NO_COMMON_BLOCKS = YES;
				GCC_WARN_64_TO_32_BIT_CONVERSION = YES;
				GCC_WARN_ABOUT_RETURN_TYPE = YES_ERROR;
				GCC_WARN_UNDECLARED_SELECTOR = YES;
				GCC_WARN_UNINITIALIZED_AUTOS = YES_AGGRESSIVE;
				GCC_WARN_UNUSED_FUNCTION = YES;
				GCC_WARN_UNUSED_VARIABLE = YES;
				IPHONEOS_DEPLOYMENT_TARGET = 12.4;
				MTL_ENABLE_DEBUG_INFO = NO;
				MTL_FAST_MATH = YES;
				SDKROOT = iphoneos;
				SWIFT_COMPILATION_MODE = wholemodule;
				SWIFT_OPTIMIZATION_LEVEL = "-O";
				VALIDATE_PRODUCT = YES;
			};
			name = Release;
		};
		9C1DE13922EAB54500D3CB84 /* Debug */ = {
			isa = XCBuildConfiguration;
			buildSettings = {
				ASSETCATALOG_COMPILER_APPICON_NAME = AppIcon;
				CODE_SIGN_STYLE = Automatic;
				DEVELOPMENT_TEAM = 58Z68DWYKB;
				INFOPLIST_FILE = "Grail Diary/Info.plist";
				LD_RUNPATH_SEARCH_PATHS = (
					"$(inherited)",
					"@executable_path/Frameworks",
				);
				PRODUCT_BUNDLE_IDENTIFIER = "com.Grail-Diary";
				PRODUCT_NAME = "$(TARGET_NAME)";
				SWIFT_VERSION = 5.0;
				TARGETED_DEVICE_FAMILY = "1,2";
			};
			name = Debug;
		};
		9C1DE13A22EAB54500D3CB84 /* Release */ = {
			isa = XCBuildConfiguration;
			buildSettings = {
				ASSETCATALOG_COMPILER_APPICON_NAME = AppIcon;
				CODE_SIGN_STYLE = Automatic;
				DEVELOPMENT_TEAM = 58Z68DWYKB;
				INFOPLIST_FILE = "Grail Diary/Info.plist";
				LD_RUNPATH_SEARCH_PATHS = (
					"$(inherited)",
					"@executable_path/Frameworks",
				);
				PRODUCT_BUNDLE_IDENTIFIER = "com.Grail-Diary";
				PRODUCT_NAME = "$(TARGET_NAME)";
				SWIFT_VERSION = 5.0;
				TARGETED_DEVICE_FAMILY = "1,2";
			};
			name = Release;
		};
/* End XCBuildConfiguration section */

/* Begin XCConfigurationList section */
		9C1DE12122EAB54300D3CB84 /* Build configuration list for PBXProject "Grail Diary" */ = {
			isa = XCConfigurationList;
			buildConfigurations = (
				9C1DE13622EAB54500D3CB84 /* Debug */,
				9C1DE13722EAB54500D3CB84 /* Release */,
			);
			defaultConfigurationIsVisible = 0;
			defaultConfigurationName = Release;
		};
		9C1DE13822EAB54500D3CB84 /* Build configuration list for PBXNativeTarget "Grail Diary" */ = {
			isa = XCConfigurationList;
			buildConfigurations = (
				9C1DE13922EAB54500D3CB84 /* Debug */,
				9C1DE13A22EAB54500D3CB84 /* Release */,
			);
			defaultConfigurationIsVisible = 0;
			defaultConfigurationName = Release;
		};
/* End XCConfigurationList section */
	};
	rootObject = 9C1DE11E22EAB54300D3CB84 /* Project object */;
}
