// !$*UTF8*$!
{
	archiveVersion = 1;
	classes = {
	};
	objectVersion = 50;
	objects = {

/* Begin PBXBuildFile section */
		31725D0E247466CC007D2CA5 /* AppDelegate.swift in Sources */ = {isa = PBXBuildFile; fileRef = 31725D0D247466CC007D2CA5 /* AppDelegate.swift */; };
		31725D10247466CC007D2CA5 /* SceneDelegate.swift in Sources */ = {isa = PBXBuildFile; fileRef = 31725D0F247466CC007D2CA5 /* SceneDelegate.swift */; };
		31725D12247466CC007D2CA5 /* POIsTableViewController.swift in Sources */ = {isa = PBXBuildFile; fileRef = 31725D11247466CC007D2CA5 /* POIsTableViewController.swift */; };
		31725D15247466CC007D2CA5 /* Main.storyboard in Resources */ = {isa = PBXBuildFile; fileRef = 31725D13247466CC007D2CA5 /* Main.storyboard */; };
		31725D17247466CD007D2CA5 /* Assets.xcassets in Resources */ = {isa = PBXBuildFile; fileRef = 31725D16247466CD007D2CA5 /* Assets.xcassets */; };
		31725D1A247466CD007D2CA5 /* LaunchScreen.storyboard in Resources */ = {isa = PBXBuildFile; fileRef = 31725D18247466CD007D2CA5 /* LaunchScreen.storyboard */; };
		31725D2224747E4C007D2CA5 /* AddPOIViewController.swift in Sources */ = {isa = PBXBuildFile; fileRef = 31725D2124747E4C007D2CA5 /* AddPOIViewController.swift */; };
		31725D2424747E6B007D2CA5 /* POIDetailViewController.swift in Sources */ = {isa = PBXBuildFile; fileRef = 31725D2324747E6B007D2CA5 /* POIDetailViewController.swift */; };
		31725D2624747EC0007D2CA5 /* POITableViewCell.swift in Sources */ = {isa = PBXBuildFile; fileRef = 31725D2524747EC0007D2CA5 /* POITableViewCell.swift */; };
		31725D2824747ECE007D2CA5 /* POI.swift in Sources */ = {isa = PBXBuildFile; fileRef = 31725D2724747ECE007D2CA5 /* POI.swift */; };
/* End PBXBuildFile section */

/* Begin PBXFileReference section */
		31725D0A247466CC007D2CA5 /* GrailDiary.app */ = {isa = PBXFileReference; explicitFileType = wrapper.application; includeInIndex = 0; path = GrailDiary.app; sourceTree = BUILT_PRODUCTS_DIR; };
		31725D0D247466CC007D2CA5 /* AppDelegate.swift */ = {isa = PBXFileReference; lastKnownFileType = sourcecode.swift; path = AppDelegate.swift; sourceTree = "<group>"; };
		31725D0F247466CC007D2CA5 /* SceneDelegate.swift */ = {isa = PBXFileReference; lastKnownFileType = sourcecode.swift; path = SceneDelegate.swift; sourceTree = "<group>"; };
		31725D11247466CC007D2CA5 /* POIsTableViewController.swift */ = {isa = PBXFileReference; lastKnownFileType = sourcecode.swift; path = POIsTableViewController.swift; sourceTree = "<group>"; };
		31725D14247466CC007D2CA5 /* Base */ = {isa = PBXFileReference; lastKnownFileType = file.storyboard; name = Base; path = Base.lproj/Main.storyboard; sourceTree = "<group>"; };
		31725D16247466CD007D2CA5 /* Assets.xcassets */ = {isa = PBXFileReference; lastKnownFileType = folder.assetcatalog; path = Assets.xcassets; sourceTree = "<group>"; };
		31725D19247466CD007D2CA5 /* Base */ = {isa = PBXFileReference; lastKnownFileType = file.storyboard; name = Base; path = Base.lproj/LaunchScreen.storyboard; sourceTree = "<group>"; };
		31725D1B247466CD007D2CA5 /* Info.plist */ = {isa = PBXFileReference; lastKnownFileType = text.plist.xml; path = Info.plist; sourceTree = "<group>"; };
		31725D2124747E4C007D2CA5 /* AddPOIViewController.swift */ = {isa = PBXFileReference; lastKnownFileType = sourcecode.swift; path = AddPOIViewController.swift; sourceTree = "<group>"; };
		31725D2324747E6B007D2CA5 /* POIDetailViewController.swift */ = {isa = PBXFileReference; lastKnownFileType = sourcecode.swift; path = POIDetailViewController.swift; sourceTree = "<group>"; };
		31725D2524747EC0007D2CA5 /* POITableViewCell.swift */ = {isa = PBXFileReference; lastKnownFileType = sourcecode.swift; path = POITableViewCell.swift; sourceTree = "<group>"; };
		31725D2724747ECE007D2CA5 /* POI.swift */ = {isa = PBXFileReference; lastKnownFileType = sourcecode.swift; path = POI.swift; sourceTree = "<group>"; };
/* End PBXFileReference section */

/* Begin PBXFrameworksBuildPhase section */
		31725D07247466CC007D2CA5 /* Frameworks */ = {
			isa = PBXFrameworksBuildPhase;
			buildActionMask = 2147483647;
			files = (
			);
			runOnlyForDeploymentPostprocessing = 0;
		};
/* End PBXFrameworksBuildPhase section */

/* Begin PBXGroup section */
		31725D01247466CC007D2CA5 = {
			isa = PBXGroup;
			children = (
				31725D0C247466CC007D2CA5 /* GrailDiary */,
				31725D0B247466CC007D2CA5 /* Products */,
			);
			sourceTree = "<group>";
		};
		31725D0B247466CC007D2CA5 /* Products */ = {
			isa = PBXGroup;
			children = (
				31725D0A247466CC007D2CA5 /* GrailDiary.app */,
			);
			name = Products;
			sourceTree = "<group>";
		};
		31725D0C247466CC007D2CA5 /* GrailDiary */ = {
			isa = PBXGroup;
			children = (
				31725D0D247466CC007D2CA5 /* AppDelegate.swift */,
				31725D0F247466CC007D2CA5 /* SceneDelegate.swift */,
				31725D11247466CC007D2CA5 /* POIsTableViewController.swift */,
				31725D2124747E4C007D2CA5 /* AddPOIViewController.swift */,
				31725D2324747E6B007D2CA5 /* POIDetailViewController.swift */,
				31725D2524747EC0007D2CA5 /* POITableViewCell.swift */,
				31725D2724747ECE007D2CA5 /* POI.swift */,
				31725D13247466CC007D2CA5 /* Main.storyboard */,
				31725D16247466CD007D2CA5 /* Assets.xcassets */,
				31725D18247466CD007D2CA5 /* LaunchScreen.storyboard */,
				31725D1B247466CD007D2CA5 /* Info.plist */,
			);
			path = GrailDiary;
			sourceTree = "<group>";
		};
/* End PBXGroup section */

/* Begin PBXNativeTarget section */
		31725D09247466CC007D2CA5 /* GrailDiary */ = {
			isa = PBXNativeTarget;
			buildConfigurationList = 31725D1E247466CD007D2CA5 /* Build configuration list for PBXNativeTarget "GrailDiary" */;
			buildPhases = (
				31725D06247466CC007D2CA5 /* Sources */,
				31725D07247466CC007D2CA5 /* Frameworks */,
				31725D08247466CC007D2CA5 /* Resources */,
			);
			buildRules = (
			);
			dependencies = (
			);
			name = GrailDiary;
			productName = GrailDiary;
			productReference = 31725D0A247466CC007D2CA5 /* GrailDiary.app */;
			productType = "com.apple.product-type.application";
		};
/* End PBXNativeTarget section */

/* Begin PBXProject section */
		31725D02247466CC007D2CA5 /* Project object */ = {
			isa = PBXProject;
			attributes = {
				LastSwiftUpdateCheck = 1140;
				LastUpgradeCheck = 1140;
				ORGANIZATIONNAME = "John McCants";
				TargetAttributes = {
					31725D09247466CC007D2CA5 = {
						CreatedOnToolsVersion = 11.4.1;
					};
				};
			};
			buildConfigurationList = 31725D05247466CC007D2CA5 /* Build configuration list for PBXProject "GrailDiary" */;
			compatibilityVersion = "Xcode 9.3";
			developmentRegion = en;
			hasScannedForEncodings = 0;
			knownRegions = (
				en,
				Base,
			);
			mainGroup = 31725D01247466CC007D2CA5;
			productRefGroup = 31725D0B247466CC007D2CA5 /* Products */;
			projectDirPath = "";
			projectRoot = "";
			targets = (
				31725D09247466CC007D2CA5 /* GrailDiary */,
			);
		};
/* End PBXProject section */

/* Begin PBXResourcesBuildPhase section */
		31725D08247466CC007D2CA5 /* Resources */ = {
			isa = PBXResourcesBuildPhase;
			buildActionMask = 2147483647;
			files = (
				31725D1A247466CD007D2CA5 /* LaunchScreen.storyboard in Resources */,
				31725D17247466CD007D2CA5 /* Assets.xcassets in Resources */,
				31725D15247466CC007D2CA5 /* Main.storyboard in Resources */,
			);
			runOnlyForDeploymentPostprocessing = 0;
		};
/* End PBXResourcesBuildPhase section */

/* Begin PBXSourcesBuildPhase section */
		31725D06247466CC007D2CA5 /* Sources */ = {
			isa = PBXSourcesBuildPhase;
			buildActionMask = 2147483647;
			files = (
				31725D2824747ECE007D2CA5 /* POI.swift in Sources */,
				31725D12247466CC007D2CA5 /* POIsTableViewController.swift in Sources */,
				31725D2224747E4C007D2CA5 /* AddPOIViewController.swift in Sources */,
				31725D0E247466CC007D2CA5 /* AppDelegate.swift in Sources */,
				31725D10247466CC007D2CA5 /* SceneDelegate.swift in Sources */,
				31725D2624747EC0007D2CA5 /* POITableViewCell.swift in Sources */,
				31725D2424747E6B007D2CA5 /* POIDetailViewController.swift in Sources */,
			);
			runOnlyForDeploymentPostprocessing = 0;
		};
/* End PBXSourcesBuildPhase section */

/* Begin PBXVariantGroup section */
		31725D13247466CC007D2CA5 /* Main.storyboard */ = {
			isa = PBXVariantGroup;
			children = (
				31725D14247466CC007D2CA5 /* Base */,
			);
			name = Main.storyboard;
			sourceTree = "<group>";
		};
		31725D18247466CD007D2CA5 /* LaunchScreen.storyboard */ = {
			isa = PBXVariantGroup;
			children = (
				31725D19247466CD007D2CA5 /* Base */,
			);
			name = LaunchScreen.storyboard;
			sourceTree = "<group>";
		};
/* End PBXVariantGroup section */

/* Begin XCBuildConfiguration section */
		31725D1C247466CD007D2CA5 /* Debug */ = {
			isa = XCBuildConfiguration;
			buildSettings = {
				ALWAYS_SEARCH_USER_PATHS = NO;
				CLANG_ANALYZER_NONNULL = YES;
				CLANG_ANALYZER_NUMBER_OBJECT_CONVERSION = YES_AGGRESSIVE;
				CLANG_CXX_LANGUAGE_STANDARD = "gnu++14";
				CLANG_CXX_LIBRARY = "libc++";
				CLANG_ENABLE_MODULES = YES;
				CLANG_ENABLE_OBJC_ARC = YES;
				CLANG_ENABLE_OBJC_WEAK = YES;
				CLANG_WARN_BLOCK_CAPTURE_AUTORELEASING = YES;
				CLANG_WARN_BOOL_CONVERSION = YES;
				CLANG_WARN_COMMA = YES;
				CLANG_WARN_CONSTANT_CONVERSION = YES;
				CLANG_WARN_DEPRECATED_OBJC_IMPLEMENTATIONS = YES;
				CLANG_WARN_DIRECT_OBJC_ISA_USAGE = YES_ERROR;
				CLANG_WARN_DOCUMENTATION_COMMENTS = YES;
				CLANG_WARN_EMPTY_BODY = YES;
				CLANG_WARN_ENUM_CONVERSION = YES;
				CLANG_WARN_INFINITE_RECURSION = YES;
				CLANG_WARN_INT_CONVERSION = YES;
				CLANG_WARN_NON_LITERAL_NULL_CONVERSION = YES;
				CLANG_WARN_OBJC_IMPLICIT_RETAIN_SELF = YES;
				CLANG_WARN_OBJC_LITERAL_CONVERSION = YES;
				CLANG_WARN_OBJC_ROOT_CLASS = YES_ERROR;
				CLANG_WARN_RANGE_LOOP_ANALYSIS = YES;
				CLANG_WARN_STRICT_PROTOTYPES = YES;
				CLANG_WARN_SUSPICIOUS_MOVE = YES;
				CLANG_WARN_UNGUARDED_AVAILABILITY = YES_AGGRESSIVE;
				CLANG_WARN_UNREACHABLE_CODE = YES;
				CLANG_WARN__DUPLICATE_METHOD_MATCH = YES;
				COPY_PHASE_STRIP = NO;
				DEBUG_INFORMATION_FORMAT = dwarf;
				ENABLE_STRICT_OBJC_MSGSEND = YES;
				ENABLE_TESTABILITY = YES;
				GCC_C_LANGUAGE_STANDARD = gnu11;
				GCC_DYNAMIC_NO_PIC = NO;
				GCC_NO_COMMON_BLOCKS = YES;
				GCC_OPTIMIZATION_LEVEL = 0;
				GCC_PREPROCESSOR_DEFINITIONS = (
					"DEBUG=1",
					"$(inherited)",
				);
				GCC_WARN_64_TO_32_BIT_CONVERSION = YES;
				GCC_WARN_ABOUT_RETURN_TYPE = YES_ERROR;
				GCC_WARN_UNDECLARED_SELECTOR = YES;
				GCC_WARN_UNINITIALIZED_AUTOS = YES_AGGRESSIVE;
				GCC_WARN_UNUSED_FUNCTION = YES;
				GCC_WARN_UNUSED_VARIABLE = YES;
				IPHONEOS_DEPLOYMENT_TARGET = 13.4;
				MTL_ENABLE_DEBUG_INFO = INCLUDE_SOURCE;
				MTL_FAST_MATH = YES;
				ONLY_ACTIVE_ARCH = YES;
				SDKROOT = iphoneos;
				SWIFT_ACTIVE_COMPILATION_CONDITIONS = DEBUG;
				SWIFT_OPTIMIZATION_LEVEL = "-Onone";
			};
			name = Debug;
		};
		31725D1D247466CD007D2CA5 /* Release */ = {
			isa = XCBuildConfiguration;
			buildSettings = {
				ALWAYS_SEARCH_USER_PATHS = NO;
				CLANG_ANALYZER_NONNULL = YES;
				CLANG_ANALYZER_NUMBER_OBJECT_CONVERSION = YES_AGGRESSIVE;
				CLANG_CXX_LANGUAGE_STANDARD = "gnu++14";
				CLANG_CXX_LIBRARY = "libc++";
				CLANG_ENABLE_MODULES = YES;
				CLANG_ENABLE_OBJC_ARC = YES;
				CLANG_ENABLE_OBJC_WEAK = YES;
				CLANG_WARN_BLOCK_CAPTURE_AUTORELEASING = YES;
				CLANG_WARN_BOOL_CONVERSION = YES;
				CLANG_WARN_COMMA = YES;
				CLANG_WARN_CONSTANT_CONVERSION = YES;
				CLANG_WARN_DEPRECATED_OBJC_IMPLEMENTATIONS = YES;
				CLANG_WARN_DIRECT_OBJC_ISA_USAGE = YES_ERROR;
				CLANG_WARN_DOCUMENTATION_COMMENTS = YES;
				CLANG_WARN_EMPTY_BODY = YES;
				CLANG_WARN_ENUM_CONVERSION = YES;
				CLANG_WARN_INFINITE_RECURSION = YES;
				CLANG_WARN_INT_CONVERSION = YES;
				CLANG_WARN_NON_LITERAL_NULL_CONVERSION = YES;
				CLANG_WARN_OBJC_IMPLICIT_RETAIN_SELF = YES;
				CLANG_WARN_OBJC_LITERAL_CONVERSION = YES;
				CLANG_WARN_OBJC_ROOT_CLASS = YES_ERROR;
				CLANG_WARN_RANGE_LOOP_ANALYSIS = YES;
				CLANG_WARN_STRICT_PROTOTYPES = YES;
				CLANG_WARN_SUSPICIOUS_MOVE = YES;
				CLANG_WARN_UNGUARDED_AVAILABILITY = YES_AGGRESSIVE;
				CLANG_WARN_UNREACHABLE_CODE = YES;
				CLANG_WARN__DUPLICATE_METHOD_MATCH = YES;
				COPY_PHASE_STRIP = NO;
				DEBUG_INFORMATION_FORMAT = "dwarf-with-dsym";
				ENABLE_NS_ASSERTIONS = NO;
				ENABLE_STRICT_OBJC_MSGSEND = YES;
				GCC_C_LANGUAGE_STANDARD = gnu11;
				GCC_NO_COMMON_BLOCKS = YES;
				GCC_WARN_64_TO_32_BIT_CONVERSION = YES;
				GCC_WARN_ABOUT_RETURN_TYPE = YES_ERROR;
				GCC_WARN_UNDECLARED_SELECTOR = YES;
				GCC_WARN_UNINITIALIZED_AUTOS = YES_AGGRESSIVE;
				GCC_WARN_UNUSED_FUNCTION = YES;
				GCC_WARN_UNUSED_VARIABLE = YES;
				IPHONEOS_DEPLOYMENT_TARGET = 13.4;
				MTL_ENABLE_DEBUG_INFO = NO;
				MTL_FAST_MATH = YES;
				SDKROOT = iphoneos;
				SWIFT_COMPILATION_MODE = wholemodule;
				SWIFT_OPTIMIZATION_LEVEL = "-O";
				VALIDATE_PRODUCT = YES;
			};
			name = Release;
		};
		31725D1F247466CD007D2CA5 /* Debug */ = {
			isa = XCBuildConfiguration;
			buildSettings = {
				ASSETCATALOG_COMPILER_APPICON_NAME = AppIcon;
				CODE_SIGN_STYLE = Automatic;
				DEVELOPMENT_TEAM = S6V29A8HUW;
				INFOPLIST_FILE = GrailDiary/Info.plist;
				LD_RUNPATH_SEARCH_PATHS = (
					"$(inherited)",
					"@executable_path/Frameworks",
				);
				PRODUCT_BUNDLE_IDENTIFIER = com.john.GrailDiary;
				PRODUCT_NAME = "$(TARGET_NAME)";
				SWIFT_VERSION = 5.0;
				TARGETED_DEVICE_FAMILY = "1,2";
			};
			name = Debug;
		};
		31725D20247466CD007D2CA5 /* Release */ = {
			isa = XCBuildConfiguration;
			buildSettings = {
				ASSETCATALOG_COMPILER_APPICON_NAME = AppIcon;
				CODE_SIGN_STYLE = Automatic;
				DEVELOPMENT_TEAM = S6V29A8HUW;
				INFOPLIST_FILE = GrailDiary/Info.plist;
				LD_RUNPATH_SEARCH_PATHS = (
					"$(inherited)",
					"@executable_path/Frameworks",
				);
				PRODUCT_BUNDLE_IDENTIFIER = com.john.GrailDiary;
				PRODUCT_NAME = "$(TARGET_NAME)";
				SWIFT_VERSION = 5.0;
				TARGETED_DEVICE_FAMILY = "1,2";
			};
			name = Release;
		};
/* End XCBuildConfiguration section */

/* Begin XCConfigurationList section */
		31725D05247466CC007D2CA5 /* Build configuration list for PBXProject "GrailDiary" */ = {
			isa = XCConfigurationList;
			buildConfigurations = (
				31725D1C247466CD007D2CA5 /* Debug */,
				31725D1D247466CD007D2CA5 /* Release */,
			);
			defaultConfigurationIsVisible = 0;
			defaultConfigurationName = Release;
		};
		31725D1E247466CD007D2CA5 /* Build configuration list for PBXNativeTarget "GrailDiary" */ = {
			isa = XCConfigurationList;
			buildConfigurations = (
				31725D1F247466CD007D2CA5 /* Debug */,
				31725D20247466CD007D2CA5 /* Release */,
			);
			defaultConfigurationIsVisible = 0;
			defaultConfigurationName = Release;
		};
/* End XCConfigurationList section */
	};
	rootObject = 31725D02247466CC007D2CA5 /* Project object */;
}
